// !$*UTF8*$!
{
	archiveVersion = 1;
	classes = {
	};
	objectVersion = 46;
	objects = {

/* Begin PBXBuildFile section */
		33D3A46F31DAD41EB8D313C8 /* Pods_SwiftUtils.framework in Frameworks */ = {isa = PBXBuildFile; fileRef = 0158DFDDD7007ABA9DEDD9E8 /* Pods_SwiftUtils.framework */; };
		A5241C471FA74A02008463EE /* ScrollingViewController.xib in Resources */ = {isa = PBXBuildFile; fileRef = A5241C3A1FA74A01008463EE /* ScrollingViewController.xib */; };
		A5241C511FA74A02008463EE /* ScrollingViewController.swift in Sources */ = {isa = PBXBuildFile; fileRef = A5241C451FA74A02008463EE /* ScrollingViewController.swift */; };
		A5241C521FA74A02008463EE /* ViewController.swift in Sources */ = {isa = PBXBuildFile; fileRef = A5241C461FA74A02008463EE /* ViewController.swift */; };
		A57057231EF117C40092CDAB /* AppDelegate.swift in Sources */ = {isa = PBXBuildFile; fileRef = A57057221EF117C40092CDAB /* AppDelegate.swift */; };
		A57057281EF117C40092CDAB /* Main.storyboard in Resources */ = {isa = PBXBuildFile; fileRef = A57057261EF117C40092CDAB /* Main.storyboard */; };
		A570572A1EF117C40092CDAB /* Assets.xcassets in Resources */ = {isa = PBXBuildFile; fileRef = A57057291EF117C40092CDAB /* Assets.xcassets */; };
		A570572D1EF117C40092CDAB /* LaunchScreen.storyboard in Resources */ = {isa = PBXBuildFile; fileRef = A570572B1EF117C40092CDAB /* LaunchScreen.storyboard */; };
		A582AB951FD52C2200ECDE2F /* PhotoLibraryPermissions.swift in Sources */ = {isa = PBXBuildFile; fileRef = A582AB8C1FD52C2100ECDE2F /* PhotoLibraryPermissions.swift */; };
		A582AB961FD52C2200ECDE2F /* MicrophonePermissions.swift in Sources */ = {isa = PBXBuildFile; fileRef = A582AB8E1FD52C2100ECDE2F /* MicrophonePermissions.swift */; };
		A582AB971FD52C2200ECDE2F /* BluetoothPermissions.swift in Sources */ = {isa = PBXBuildFile; fileRef = A582AB901FD52C2100ECDE2F /* BluetoothPermissions.swift */; };
		A582AB981FD52C2200ECDE2F /* ContactsPermissions.swift in Sources */ = {isa = PBXBuildFile; fileRef = A582AB921FD52C2100ECDE2F /* ContactsPermissions.swift */; };
		A582AB991FD52C2200ECDE2F /* LocationPermissions.swift in Sources */ = {isa = PBXBuildFile; fileRef = A582AB941FD52C2100ECDE2F /* LocationPermissions.swift */; };
		A586EDA51FD159BA007749A5 /* EmailValidator.swift in Sources */ = {isa = PBXBuildFile; fileRef = A586EDA11FD159BA007749A5 /* EmailValidator.swift */; };
		A586EDA71FD159BA007749A5 /* PasswordValidator.swift in Sources */ = {isa = PBXBuildFile; fileRef = A586EDA31FD159BA007749A5 /* PasswordValidator.swift */; };
		A586EDAC1FD15B6D007749A5 /* ServicesRepository.swift in Sources */ = {isa = PBXBuildFile; fileRef = A586EDAB1FD15B6D007749A5 /* ServicesRepository.swift */; };
		A586EDBB1FD15BF1007749A5 /* APIRequesting.swift in Sources */ = {isa = PBXBuildFile; fileRef = A586EDB01FD15BF1007749A5 /* APIRequesting.swift */; };
		A586EDBC1FD15BF1007749A5 /* APIResponsing.swift in Sources */ = {isa = PBXBuildFile; fileRef = A586EDB11FD15BF1007749A5 /* APIResponsing.swift */; };
		A586EDBD1FD15BF1007749A5 /* APIMultipartRequesting.swift in Sources */ = {isa = PBXBuildFile; fileRef = A586EDB21FD15BF1007749A5 /* APIMultipartRequesting.swift */; };
		A586EDBE1FD15BF1007749A5 /* ActivityViewable.swift in Sources */ = {isa = PBXBuildFile; fileRef = A586EDB51FD15BF1007749A5 /* ActivityViewable.swift */; };
		A586EDBF1FD15BF1007749A5 /* RequestErrorHandling.swift in Sources */ = {isa = PBXBuildFile; fileRef = A586EDB61FD15BF1007749A5 /* RequestErrorHandling.swift */; };
		A586EDC01FD15BF1007749A5 /* RequestExecuting.swift in Sources */ = {isa = PBXBuildFile; fileRef = A586EDB71FD15BF1007749A5 /* RequestExecuting.swift */; };
		A586EDC11FD15BF1007749A5 /* APIClient.swift in Sources */ = {isa = PBXBuildFile; fileRef = A586EDB91FD15BF1007749A5 /* APIClient.swift */; };
		A586EDCA1FD15C05007749A5 /* TextInputsManager.swift in Sources */ = {isa = PBXBuildFile; fileRef = A586EDC41FD15C05007749A5 /* TextInputsManager.swift */; };
		A586EDCB1FD15C05007749A5 /* TextFieldsManagerReloading.swift in Sources */ = {isa = PBXBuildFile; fileRef = A586EDC61FD15C05007749A5 /* TextFieldsManagerReloading.swift */; };
		A586EDCC1FD15C05007749A5 /* TextInputsClearing.swift in Sources */ = {isa = PBXBuildFile; fileRef = A586EDC71FD15C05007749A5 /* TextInputsClearing.swift */; };
		A586EDCD1FD15C05007749A5 /* KeyboardHiding.swift in Sources */ = {isa = PBXBuildFile; fileRef = A586EDC81FD15C05007749A5 /* KeyboardHiding.swift */; };
		A586EDCE1FD15C05007749A5 /* FirstResponding.swift in Sources */ = {isa = PBXBuildFile; fileRef = A586EDC91FD15C05007749A5 /* FirstResponding.swift */; };
		A586EDD01FD15FAB007749A5 /* Validator.swift in Sources */ = {isa = PBXBuildFile; fileRef = A586EDCF1FD15FAB007749A5 /* Validator.swift */; };
		A58F3C72206D561800C263BF /* ImagePickerFactory.swift in Sources */ = {isa = PBXBuildFile; fileRef = A58F3C6E206D561800C263BF /* ImagePickerFactory.swift */; };
		A58F3C73206D561800C263BF /* AlertActionFactory.swift in Sources */ = {isa = PBXBuildFile; fileRef = A58F3C6F206D561800C263BF /* AlertActionFactory.swift */; };
		A58F3C74206D561800C263BF /* PickerManagersFactory.swift in Sources */ = {isa = PBXBuildFile; fileRef = A58F3C70206D561800C263BF /* PickerManagersFactory.swift */; };
		A595A3941FCD7FCE0017CA52 /* CollectionViewArrayDataSource.swift in Sources */ = {isa = PBXBuildFile; fileRef = A595A2B61FCD7FCD0017CA52 /* CollectionViewArrayDataSource.swift */; };
		A595A3951FCD7FCE0017CA52 /* TableViewArrayDataSource.swift in Sources */ = {isa = PBXBuildFile; fileRef = A595A2B81FCD7FCD0017CA52 /* TableViewArrayDataSource.swift */; };
		A595A3961FCD7FCE0017CA52 /* SectionModel.swift in Sources */ = {isa = PBXBuildFile; fileRef = A595A2BA1FCD7FCD0017CA52 /* SectionModel.swift */; };
		A595A3971FCD7FCE0017CA52 /* SectionFooter.swift in Sources */ = {isa = PBXBuildFile; fileRef = A595A2BB1FCD7FCD0017CA52 /* SectionFooter.swift */; };
		A595A3981FCD7FCE0017CA52 /* SectionHeader.swift in Sources */ = {isa = PBXBuildFile; fileRef = A595A2BC1FCD7FCD0017CA52 /* SectionHeader.swift */; };
		A595A3991FCD7FCE0017CA52 /* ReadMe.rtf in Resources */ = {isa = PBXBuildFile; fileRef = A595A2BD1FCD7FCD0017CA52 /* ReadMe.rtf */; };
		A595A39A1FCD7FCE0017CA52 /* ArrayDataSourceRepresentable.swift in Sources */ = {isa = PBXBuildFile; fileRef = A595A2C01FCD7FCD0017CA52 /* ArrayDataSourceRepresentable.swift */; };
		A595A39B1FCD7FCE0017CA52 /* CollectionViewRowMoving.swift in Sources */ = {isa = PBXBuildFile; fileRef = A595A2C31FCD7FCD0017CA52 /* CollectionViewRowMoving.swift */; };
		A595A39C1FCD7FCE0017CA52 /* TableViewRowEditing.swift in Sources */ = {isa = PBXBuildFile; fileRef = A595A2C51FCD7FCD0017CA52 /* TableViewRowEditing.swift */; };
		A595A39D1FCD7FCE0017CA52 /* TableViewRowMoving.swift in Sources */ = {isa = PBXBuildFile; fileRef = A595A2C61FCD7FCD0017CA52 /* TableViewRowMoving.swift */; };
		A595A39E1FCD7FCE0017CA52 /* RowMoving.swift in Sources */ = {isa = PBXBuildFile; fileRef = A595A2C81FCD7FCD0017CA52 /* RowMoving.swift */; };
		A595A39F1FCD7FCE0017CA52 /* ConfigurableCell.swift in Sources */ = {isa = PBXBuildFile; fileRef = A595A2CA1FCD7FCD0017CA52 /* ConfigurableCell.swift */; };
		A595A3A01FCD7FCE0017CA52 /* ReusableCell.swift in Sources */ = {isa = PBXBuildFile; fileRef = A595A2CB1FCD7FCD0017CA52 /* ReusableCell.swift */; };
		A595A3A11FCD7FCE0017CA52 /* DataSourceRepresentable.swift in Sources */ = {isa = PBXBuildFile; fileRef = A595A2CC1FCD7FCD0017CA52 /* DataSourceRepresentable.swift */; };
		A595A3A21FCD7FCE0017CA52 /* DataSourceModel.swift in Sources */ = {isa = PBXBuildFile; fileRef = A595A2CE1FCD7FCD0017CA52 /* DataSourceModel.swift */; };
		A595A3A31FCD7FCE0017CA52 /* DataSourceSectionRepresentable.swift in Sources */ = {isa = PBXBuildFile; fileRef = A595A2CF1FCD7FCD0017CA52 /* DataSourceSectionRepresentable.swift */; };
		A595A3A41FCD7FCE0017CA52 /* ConfigurableView.swift in Sources */ = {isa = PBXBuildFile; fileRef = A595A2D11FCD7FCD0017CA52 /* ConfigurableView.swift */; };
		A595A3A51FCD7FCE0017CA52 /* ReusableView.swift in Sources */ = {isa = PBXBuildFile; fileRef = A595A2D21FCD7FCD0017CA52 /* ReusableView.swift */; };
		A595A3A61FCD7FCE0017CA52 /* DropdownPresenter.swift in Sources */ = {isa = PBXBuildFile; fileRef = A595A2D51FCD7FCD0017CA52 /* DropdownPresenter.swift */; };
		A595A3A71FCD7FCE0017CA52 /* DropdownCell.swift in Sources */ = {isa = PBXBuildFile; fileRef = A595A2D71FCD7FCD0017CA52 /* DropdownCell.swift */; };
		A595A3A81FCD7FCE0017CA52 /* DropdownView.swift in Sources */ = {isa = PBXBuildFile; fileRef = A595A2D81FCD7FCD0017CA52 /* DropdownView.swift */; };
		A595A3A91FCD7FCE0017CA52 /* DropdownCell.xib in Resources */ = {isa = PBXBuildFile; fileRef = A595A2D91FCD7FCD0017CA52 /* DropdownCell.xib */; };
		A595A3AA1FCD7FCE0017CA52 /* DropdownView.xib in Resources */ = {isa = PBXBuildFile; fileRef = A595A2DA1FCD7FCD0017CA52 /* DropdownView.xib */; };
		A595A3AB1FCD7FCE0017CA52 /* DropdownDataSourceModel.swift in Sources */ = {isa = PBXBuildFile; fileRef = A595A2DC1FCD7FCD0017CA52 /* DropdownDataSourceModel.swift */; };
		A595A3C01FCD7FCE0017CA52 /* XibLoadableView.swift in Sources */ = {isa = PBXBuildFile; fileRef = A595A2FD1FCD7FCD0017CA52 /* XibLoadableView.swift */; };
		A595A3C11FCD7FCE0017CA52 /* SideImageDecorator.swift in Sources */ = {isa = PBXBuildFile; fileRef = A595A3001FCD7FCD0017CA52 /* SideImageDecorator.swift */; };
		A595A3C21FCD7FCE0017CA52 /* BottomBorderDecorator.swift in Sources */ = {isa = PBXBuildFile; fileRef = A595A3011FCD7FCD0017CA52 /* BottomBorderDecorator.swift */; };
		A595A3C31FCD7FCE0017CA52 /* Decorator.swift in Sources */ = {isa = PBXBuildFile; fileRef = A595A3021FCD7FCD0017CA52 /* Decorator.swift */; };
		A595A3D31FCD7FCE0017CA52 /* PickerManager.swift in Sources */ = {isa = PBXBuildFile; fileRef = A595A31D1FCD7FCD0017CA52 /* PickerManager.swift */; };
		A595A3D41FCD7FCE0017CA52 /* ReadMe.rtf in Resources */ = {isa = PBXBuildFile; fileRef = A595A31E1FCD7FCD0017CA52 /* ReadMe.rtf */; };
		A595A3D51FCD7FCE0017CA52 /* ColorExtension.swift in Sources */ = {isa = PBXBuildFile; fileRef = A595A3211FCD7FCD0017CA52 /* ColorExtension.swift */; };
		A595A3D61FCD7FCE0017CA52 /* DesignableView.swift in Sources */ = {isa = PBXBuildFile; fileRef = A595A3231FCD7FCD0017CA52 /* DesignableView.swift */; };
		A595A3D71FCD7FCE0017CA52 /* UIView+Load.swift in Sources */ = {isa = PBXBuildFile; fileRef = A595A3241FCD7FCD0017CA52 /* UIView+Load.swift */; };
		A595A3D81FCD7FCE0017CA52 /* Array+JSON.swift in Sources */ = {isa = PBXBuildFile; fileRef = A595A3261FCD7FCD0017CA52 /* Array+JSON.swift */; };
		A595A3D91FCD7FCE0017CA52 /* Location+String.swift in Sources */ = {isa = PBXBuildFile; fileRef = A595A3281FCD7FCD0017CA52 /* Location+String.swift */; };
		A595A3DA1FCD7FCE0017CA52 /* UINavigationController+Utils.swift in Sources */ = {isa = PBXBuildFile; fileRef = A595A32A1FCD7FCD0017CA52 /* UINavigationController+Utils.swift */; };
		A595A3DB1FCD7FCE0017CA52 /* Image+Resize.swift in Sources */ = {isa = PBXBuildFile; fileRef = A595A32C1FCD7FCD0017CA52 /* Image+Resize.swift */; };
		A595A3DC1FCD7FCE0017CA52 /* Dictionary+JSON.swift in Sources */ = {isa = PBXBuildFile; fileRef = A595A32E1FCD7FCD0017CA52 /* Dictionary+JSON.swift */; };
		A595A3DD1FCD7FCE0017CA52 /* String+NSRange.swift in Sources */ = {isa = PBXBuildFile; fileRef = A595A3301FCD7FCD0017CA52 /* String+NSRange.swift */; };
		A595A3DE1FCD7FCE0017CA52 /* String+Localizable.swift in Sources */ = {isa = PBXBuildFile; fileRef = A595A3311FCD7FCD0017CA52 /* String+Localizable.swift */; };
		A595A3DF1FCD7FCE0017CA52 /* String+JSON.swift in Sources */ = {isa = PBXBuildFile; fileRef = A595A3321FCD7FCD0017CA52 /* String+JSON.swift */; };
		A595A3E01FCD7FCE0017CA52 /* AlertController+AlertPresentable.swift in Sources */ = {isa = PBXBuildFile; fileRef = A595A3341FCD7FCD0017CA52 /* AlertController+AlertPresentable.swift */; };
		A595A3E11FCD7FCE0017CA52 /* UIViewContollrer+Presentable.swift in Sources */ = {isa = PBXBuildFile; fileRef = A595A3351FCD7FCD0017CA52 /* UIViewContollrer+Presentable.swift */; };
		A595A3E21FCD7FCE0017CA52 /* PopupPresenter.swift in Sources */ = {isa = PBXBuildFile; fileRef = A595A33A1FCD7FCD0017CA52 /* PopupPresenter.swift */; };
		A595A3E31FCD7FCE0017CA52 /* PopupView.swift in Sources */ = {isa = PBXBuildFile; fileRef = A595A33C1FCD7FCD0017CA52 /* PopupView.swift */; };
		A595A3E41FCD7FCE0017CA52 /* ReadMe.rtf in Resources */ = {isa = PBXBuildFile; fileRef = A595A33D1FCD7FCD0017CA52 /* ReadMe.rtf */; };
		A595A3E61FCD7FCE0017CA52 /* WindowFactory.swift in Sources */ = {isa = PBXBuildFile; fileRef = A595A3401FCD7FCD0017CA52 /* WindowFactory.swift */; };
		A595A3EB1FCD7FCE0017CA52 /* Windowable.swift in Sources */ = {isa = PBXBuildFile; fileRef = A595A34A1FCD7FCD0017CA52 /* Windowable.swift */; };
		A595A3EC1FCD7FCE0017CA52 /* Navigatable.swift in Sources */ = {isa = PBXBuildFile; fileRef = A595A34B1FCD7FCD0017CA52 /* Navigatable.swift */; };
		A595A3ED1FCD7FCE0017CA52 /* AlertViewable.swift in Sources */ = {isa = PBXBuildFile; fileRef = A595A34D1FCD7FCD0017CA52 /* AlertViewable.swift */; };
		A595A3EE1FCD7FCE0017CA52 /* Ponsomizer.swift in Sources */ = {isa = PBXBuildFile; fileRef = A595A34F1FCD7FCD0017CA52 /* Ponsomizer.swift */; };
		A595A3EF1FCD7FCE0017CA52 /* Presentable.swift in Sources */ = {isa = PBXBuildFile; fileRef = A595A3511FCD7FCD0017CA52 /* Presentable.swift */; };
		A595A3F01FCD7FCE0017CA52 /* AlertPresentable.swift in Sources */ = {isa = PBXBuildFile; fileRef = A595A3521FCD7FCD0017CA52 /* AlertPresentable.swift */; };
		A595A3FC1FCD7FCE0017CA52 /* CollectionViewHelper.swift in Sources */ = {isa = PBXBuildFile; fileRef = A595A3681FCD7FCD0017CA52 /* CollectionViewHelper.swift */; };
		A595A3FD1FCD7FCE0017CA52 /* MapsHelper.swift in Sources */ = {isa = PBXBuildFile; fileRef = A595A3691FCD7FCD0017CA52 /* MapsHelper.swift */; };
		A595A3FE1FCD7FCE0017CA52 /* TableViewHelper.swift in Sources */ = {isa = PBXBuildFile; fileRef = A595A36A1FCD7FCD0017CA52 /* TableViewHelper.swift */; };
		A595A3FF1FCD7FCE0017CA52 /* DynamicHelper.swift in Sources */ = {isa = PBXBuildFile; fileRef = A595A36B1FCD7FCD0017CA52 /* DynamicHelper.swift */; };
		A595A4001FCD7FCE0017CA52 /* QueryStringParser.swift in Sources */ = {isa = PBXBuildFile; fileRef = A595A36C1FCD7FCD0017CA52 /* QueryStringParser.swift */; };
		A595A4011FCD7FCE0017CA52 /* RandomNumberHelper.swift in Sources */ = {isa = PBXBuildFile; fileRef = A595A36D1FCD7FCD0017CA52 /* RandomNumberHelper.swift */; };
		A595A4021FCD7FCE0017CA52 /* SocialNetworksHelper.swift in Sources */ = {isa = PBXBuildFile; fileRef = A595A36E1FCD7FCD0017CA52 /* SocialNetworksHelper.swift */; };
		A595A4031FCD7FCE0017CA52 /* TableViewAnimator.swift in Sources */ = {isa = PBXBuildFile; fileRef = A595A36F1FCD7FCD0017CA52 /* TableViewAnimator.swift */; };
		A595A4041FCD7FCE0017CA52 /* ShareHelper.swift in Sources */ = {isa = PBXBuildFile; fileRef = A595A3701FCD7FCD0017CA52 /* ShareHelper.swift */; };
		A595A4051FCD7FCE0017CA52 /* Utils.swift in Sources */ = {isa = PBXBuildFile; fileRef = A595A3711FCD7FCD0017CA52 /* Utils.swift */; };
		A595A4061FCD7FCE0017CA52 /* LocalDataStorage.swift in Sources */ = {isa = PBXBuildFile; fileRef = A595A3741FCD7FCD0017CA52 /* LocalDataStorage.swift */; };
		A595A4071FCD7FCE0017CA52 /* TimerService.swift in Sources */ = {isa = PBXBuildFile; fileRef = A595A3761FCD7FCD0017CA52 /* TimerService.swift */; };
		A595A40C1FCD7FCE0017CA52 /* KeychainService.swift in Sources */ = {isa = PBXBuildFile; fileRef = A595A3801FCD7FCD0017CA52 /* KeychainService.swift */; };
		A595A40D1FCD7FCE0017CA52 /* CameraPermissions.swift in Sources */ = {isa = PBXBuildFile; fileRef = A595A3831FCD7FCD0017CA52 /* CameraPermissions.swift */; };
		A595A4121FCD7FCE0017CA52 /* ServicePermissions.swift in Sources */ = {isa = PBXBuildFile; fileRef = A595A38B1FCD7FCD0017CA52 /* ServicePermissions.swift */; };
		A595A4161FCD7FCE0017CA52 /* UserDefaultsService.swift in Sources */ = {isa = PBXBuildFile; fileRef = A595A3931FCD7FCD0017CA52 /* UserDefaultsService.swift */; };
		A5CF9F25207242EB0069FB30 /* ErrorParsingService.swift in Sources */ = {isa = PBXBuildFile; fileRef = A5CF9F24207242EB0069FB30 /* ErrorParsingService.swift */; };
		A5CF9F27207242F40069FB30 /* ValidatorsRepository.swift in Sources */ = {isa = PBXBuildFile; fileRef = A5CF9F26207242F40069FB30 /* ValidatorsRepository.swift */; };
		A5CF9F38207242FE0069FB30 /* PickerTextField.swift in Sources */ = {isa = PBXBuildFile; fileRef = A5CF9F29207242FE0069FB30 /* PickerTextField.swift */; };
		A5CF9F39207242FE0069FB30 /* ToolbarTextView.swift in Sources */ = {isa = PBXBuildFile; fileRef = A5CF9F2A207242FE0069FB30 /* ToolbarTextView.swift */; };
		A5CF9F3A207242FE0069FB30 /* TextFieldAccessoryView.swift in Sources */ = {isa = PBXBuildFile; fileRef = A5CF9F2C207242FE0069FB30 /* TextFieldAccessoryView.swift */; };
		A5CF9F3B207242FE0069FB30 /* DatePickerField.swift in Sources */ = {isa = PBXBuildFile; fileRef = A5CF9F2D207242FE0069FB30 /* DatePickerField.swift */; };
		A5CF9F3C207242FE0069FB30 /* PickerViewField.swift in Sources */ = {isa = PBXBuildFile; fileRef = A5CF9F2E207242FE0069FB30 /* PickerViewField.swift */; };
		A5CF9F3D207242FE0069FB30 /* BaseTextField.swift in Sources */ = {isa = PBXBuildFile; fileRef = A5CF9F2F207242FE0069FB30 /* BaseTextField.swift */; };
		A5CF9F3E207242FE0069FB30 /* ToolbarTextField.swift in Sources */ = {isa = PBXBuildFile; fileRef = A5CF9F30207242FE0069FB30 /* ToolbarTextField.swift */; };
		A5CF9F3F207242FE0069FB30 /* PassTextField.swift in Sources */ = {isa = PBXBuildFile; fileRef = A5CF9F31207242FE0069FB30 /* PassTextField.swift */; };
		A5CF9F40207242FE0069FB30 /* EmailTextField.swift in Sources */ = {isa = PBXBuildFile; fileRef = A5CF9F32207242FE0069FB30 /* EmailTextField.swift */; };
		A5CF9F41207242FE0069FB30 /* DateSelectionHandlerSetting.swift in Sources */ = {isa = PBXBuildFile; fileRef = A5CF9F34207242FE0069FB30 /* DateSelectionHandlerSetting.swift */; };
		A5CF9F42207242FE0069FB30 /* DoneButtonHandlerSetting.swift in Sources */ = {isa = PBXBuildFile; fileRef = A5CF9F35207242FE0069FB30 /* DoneButtonHandlerSetting.swift */; };
		A5CF9F43207242FE0069FB30 /* DoneTitleSetting.swift.swift in Sources */ = {isa = PBXBuildFile; fileRef = A5CF9F36207242FE0069FB30 /* DoneTitleSetting.swift.swift */; };
		A5CF9F44207242FE0069FB30 /* PickerViewFieldReloading.swift in Sources */ = {isa = PBXBuildFile; fileRef = A5CF9F37207242FE0069FB30 /* PickerViewFieldReloading.swift */; };
/* End PBXBuildFile section */

/* Begin PBXFileReference section */
		0158DFDDD7007ABA9DEDD9E8 /* Pods_SwiftUtils.framework */ = {isa = PBXFileReference; explicitFileType = wrapper.framework; includeInIndex = 0; path = Pods_SwiftUtils.framework; sourceTree = BUILT_PRODUCTS_DIR; };
		27608888736C53EFEA326DBA /* Pods-SwiftUtils.release.xcconfig */ = {isa = PBXFileReference; includeInIndex = 1; lastKnownFileType = text.xcconfig; name = "Pods-SwiftUtils.release.xcconfig"; path = "Pods/Target Support Files/Pods-SwiftUtils/Pods-SwiftUtils.release.xcconfig"; sourceTree = "<group>"; };
		4F4F5465E59EA9B6DE358D33 /* Pods-SwiftUtils.debug.xcconfig */ = {isa = PBXFileReference; includeInIndex = 1; lastKnownFileType = text.xcconfig; name = "Pods-SwiftUtils.debug.xcconfig"; path = "Pods/Target Support Files/Pods-SwiftUtils/Pods-SwiftUtils.debug.xcconfig"; sourceTree = "<group>"; };
		A5241C3A1FA74A01008463EE /* ScrollingViewController.xib */ = {isa = PBXFileReference; fileEncoding = 4; lastKnownFileType = file.xib; path = ScrollingViewController.xib; sourceTree = "<group>"; };
		A5241C451FA74A02008463EE /* ScrollingViewController.swift */ = {isa = PBXFileReference; fileEncoding = 4; lastKnownFileType = sourcecode.swift; path = ScrollingViewController.swift; sourceTree = "<group>"; };
		A5241C461FA74A02008463EE /* ViewController.swift */ = {isa = PBXFileReference; fileEncoding = 4; lastKnownFileType = sourcecode.swift; path = ViewController.swift; sourceTree = "<group>"; };
		A570571F1EF117C40092CDAB /* SwiftUtils.app */ = {isa = PBXFileReference; explicitFileType = wrapper.application; includeInIndex = 0; path = SwiftUtils.app; sourceTree = BUILT_PRODUCTS_DIR; };
		A57057221EF117C40092CDAB /* AppDelegate.swift */ = {isa = PBXFileReference; lastKnownFileType = sourcecode.swift; path = AppDelegate.swift; sourceTree = "<group>"; };
		A57057271EF117C40092CDAB /* Base */ = {isa = PBXFileReference; lastKnownFileType = file.storyboard; name = Base; path = Base.lproj/Main.storyboard; sourceTree = "<group>"; };
		A57057291EF117C40092CDAB /* Assets.xcassets */ = {isa = PBXFileReference; lastKnownFileType = folder.assetcatalog; path = Assets.xcassets; sourceTree = "<group>"; };
		A570572C1EF117C40092CDAB /* Base */ = {isa = PBXFileReference; lastKnownFileType = file.storyboard; name = Base; path = Base.lproj/LaunchScreen.storyboard; sourceTree = "<group>"; };
		A570572E1EF117C40092CDAB /* Info.plist */ = {isa = PBXFileReference; lastKnownFileType = text.plist.xml; path = Info.plist; sourceTree = "<group>"; };
		A582AB8C1FD52C2100ECDE2F /* PhotoLibraryPermissions.swift */ = {isa = PBXFileReference; fileEncoding = 4; lastKnownFileType = sourcecode.swift; path = PhotoLibraryPermissions.swift; sourceTree = "<group>"; };
		A582AB8E1FD52C2100ECDE2F /* MicrophonePermissions.swift */ = {isa = PBXFileReference; fileEncoding = 4; lastKnownFileType = sourcecode.swift; path = MicrophonePermissions.swift; sourceTree = "<group>"; };
		A582AB901FD52C2100ECDE2F /* BluetoothPermissions.swift */ = {isa = PBXFileReference; fileEncoding = 4; lastKnownFileType = sourcecode.swift; path = BluetoothPermissions.swift; sourceTree = "<group>"; };
		A582AB921FD52C2100ECDE2F /* ContactsPermissions.swift */ = {isa = PBXFileReference; fileEncoding = 4; lastKnownFileType = sourcecode.swift; path = ContactsPermissions.swift; sourceTree = "<group>"; };
		A582AB941FD52C2100ECDE2F /* LocationPermissions.swift */ = {isa = PBXFileReference; fileEncoding = 4; lastKnownFileType = sourcecode.swift; path = LocationPermissions.swift; sourceTree = "<group>"; };
		A586EDA11FD159BA007749A5 /* EmailValidator.swift */ = {isa = PBXFileReference; fileEncoding = 4; lastKnownFileType = sourcecode.swift; path = EmailValidator.swift; sourceTree = "<group>"; };
		A586EDA31FD159BA007749A5 /* PasswordValidator.swift */ = {isa = PBXFileReference; fileEncoding = 4; lastKnownFileType = sourcecode.swift; path = PasswordValidator.swift; sourceTree = "<group>"; };
		A586EDAB1FD15B6D007749A5 /* ServicesRepository.swift */ = {isa = PBXFileReference; lastKnownFileType = sourcecode.swift; path = ServicesRepository.swift; sourceTree = "<group>"; };
		A586EDB01FD15BF1007749A5 /* APIRequesting.swift */ = {isa = PBXFileReference; fileEncoding = 4; lastKnownFileType = sourcecode.swift; path = APIRequesting.swift; sourceTree = "<group>"; };
		A586EDB11FD15BF1007749A5 /* APIResponsing.swift */ = {isa = PBXFileReference; fileEncoding = 4; lastKnownFileType = sourcecode.swift; path = APIResponsing.swift; sourceTree = "<group>"; };
		A586EDB21FD15BF1007749A5 /* APIMultipartRequesting.swift */ = {isa = PBXFileReference; fileEncoding = 4; lastKnownFileType = sourcecode.swift; path = APIMultipartRequesting.swift; sourceTree = "<group>"; };
		A586EDB51FD15BF1007749A5 /* ActivityViewable.swift */ = {isa = PBXFileReference; fileEncoding = 4; lastKnownFileType = sourcecode.swift; path = ActivityViewable.swift; sourceTree = "<group>"; };
		A586EDB61FD15BF1007749A5 /* RequestErrorHandling.swift */ = {isa = PBXFileReference; fileEncoding = 4; lastKnownFileType = sourcecode.swift; path = RequestErrorHandling.swift; sourceTree = "<group>"; };
		A586EDB71FD15BF1007749A5 /* RequestExecuting.swift */ = {isa = PBXFileReference; fileEncoding = 4; lastKnownFileType = sourcecode.swift; path = RequestExecuting.swift; sourceTree = "<group>"; };
		A586EDB91FD15BF1007749A5 /* APIClient.swift */ = {isa = PBXFileReference; fileEncoding = 4; lastKnownFileType = sourcecode.swift; path = APIClient.swift; sourceTree = "<group>"; };
		A586EDC41FD15C05007749A5 /* TextInputsManager.swift */ = {isa = PBXFileReference; fileEncoding = 4; lastKnownFileType = sourcecode.swift; path = TextInputsManager.swift; sourceTree = "<group>"; };
		A586EDC61FD15C05007749A5 /* TextFieldsManagerReloading.swift */ = {isa = PBXFileReference; fileEncoding = 4; lastKnownFileType = sourcecode.swift; path = TextFieldsManagerReloading.swift; sourceTree = "<group>"; };
		A586EDC71FD15C05007749A5 /* TextInputsClearing.swift */ = {isa = PBXFileReference; fileEncoding = 4; lastKnownFileType = sourcecode.swift; path = TextInputsClearing.swift; sourceTree = "<group>"; };
		A586EDC81FD15C05007749A5 /* KeyboardHiding.swift */ = {isa = PBXFileReference; fileEncoding = 4; lastKnownFileType = sourcecode.swift; path = KeyboardHiding.swift; sourceTree = "<group>"; };
		A586EDC91FD15C05007749A5 /* FirstResponding.swift */ = {isa = PBXFileReference; fileEncoding = 4; lastKnownFileType = sourcecode.swift; path = FirstResponding.swift; sourceTree = "<group>"; };
		A586EDCF1FD15FAB007749A5 /* Validator.swift */ = {isa = PBXFileReference; lastKnownFileType = sourcecode.swift; path = Validator.swift; sourceTree = "<group>"; };
		A58F3C6E206D561800C263BF /* ImagePickerFactory.swift */ = {isa = PBXFileReference; fileEncoding = 4; lastKnownFileType = sourcecode.swift; path = ImagePickerFactory.swift; sourceTree = "<group>"; };
		A58F3C6F206D561800C263BF /* AlertActionFactory.swift */ = {isa = PBXFileReference; fileEncoding = 4; lastKnownFileType = sourcecode.swift; path = AlertActionFactory.swift; sourceTree = "<group>"; };
		A58F3C70206D561800C263BF /* PickerManagersFactory.swift */ = {isa = PBXFileReference; fileEncoding = 4; lastKnownFileType = sourcecode.swift; path = PickerManagersFactory.swift; sourceTree = "<group>"; };
		A595A2B61FCD7FCD0017CA52 /* CollectionViewArrayDataSource.swift */ = {isa = PBXFileReference; fileEncoding = 4; lastKnownFileType = sourcecode.swift; path = CollectionViewArrayDataSource.swift; sourceTree = "<group>"; };
		A595A2B81FCD7FCD0017CA52 /* TableViewArrayDataSource.swift */ = {isa = PBXFileReference; fileEncoding = 4; lastKnownFileType = sourcecode.swift; path = TableViewArrayDataSource.swift; sourceTree = "<group>"; };
		A595A2BA1FCD7FCD0017CA52 /* SectionModel.swift */ = {isa = PBXFileReference; fileEncoding = 4; lastKnownFileType = sourcecode.swift; path = SectionModel.swift; sourceTree = "<group>"; };
		A595A2BB1FCD7FCD0017CA52 /* SectionFooter.swift */ = {isa = PBXFileReference; fileEncoding = 4; lastKnownFileType = sourcecode.swift; path = SectionFooter.swift; sourceTree = "<group>"; };
		A595A2BC1FCD7FCD0017CA52 /* SectionHeader.swift */ = {isa = PBXFileReference; fileEncoding = 4; lastKnownFileType = sourcecode.swift; path = SectionHeader.swift; sourceTree = "<group>"; };
		A595A2BD1FCD7FCD0017CA52 /* ReadMe.rtf */ = {isa = PBXFileReference; fileEncoding = 4; lastKnownFileType = text.rtf; path = ReadMe.rtf; sourceTree = "<group>"; };
		A595A2C01FCD7FCD0017CA52 /* ArrayDataSourceRepresentable.swift */ = {isa = PBXFileReference; fileEncoding = 4; lastKnownFileType = sourcecode.swift; path = ArrayDataSourceRepresentable.swift; sourceTree = "<group>"; };
		A595A2C31FCD7FCD0017CA52 /* CollectionViewRowMoving.swift */ = {isa = PBXFileReference; fileEncoding = 4; lastKnownFileType = sourcecode.swift; path = CollectionViewRowMoving.swift; sourceTree = "<group>"; };
		A595A2C51FCD7FCD0017CA52 /* TableViewRowEditing.swift */ = {isa = PBXFileReference; fileEncoding = 4; lastKnownFileType = sourcecode.swift; path = TableViewRowEditing.swift; sourceTree = "<group>"; };
		A595A2C61FCD7FCD0017CA52 /* TableViewRowMoving.swift */ = {isa = PBXFileReference; fileEncoding = 4; lastKnownFileType = sourcecode.swift; path = TableViewRowMoving.swift; sourceTree = "<group>"; };
		A595A2C81FCD7FCD0017CA52 /* RowMoving.swift */ = {isa = PBXFileReference; fileEncoding = 4; lastKnownFileType = sourcecode.swift; path = RowMoving.swift; sourceTree = "<group>"; };
		A595A2CA1FCD7FCD0017CA52 /* ConfigurableCell.swift */ = {isa = PBXFileReference; fileEncoding = 4; lastKnownFileType = sourcecode.swift; path = ConfigurableCell.swift; sourceTree = "<group>"; };
		A595A2CB1FCD7FCD0017CA52 /* ReusableCell.swift */ = {isa = PBXFileReference; fileEncoding = 4; lastKnownFileType = sourcecode.swift; path = ReusableCell.swift; sourceTree = "<group>"; };
		A595A2CC1FCD7FCD0017CA52 /* DataSourceRepresentable.swift */ = {isa = PBXFileReference; fileEncoding = 4; lastKnownFileType = sourcecode.swift; path = DataSourceRepresentable.swift; sourceTree = "<group>"; };
		A595A2CE1FCD7FCD0017CA52 /* DataSourceModel.swift */ = {isa = PBXFileReference; fileEncoding = 4; lastKnownFileType = sourcecode.swift; path = DataSourceModel.swift; sourceTree = "<group>"; };
		A595A2CF1FCD7FCD0017CA52 /* DataSourceSectionRepresentable.swift */ = {isa = PBXFileReference; fileEncoding = 4; lastKnownFileType = sourcecode.swift; path = DataSourceSectionRepresentable.swift; sourceTree = "<group>"; };
		A595A2D11FCD7FCD0017CA52 /* ConfigurableView.swift */ = {isa = PBXFileReference; fileEncoding = 4; lastKnownFileType = sourcecode.swift; path = ConfigurableView.swift; sourceTree = "<group>"; };
		A595A2D21FCD7FCD0017CA52 /* ReusableView.swift */ = {isa = PBXFileReference; fileEncoding = 4; lastKnownFileType = sourcecode.swift; path = ReusableView.swift; sourceTree = "<group>"; };
		A595A2D51FCD7FCD0017CA52 /* DropdownPresenter.swift */ = {isa = PBXFileReference; fileEncoding = 4; lastKnownFileType = sourcecode.swift; path = DropdownPresenter.swift; sourceTree = "<group>"; };
		A595A2D71FCD7FCD0017CA52 /* DropdownCell.swift */ = {isa = PBXFileReference; fileEncoding = 4; lastKnownFileType = sourcecode.swift; path = DropdownCell.swift; sourceTree = "<group>"; };
		A595A2D81FCD7FCD0017CA52 /* DropdownView.swift */ = {isa = PBXFileReference; fileEncoding = 4; lastKnownFileType = sourcecode.swift; path = DropdownView.swift; sourceTree = "<group>"; };
		A595A2D91FCD7FCD0017CA52 /* DropdownCell.xib */ = {isa = PBXFileReference; fileEncoding = 4; lastKnownFileType = file.xib; path = DropdownCell.xib; sourceTree = "<group>"; };
		A595A2DA1FCD7FCD0017CA52 /* DropdownView.xib */ = {isa = PBXFileReference; fileEncoding = 4; lastKnownFileType = file.xib; path = DropdownView.xib; sourceTree = "<group>"; };
		A595A2DC1FCD7FCD0017CA52 /* DropdownDataSourceModel.swift */ = {isa = PBXFileReference; fileEncoding = 4; lastKnownFileType = sourcecode.swift; path = DropdownDataSourceModel.swift; sourceTree = "<group>"; };
		A595A2FD1FCD7FCD0017CA52 /* XibLoadableView.swift */ = {isa = PBXFileReference; fileEncoding = 4; lastKnownFileType = sourcecode.swift; path = XibLoadableView.swift; sourceTree = "<group>"; };
		A595A3001FCD7FCD0017CA52 /* SideImageDecorator.swift */ = {isa = PBXFileReference; fileEncoding = 4; lastKnownFileType = sourcecode.swift; path = SideImageDecorator.swift; sourceTree = "<group>"; };
		A595A3011FCD7FCD0017CA52 /* BottomBorderDecorator.swift */ = {isa = PBXFileReference; fileEncoding = 4; lastKnownFileType = sourcecode.swift; path = BottomBorderDecorator.swift; sourceTree = "<group>"; };
		A595A3021FCD7FCD0017CA52 /* Decorator.swift */ = {isa = PBXFileReference; fileEncoding = 4; lastKnownFileType = sourcecode.swift; path = Decorator.swift; sourceTree = "<group>"; };
		A595A31D1FCD7FCD0017CA52 /* PickerManager.swift */ = {isa = PBXFileReference; fileEncoding = 4; lastKnownFileType = sourcecode.swift; path = PickerManager.swift; sourceTree = "<group>"; };
		A595A31E1FCD7FCD0017CA52 /* ReadMe.rtf */ = {isa = PBXFileReference; fileEncoding = 4; lastKnownFileType = text.rtf; path = ReadMe.rtf; sourceTree = "<group>"; };
		A595A3211FCD7FCD0017CA52 /* ColorExtension.swift */ = {isa = PBXFileReference; fileEncoding = 4; lastKnownFileType = sourcecode.swift; path = ColorExtension.swift; sourceTree = "<group>"; };
		A595A3231FCD7FCD0017CA52 /* DesignableView.swift */ = {isa = PBXFileReference; fileEncoding = 4; lastKnownFileType = sourcecode.swift; path = DesignableView.swift; sourceTree = "<group>"; };
		A595A3241FCD7FCD0017CA52 /* UIView+Load.swift */ = {isa = PBXFileReference; fileEncoding = 4; lastKnownFileType = sourcecode.swift; path = "UIView+Load.swift"; sourceTree = "<group>"; };
		A595A3261FCD7FCD0017CA52 /* Array+JSON.swift */ = {isa = PBXFileReference; fileEncoding = 4; lastKnownFileType = sourcecode.swift; path = "Array+JSON.swift"; sourceTree = "<group>"; };
		A595A3281FCD7FCD0017CA52 /* Location+String.swift */ = {isa = PBXFileReference; fileEncoding = 4; lastKnownFileType = sourcecode.swift; path = "Location+String.swift"; sourceTree = "<group>"; };
		A595A32A1FCD7FCD0017CA52 /* UINavigationController+Utils.swift */ = {isa = PBXFileReference; fileEncoding = 4; lastKnownFileType = sourcecode.swift; path = "UINavigationController+Utils.swift"; sourceTree = "<group>"; };
		A595A32C1FCD7FCD0017CA52 /* Image+Resize.swift */ = {isa = PBXFileReference; fileEncoding = 4; lastKnownFileType = sourcecode.swift; path = "Image+Resize.swift"; sourceTree = "<group>"; };
		A595A32E1FCD7FCD0017CA52 /* Dictionary+JSON.swift */ = {isa = PBXFileReference; fileEncoding = 4; lastKnownFileType = sourcecode.swift; path = "Dictionary+JSON.swift"; sourceTree = "<group>"; };
		A595A3301FCD7FCD0017CA52 /* String+NSRange.swift */ = {isa = PBXFileReference; fileEncoding = 4; lastKnownFileType = sourcecode.swift; path = "String+NSRange.swift"; sourceTree = "<group>"; };
		A595A3311FCD7FCD0017CA52 /* String+Localizable.swift */ = {isa = PBXFileReference; fileEncoding = 4; lastKnownFileType = sourcecode.swift; path = "String+Localizable.swift"; sourceTree = "<group>"; };
		A595A3321FCD7FCD0017CA52 /* String+JSON.swift */ = {isa = PBXFileReference; fileEncoding = 4; lastKnownFileType = sourcecode.swift; path = "String+JSON.swift"; sourceTree = "<group>"; };
		A595A3341FCD7FCD0017CA52 /* AlertController+AlertPresentable.swift */ = {isa = PBXFileReference; fileEncoding = 4; lastKnownFileType = sourcecode.swift; path = "AlertController+AlertPresentable.swift"; sourceTree = "<group>"; };
		A595A3351FCD7FCD0017CA52 /* UIViewContollrer+Presentable.swift */ = {isa = PBXFileReference; fileEncoding = 4; lastKnownFileType = sourcecode.swift; path = "UIViewContollrer+Presentable.swift"; sourceTree = "<group>"; };
		A595A33A1FCD7FCD0017CA52 /* PopupPresenter.swift */ = {isa = PBXFileReference; fileEncoding = 4; lastKnownFileType = sourcecode.swift; path = PopupPresenter.swift; sourceTree = "<group>"; };
		A595A33C1FCD7FCD0017CA52 /* PopupView.swift */ = {isa = PBXFileReference; fileEncoding = 4; lastKnownFileType = sourcecode.swift; path = PopupView.swift; sourceTree = "<group>"; };
		A595A33D1FCD7FCD0017CA52 /* ReadMe.rtf */ = {isa = PBXFileReference; fileEncoding = 4; lastKnownFileType = text.rtf; path = ReadMe.rtf; sourceTree = "<group>"; };
		A595A3401FCD7FCD0017CA52 /* WindowFactory.swift */ = {isa = PBXFileReference; fileEncoding = 4; lastKnownFileType = sourcecode.swift; path = WindowFactory.swift; sourceTree = "<group>"; };
		A595A34A1FCD7FCD0017CA52 /* Windowable.swift */ = {isa = PBXFileReference; fileEncoding = 4; lastKnownFileType = sourcecode.swift; path = Windowable.swift; sourceTree = "<group>"; };
		A595A34B1FCD7FCD0017CA52 /* Navigatable.swift */ = {isa = PBXFileReference; fileEncoding = 4; lastKnownFileType = sourcecode.swift; path = Navigatable.swift; sourceTree = "<group>"; };
		A595A34D1FCD7FCD0017CA52 /* AlertViewable.swift */ = {isa = PBXFileReference; fileEncoding = 4; lastKnownFileType = sourcecode.swift; path = AlertViewable.swift; sourceTree = "<group>"; };
		A595A34F1FCD7FCD0017CA52 /* Ponsomizer.swift */ = {isa = PBXFileReference; fileEncoding = 4; lastKnownFileType = sourcecode.swift; path = Ponsomizer.swift; sourceTree = "<group>"; };
		A595A3511FCD7FCD0017CA52 /* Presentable.swift */ = {isa = PBXFileReference; fileEncoding = 4; lastKnownFileType = sourcecode.swift; path = Presentable.swift; sourceTree = "<group>"; };
		A595A3521FCD7FCD0017CA52 /* AlertPresentable.swift */ = {isa = PBXFileReference; fileEncoding = 4; lastKnownFileType = sourcecode.swift; path = AlertPresentable.swift; sourceTree = "<group>"; };
		A595A3681FCD7FCD0017CA52 /* CollectionViewHelper.swift */ = {isa = PBXFileReference; fileEncoding = 4; lastKnownFileType = sourcecode.swift; path = CollectionViewHelper.swift; sourceTree = "<group>"; };
		A595A3691FCD7FCD0017CA52 /* MapsHelper.swift */ = {isa = PBXFileReference; fileEncoding = 4; lastKnownFileType = sourcecode.swift; path = MapsHelper.swift; sourceTree = "<group>"; };
		A595A36A1FCD7FCD0017CA52 /* TableViewHelper.swift */ = {isa = PBXFileReference; fileEncoding = 4; lastKnownFileType = sourcecode.swift; path = TableViewHelper.swift; sourceTree = "<group>"; };
		A595A36B1FCD7FCD0017CA52 /* DynamicHelper.swift */ = {isa = PBXFileReference; fileEncoding = 4; lastKnownFileType = sourcecode.swift; path = DynamicHelper.swift; sourceTree = "<group>"; };
		A595A36C1FCD7FCD0017CA52 /* QueryStringParser.swift */ = {isa = PBXFileReference; fileEncoding = 4; lastKnownFileType = sourcecode.swift; path = QueryStringParser.swift; sourceTree = "<group>"; };
		A595A36D1FCD7FCD0017CA52 /* RandomNumberHelper.swift */ = {isa = PBXFileReference; fileEncoding = 4; lastKnownFileType = sourcecode.swift; path = RandomNumberHelper.swift; sourceTree = "<group>"; };
		A595A36E1FCD7FCD0017CA52 /* SocialNetworksHelper.swift */ = {isa = PBXFileReference; fileEncoding = 4; lastKnownFileType = sourcecode.swift; path = SocialNetworksHelper.swift; sourceTree = "<group>"; };
		A595A36F1FCD7FCD0017CA52 /* TableViewAnimator.swift */ = {isa = PBXFileReference; fileEncoding = 4; lastKnownFileType = sourcecode.swift; path = TableViewAnimator.swift; sourceTree = "<group>"; };
		A595A3701FCD7FCD0017CA52 /* ShareHelper.swift */ = {isa = PBXFileReference; fileEncoding = 4; lastKnownFileType = sourcecode.swift; path = ShareHelper.swift; sourceTree = "<group>"; };
		A595A3711FCD7FCD0017CA52 /* Utils.swift */ = {isa = PBXFileReference; fileEncoding = 4; lastKnownFileType = sourcecode.swift; path = Utils.swift; sourceTree = "<group>"; };
		A595A3741FCD7FCD0017CA52 /* LocalDataStorage.swift */ = {isa = PBXFileReference; fileEncoding = 4; lastKnownFileType = sourcecode.swift; path = LocalDataStorage.swift; sourceTree = "<group>"; };
		A595A3761FCD7FCD0017CA52 /* TimerService.swift */ = {isa = PBXFileReference; fileEncoding = 4; lastKnownFileType = sourcecode.swift; path = TimerService.swift; sourceTree = "<group>"; };
		A595A3801FCD7FCD0017CA52 /* KeychainService.swift */ = {isa = PBXFileReference; fileEncoding = 4; lastKnownFileType = sourcecode.swift; path = KeychainService.swift; sourceTree = "<group>"; };
		A595A3831FCD7FCD0017CA52 /* CameraPermissions.swift */ = {isa = PBXFileReference; fileEncoding = 4; lastKnownFileType = sourcecode.swift; path = CameraPermissions.swift; sourceTree = "<group>"; };
		A595A38B1FCD7FCD0017CA52 /* ServicePermissions.swift */ = {isa = PBXFileReference; fileEncoding = 4; lastKnownFileType = sourcecode.swift; path = ServicePermissions.swift; sourceTree = "<group>"; };
		A595A3931FCD7FCD0017CA52 /* UserDefaultsService.swift */ = {isa = PBXFileReference; fileEncoding = 4; lastKnownFileType = sourcecode.swift; path = UserDefaultsService.swift; sourceTree = "<group>"; };
		A5CF9F24207242EB0069FB30 /* ErrorParsingService.swift */ = {isa = PBXFileReference; fileEncoding = 4; lastKnownFileType = sourcecode.swift; path = ErrorParsingService.swift; sourceTree = "<group>"; };
		A5CF9F26207242F40069FB30 /* ValidatorsRepository.swift */ = {isa = PBXFileReference; fileEncoding = 4; lastKnownFileType = sourcecode.swift; path = ValidatorsRepository.swift; sourceTree = "<group>"; };
		A5CF9F29207242FE0069FB30 /* PickerTextField.swift */ = {isa = PBXFileReference; fileEncoding = 4; lastKnownFileType = sourcecode.swift; path = PickerTextField.swift; sourceTree = "<group>"; };
		A5CF9F2A207242FE0069FB30 /* ToolbarTextView.swift */ = {isa = PBXFileReference; fileEncoding = 4; lastKnownFileType = sourcecode.swift; path = ToolbarTextView.swift; sourceTree = "<group>"; };
		A5CF9F2C207242FE0069FB30 /* TextFieldAccessoryView.swift */ = {isa = PBXFileReference; fileEncoding = 4; lastKnownFileType = sourcecode.swift; path = TextFieldAccessoryView.swift; sourceTree = "<group>"; };
		A5CF9F2D207242FE0069FB30 /* DatePickerField.swift */ = {isa = PBXFileReference; fileEncoding = 4; lastKnownFileType = sourcecode.swift; path = DatePickerField.swift; sourceTree = "<group>"; };
		A5CF9F2E207242FE0069FB30 /* PickerViewField.swift */ = {isa = PBXFileReference; fileEncoding = 4; lastKnownFileType = sourcecode.swift; path = PickerViewField.swift; sourceTree = "<group>"; };
		A5CF9F2F207242FE0069FB30 /* BaseTextField.swift */ = {isa = PBXFileReference; fileEncoding = 4; lastKnownFileType = sourcecode.swift; path = BaseTextField.swift; sourceTree = "<group>"; };
		A5CF9F30207242FE0069FB30 /* ToolbarTextField.swift */ = {isa = PBXFileReference; fileEncoding = 4; lastKnownFileType = sourcecode.swift; path = ToolbarTextField.swift; sourceTree = "<group>"; };
		A5CF9F31207242FE0069FB30 /* PassTextField.swift */ = {isa = PBXFileReference; fileEncoding = 4; lastKnownFileType = sourcecode.swift; path = PassTextField.swift; sourceTree = "<group>"; };
		A5CF9F32207242FE0069FB30 /* EmailTextField.swift */ = {isa = PBXFileReference; fileEncoding = 4; lastKnownFileType = sourcecode.swift; path = EmailTextField.swift; sourceTree = "<group>"; };
		A5CF9F34207242FE0069FB30 /* DateSelectionHandlerSetting.swift */ = {isa = PBXFileReference; fileEncoding = 4; lastKnownFileType = sourcecode.swift; path = DateSelectionHandlerSetting.swift; sourceTree = "<group>"; };
		A5CF9F35207242FE0069FB30 /* DoneButtonHandlerSetting.swift */ = {isa = PBXFileReference; fileEncoding = 4; lastKnownFileType = sourcecode.swift; path = DoneButtonHandlerSetting.swift; sourceTree = "<group>"; };
		A5CF9F36207242FE0069FB30 /* DoneTitleSetting.swift.swift */ = {isa = PBXFileReference; fileEncoding = 4; lastKnownFileType = sourcecode.swift; path = DoneTitleSetting.swift.swift; sourceTree = "<group>"; };
		A5CF9F37207242FE0069FB30 /* PickerViewFieldReloading.swift */ = {isa = PBXFileReference; fileEncoding = 4; lastKnownFileType = sourcecode.swift; path = PickerViewFieldReloading.swift; sourceTree = "<group>"; };
/* End PBXFileReference section */

/* Begin PBXFrameworksBuildPhase section */
		A570571C1EF117C40092CDAB /* Frameworks */ = {
			isa = PBXFrameworksBuildPhase;
			buildActionMask = 2147483647;
			files = (
				33D3A46F31DAD41EB8D313C8 /* Pods_SwiftUtils.framework in Frameworks */,
			);
			runOnlyForDeploymentPostprocessing = 0;
		};
/* End PBXFrameworksBuildPhase section */

/* Begin PBXGroup section */
		5D4278C11FCE8ED3267A45A6 /* Pods */ = {
			isa = PBXGroup;
			children = (
				4F4F5465E59EA9B6DE358D33 /* Pods-SwiftUtils.debug.xcconfig */,
				27608888736C53EFEA326DBA /* Pods-SwiftUtils.release.xcconfig */,
			);
			name = Pods;
			sourceTree = "<group>";
		};
		A57057161EF117C40092CDAB = {
			isa = PBXGroup;
			children = (
				A5ABFB5B1F22356400548D89 /* Utils */,
				A57057211EF117C40092CDAB /* SwiftUtils */,
				A57057201EF117C40092CDAB /* Products */,
				5D4278C11FCE8ED3267A45A6 /* Pods */,
				B53F30DD3679F6C7ECA07164 /* Frameworks */,
			);
			sourceTree = "<group>";
		};
		A57057201EF117C40092CDAB /* Products */ = {
			isa = PBXGroup;
			children = (
				A570571F1EF117C40092CDAB /* SwiftUtils.app */,
			);
			name = Products;
			sourceTree = "<group>";
		};
		A57057211EF117C40092CDAB /* SwiftUtils */ = {
			isa = PBXGroup;
			children = (
				A5241C451FA74A02008463EE /* ScrollingViewController.swift */,
				A5241C3A1FA74A01008463EE /* ScrollingViewController.xib */,
				A5241C461FA74A02008463EE /* ViewController.swift */,
				A57057221EF117C40092CDAB /* AppDelegate.swift */,
				A57057261EF117C40092CDAB /* Main.storyboard */,
				A57057291EF117C40092CDAB /* Assets.xcassets */,
				A570572B1EF117C40092CDAB /* LaunchScreen.storyboard */,
				A570572E1EF117C40092CDAB /* Info.plist */,
			);
			path = SwiftUtils;
			sourceTree = "<group>";
		};
		A582AB8B1FD52C2100ECDE2F /* Photos Permissions */ = {
			isa = PBXGroup;
			children = (
				A582AB8C1FD52C2100ECDE2F /* PhotoLibraryPermissions.swift */,
			);
			path = "Photos Permissions";
			sourceTree = "<group>";
		};
		A582AB8D1FD52C2100ECDE2F /* Microphone Permissions */ = {
			isa = PBXGroup;
			children = (
				A582AB8E1FD52C2100ECDE2F /* MicrophonePermissions.swift */,
			);
			path = "Microphone Permissions";
			sourceTree = "<group>";
		};
		A582AB8F1FD52C2100ECDE2F /* Bluetooth Permissions */ = {
			isa = PBXGroup;
			children = (
				A582AB901FD52C2100ECDE2F /* BluetoothPermissions.swift */,
			);
			path = "Bluetooth Permissions";
			sourceTree = "<group>";
		};
		A582AB911FD52C2100ECDE2F /* Contacts Permissions */ = {
			isa = PBXGroup;
			children = (
				A582AB921FD52C2100ECDE2F /* ContactsPermissions.swift */,
			);
			path = "Contacts Permissions";
			sourceTree = "<group>";
		};
		A582AB931FD52C2100ECDE2F /* Location Permissions */ = {
			isa = PBXGroup;
			children = (
				A582AB941FD52C2100ECDE2F /* LocationPermissions.swift */,
			);
			path = "Location Permissions";
			sourceTree = "<group>";
		};
		A586ED9F1FD15992007749A5 /* Validation Service */ = {
			isa = PBXGroup;
			children = (
				A5CF9F26207242F40069FB30 /* ValidatorsRepository.swift */,
				A586EDA01FD159BA007749A5 /* Validators */,
			);
			path = "Validation Service";
			sourceTree = "<group>";
		};
		A586EDA01FD159BA007749A5 /* Validators */ = {
			isa = PBXGroup;
			children = (
				A586EDCF1FD15FAB007749A5 /* Validator.swift */,
				A586EDA11FD159BA007749A5 /* EmailValidator.swift */,
				A586EDA31FD159BA007749A5 /* PasswordValidator.swift */,
			);
			path = Validators;
			sourceTree = "<group>";
		};
		A586EDAE1FD15BF1007749A5 /* Networking */ = {
			isa = PBXGroup;
			children = (
				A58F3C61206D55DD00C263BF /* Helpers */,
				A586EDAF1FD15BF1007749A5 /* Network Protocols */,
				A586EDB31FD15BF1007749A5 /* MVP */,
				A586EDB81FD15BF1007749A5 /* Api Client */,
			);
			path = Networking;
			sourceTree = "<group>";
		};
		A586EDAF1FD15BF1007749A5 /* Network Protocols */ = {
			isa = PBXGroup;
			children = (
				A586EDB01FD15BF1007749A5 /* APIRequesting.swift */,
				A586EDB11FD15BF1007749A5 /* APIResponsing.swift */,
				A586EDB21FD15BF1007749A5 /* APIMultipartRequesting.swift */,
			);
			path = "Network Protocols";
			sourceTree = "<group>";
		};
		A586EDB31FD15BF1007749A5 /* MVP */ = {
			isa = PBXGroup;
			children = (
				A586EDB41FD15BF1007749A5 /* Request Processing */,
			);
			path = MVP;
			sourceTree = "<group>";
		};
		A586EDB41FD15BF1007749A5 /* Request Processing */ = {
			isa = PBXGroup;
			children = (
				A586EDB51FD15BF1007749A5 /* ActivityViewable.swift */,
				A586EDB61FD15BF1007749A5 /* RequestErrorHandling.swift */,
				A586EDB71FD15BF1007749A5 /* RequestExecuting.swift */,
			);
			path = "Request Processing";
			sourceTree = "<group>";
		};
		A586EDB81FD15BF1007749A5 /* Api Client */ = {
			isa = PBXGroup;
			children = (
				A586EDB91FD15BF1007749A5 /* APIClient.swift */,
			);
			path = "Api Client";
			sourceTree = "<group>";
		};
		A586EDC31FD15C05007749A5 /* Text Inputs Service */ = {
			isa = PBXGroup;
			children = (
				A586EDC41FD15C05007749A5 /* TextInputsManager.swift */,
				A586EDC51FD15C05007749A5 /* Public Protocols */,
			);
			path = "Text Inputs Service";
			sourceTree = "<group>";
		};
		A586EDC51FD15C05007749A5 /* Public Protocols */ = {
			isa = PBXGroup;
			children = (
				A586EDC61FD15C05007749A5 /* TextFieldsManagerReloading.swift */,
				A586EDC71FD15C05007749A5 /* TextInputsClearing.swift */,
				A586EDC81FD15C05007749A5 /* KeyboardHiding.swift */,
				A586EDC91FD15C05007749A5 /* FirstResponding.swift */,
			);
			path = "Public Protocols";
			sourceTree = "<group>";
		};
		A58F3C61206D55DD00C263BF /* Helpers */ = {
			isa = PBXGroup;
			children = (
				A5CF9F23207242EB0069FB30 /* Error Parsing Service */,
			);
			path = Helpers;
			sourceTree = "<group>";
		};
		A595A2B21FCD7FCD0017CA52 /* Utils */ = {
			isa = PBXGroup;
			children = (
				A5CF9F28207242FE0069FB30 /* Text Inputs */,
				A595A2B31FCD7FCD0017CA52 /* Data Sources */,
				A595A2D31FCD7FCD0017CA52 /* Dropdown */,
				A595A2FB1FCD7FCD0017CA52 /* Custom UI */,
				A595A2FE1FCD7FCD0017CA52 /* Decorators */,
				A595A31C1FCD7FCD0017CA52 /* Picker DataSource */,
				A595A31F1FCD7FCD0017CA52 /* Extensions */,
				A595A3371FCD7FCD0017CA52 /* Popups */,
				A595A33E1FCD7FCD0017CA52 /* Factories */,
				A595A3461FCD7FCD0017CA52 /* Protocols */,
				A595A3671FCD7FCD0017CA52 /* Helpers */,
				A595A3721FCD7FCD0017CA52 /* Services */,
			);
			path = Utils;
			sourceTree = "<group>";
		};
		A595A2B31FCD7FCD0017CA52 /* Data Sources */ = {
			isa = PBXGroup;
			children = (
				A595A2B41FCD7FCD0017CA52 /* Array */,
				A595A2B91FCD7FCD0017CA52 /* Required */,
				A595A2BD1FCD7FCD0017CA52 /* ReadMe.rtf */,
				A595A2BE1FCD7FCD0017CA52 /* Protocols */,
			);
			path = "Data Sources";
			sourceTree = "<group>";
		};
		A595A2B41FCD7FCD0017CA52 /* Array */ = {
			isa = PBXGroup;
			children = (
				A595A2B51FCD7FCD0017CA52 /* Collection View */,
				A595A2B71FCD7FCD0017CA52 /* Table View */,
			);
			path = Array;
			sourceTree = "<group>";
		};
		A595A2B51FCD7FCD0017CA52 /* Collection View */ = {
			isa = PBXGroup;
			children = (
				A595A2B61FCD7FCD0017CA52 /* CollectionViewArrayDataSource.swift */,
			);
			path = "Collection View";
			sourceTree = "<group>";
		};
		A595A2B71FCD7FCD0017CA52 /* Table View */ = {
			isa = PBXGroup;
			children = (
				A595A2B81FCD7FCD0017CA52 /* TableViewArrayDataSource.swift */,
			);
			path = "Table View";
			sourceTree = "<group>";
		};
		A595A2B91FCD7FCD0017CA52 /* Required */ = {
			isa = PBXGroup;
			children = (
				A595A2BA1FCD7FCD0017CA52 /* SectionModel.swift */,
				A595A2BB1FCD7FCD0017CA52 /* SectionFooter.swift */,
				A595A2BC1FCD7FCD0017CA52 /* SectionHeader.swift */,
			);
			path = Required;
			sourceTree = "<group>";
		};
		A595A2BE1FCD7FCD0017CA52 /* Protocols */ = {
			isa = PBXGroup;
			children = (
				A595A2BF1FCD7FCD0017CA52 /* Array */,
				A595A2C11FCD7FCD0017CA52 /* Features */,
				A595A2C91FCD7FCD0017CA52 /* Cell */,
				A595A2CC1FCD7FCD0017CA52 /* DataSourceRepresentable.swift */,
				A595A2CD1FCD7FCD0017CA52 /* Model */,
				A595A2CF1FCD7FCD0017CA52 /* DataSourceSectionRepresentable.swift */,
				A595A2D01FCD7FCD0017CA52 /* View */,
			);
			path = Protocols;
			sourceTree = "<group>";
		};
		A595A2BF1FCD7FCD0017CA52 /* Array */ = {
			isa = PBXGroup;
			children = (
				A595A2C01FCD7FCD0017CA52 /* ArrayDataSourceRepresentable.swift */,
			);
			path = Array;
			sourceTree = "<group>";
		};
		A595A2C11FCD7FCD0017CA52 /* Features */ = {
			isa = PBXGroup;
			children = (
				A595A2C21FCD7FCD0017CA52 /* Collection View */,
				A595A2C41FCD7FCD0017CA52 /* Table View */,
				A595A2C71FCD7FCD0017CA52 /* Base */,
			);
			path = Features;
			sourceTree = "<group>";
		};
		A595A2C21FCD7FCD0017CA52 /* Collection View */ = {
			isa = PBXGroup;
			children = (
				A595A2C31FCD7FCD0017CA52 /* CollectionViewRowMoving.swift */,
			);
			path = "Collection View";
			sourceTree = "<group>";
		};
		A595A2C41FCD7FCD0017CA52 /* Table View */ = {
			isa = PBXGroup;
			children = (
				A595A2C51FCD7FCD0017CA52 /* TableViewRowEditing.swift */,
				A595A2C61FCD7FCD0017CA52 /* TableViewRowMoving.swift */,
			);
			path = "Table View";
			sourceTree = "<group>";
		};
		A595A2C71FCD7FCD0017CA52 /* Base */ = {
			isa = PBXGroup;
			children = (
				A595A2C81FCD7FCD0017CA52 /* RowMoving.swift */,
			);
			path = Base;
			sourceTree = "<group>";
		};
		A595A2C91FCD7FCD0017CA52 /* Cell */ = {
			isa = PBXGroup;
			children = (
				A595A2CA1FCD7FCD0017CA52 /* ConfigurableCell.swift */,
				A595A2CB1FCD7FCD0017CA52 /* ReusableCell.swift */,
			);
			path = Cell;
			sourceTree = "<group>";
		};
		A595A2CD1FCD7FCD0017CA52 /* Model */ = {
			isa = PBXGroup;
			children = (
				A595A2CE1FCD7FCD0017CA52 /* DataSourceModel.swift */,
			);
			path = Model;
			sourceTree = "<group>";
		};
		A595A2D01FCD7FCD0017CA52 /* View */ = {
			isa = PBXGroup;
			children = (
				A595A2D11FCD7FCD0017CA52 /* ConfigurableView.swift */,
				A595A2D21FCD7FCD0017CA52 /* ReusableView.swift */,
			);
			path = View;
			sourceTree = "<group>";
		};
		A595A2D31FCD7FCD0017CA52 /* Dropdown */ = {
			isa = PBXGroup;
			children = (
				A595A2D41FCD7FCD0017CA52 /* Presenter */,
				A595A2D61FCD7FCD0017CA52 /* View */,
				A595A2DB1FCD7FCD0017CA52 /* Cell Model */,
			);
			path = Dropdown;
			sourceTree = "<group>";
		};
		A595A2D41FCD7FCD0017CA52 /* Presenter */ = {
			isa = PBXGroup;
			children = (
				A595A2D51FCD7FCD0017CA52 /* DropdownPresenter.swift */,
			);
			path = Presenter;
			sourceTree = "<group>";
		};
		A595A2D61FCD7FCD0017CA52 /* View */ = {
			isa = PBXGroup;
			children = (
				A595A2D71FCD7FCD0017CA52 /* DropdownCell.swift */,
				A595A2D81FCD7FCD0017CA52 /* DropdownView.swift */,
				A595A2D91FCD7FCD0017CA52 /* DropdownCell.xib */,
				A595A2DA1FCD7FCD0017CA52 /* DropdownView.xib */,
			);
			path = View;
			sourceTree = "<group>";
		};
		A595A2DB1FCD7FCD0017CA52 /* Cell Model */ = {
			isa = PBXGroup;
			children = (
				A595A2DC1FCD7FCD0017CA52 /* DropdownDataSourceModel.swift */,
			);
			path = "Cell Model";
			sourceTree = "<group>";
		};
		A595A2FB1FCD7FCD0017CA52 /* Custom UI */ = {
			isa = PBXGroup;
			children = (
				A595A2FC1FCD7FCD0017CA52 /* UIView */,
			);
			path = "Custom UI";
			sourceTree = "<group>";
		};
		A595A2FC1FCD7FCD0017CA52 /* UIView */ = {
			isa = PBXGroup;
			children = (
				A595A2FD1FCD7FCD0017CA52 /* XibLoadableView.swift */,
			);
			path = UIView;
			sourceTree = "<group>";
		};
		A595A2FE1FCD7FCD0017CA52 /* Decorators */ = {
			isa = PBXGroup;
			children = (
				A595A2FF1FCD7FCD0017CA52 /* UIView Decorators */,
				A595A3021FCD7FCD0017CA52 /* Decorator.swift */,
			);
			path = Decorators;
			sourceTree = "<group>";
		};
		A595A2FF1FCD7FCD0017CA52 /* UIView Decorators */ = {
			isa = PBXGroup;
			children = (
				A595A3001FCD7FCD0017CA52 /* SideImageDecorator.swift */,
				A595A3011FCD7FCD0017CA52 /* BottomBorderDecorator.swift */,
			);
			path = "UIView Decorators";
			sourceTree = "<group>";
		};
		A595A31C1FCD7FCD0017CA52 /* Picker DataSource */ = {
			isa = PBXGroup;
			children = (
				A595A31D1FCD7FCD0017CA52 /* PickerManager.swift */,
				A595A31E1FCD7FCD0017CA52 /* ReadMe.rtf */,
			);
			path = "Picker DataSource";
			sourceTree = "<group>";
		};
		A595A31F1FCD7FCD0017CA52 /* Extensions */ = {
			isa = PBXGroup;
			children = (
				A595A3201FCD7FCD0017CA52 /* UIColor */,
				A595A3221FCD7FCD0017CA52 /* UIView */,
				A595A3251FCD7FCD0017CA52 /* Array */,
				A595A3271FCD7FCD0017CA52 /* Location */,
				A595A3291FCD7FCD0017CA52 /* Other */,
				A595A32B1FCD7FCD0017CA52 /* Image */,
				A595A32D1FCD7FCD0017CA52 /* Dictionary */,
				A595A32F1FCD7FCD0017CA52 /* String */,
				A595A3331FCD7FCD0017CA52 /* Presentation */,
			);
			path = Extensions;
			sourceTree = "<group>";
		};
		A595A3201FCD7FCD0017CA52 /* UIColor */ = {
			isa = PBXGroup;
			children = (
				A595A3211FCD7FCD0017CA52 /* ColorExtension.swift */,
			);
			path = UIColor;
			sourceTree = "<group>";
		};
		A595A3221FCD7FCD0017CA52 /* UIView */ = {
			isa = PBXGroup;
			children = (
				A595A3231FCD7FCD0017CA52 /* DesignableView.swift */,
				A595A3241FCD7FCD0017CA52 /* UIView+Load.swift */,
			);
			path = UIView;
			sourceTree = "<group>";
		};
		A595A3251FCD7FCD0017CA52 /* Array */ = {
			isa = PBXGroup;
			children = (
				A595A3261FCD7FCD0017CA52 /* Array+JSON.swift */,
			);
			path = Array;
			sourceTree = "<group>";
		};
		A595A3271FCD7FCD0017CA52 /* Location */ = {
			isa = PBXGroup;
			children = (
				A595A3281FCD7FCD0017CA52 /* Location+String.swift */,
			);
			path = Location;
			sourceTree = "<group>";
		};
		A595A3291FCD7FCD0017CA52 /* Other */ = {
			isa = PBXGroup;
			children = (
				A595A32A1FCD7FCD0017CA52 /* UINavigationController+Utils.swift */,
			);
			path = Other;
			sourceTree = "<group>";
		};
		A595A32B1FCD7FCD0017CA52 /* Image */ = {
			isa = PBXGroup;
			children = (
				A595A32C1FCD7FCD0017CA52 /* Image+Resize.swift */,
			);
			path = Image;
			sourceTree = "<group>";
		};
		A595A32D1FCD7FCD0017CA52 /* Dictionary */ = {
			isa = PBXGroup;
			children = (
				A595A32E1FCD7FCD0017CA52 /* Dictionary+JSON.swift */,
			);
			path = Dictionary;
			sourceTree = "<group>";
		};
		A595A32F1FCD7FCD0017CA52 /* String */ = {
			isa = PBXGroup;
			children = (
				A595A3301FCD7FCD0017CA52 /* String+NSRange.swift */,
				A595A3311FCD7FCD0017CA52 /* String+Localizable.swift */,
				A595A3321FCD7FCD0017CA52 /* String+JSON.swift */,
			);
			path = String;
			sourceTree = "<group>";
		};
		A595A3331FCD7FCD0017CA52 /* Presentation */ = {
			isa = PBXGroup;
			children = (
				A595A3341FCD7FCD0017CA52 /* AlertController+AlertPresentable.swift */,
				A595A3351FCD7FCD0017CA52 /* UIViewContollrer+Presentable.swift */,
			);
			path = Presentation;
			sourceTree = "<group>";
		};
		A595A3371FCD7FCD0017CA52 /* Popups */ = {
			isa = PBXGroup;
			children = (
				A595A3381FCD7FCD0017CA52 /* Default */,
				A595A33D1FCD7FCD0017CA52 /* ReadMe.rtf */,
			);
			path = Popups;
			sourceTree = "<group>";
		};
		A595A3381FCD7FCD0017CA52 /* Default */ = {
			isa = PBXGroup;
			children = (
				A595A3391FCD7FCD0017CA52 /* Presenter */,
				A595A33B1FCD7FCD0017CA52 /* View */,
			);
			path = Default;
			sourceTree = "<group>";
		};
		A595A3391FCD7FCD0017CA52 /* Presenter */ = {
			isa = PBXGroup;
			children = (
				A595A33A1FCD7FCD0017CA52 /* PopupPresenter.swift */,
			);
			path = Presenter;
			sourceTree = "<group>";
		};
		A595A33B1FCD7FCD0017CA52 /* View */ = {
			isa = PBXGroup;
			children = (
				A595A33C1FCD7FCD0017CA52 /* PopupView.swift */,
			);
			path = View;
			sourceTree = "<group>";
		};
		A595A33E1FCD7FCD0017CA52 /* Factories */ = {
			isa = PBXGroup;
			children = (
				A58F3C6F206D561800C263BF /* AlertActionFactory.swift */,
				A58F3C6E206D561800C263BF /* ImagePickerFactory.swift */,
				A58F3C70206D561800C263BF /* PickerManagersFactory.swift */,
				A595A3401FCD7FCD0017CA52 /* WindowFactory.swift */,
			);
			path = Factories;
			sourceTree = "<group>";
		};
		A595A3461FCD7FCD0017CA52 /* Protocols */ = {
			isa = PBXGroup;
			children = (
				A595A3471FCD7FCD0017CA52 /* MVP */,
				A595A34C1FCD7FCD0017CA52 /* Alert */,
				A595A34E1FCD7FCD0017CA52 /* Ponsomiation */,
				A595A3501FCD7FCD0017CA52 /* Presentation */,
			);
			path = Protocols;
			sourceTree = "<group>";
		};
		A595A3471FCD7FCD0017CA52 /* MVP */ = {
			isa = PBXGroup;
			children = (
				A595A3481FCD7FCD0017CA52 /* Presenter */,
				A595A3491FCD7FCD0017CA52 /* View */,
			);
			path = MVP;
			sourceTree = "<group>";
		};
		A595A3481FCD7FCD0017CA52 /* Presenter */ = {
			isa = PBXGroup;
			children = (
			);
			path = Presenter;
			sourceTree = "<group>";
		};
		A595A3491FCD7FCD0017CA52 /* View */ = {
			isa = PBXGroup;
			children = (
				A595A34A1FCD7FCD0017CA52 /* Windowable.swift */,
				A595A34B1FCD7FCD0017CA52 /* Navigatable.swift */,
			);
			path = View;
			sourceTree = "<group>";
		};
		A595A34C1FCD7FCD0017CA52 /* Alert */ = {
			isa = PBXGroup;
			children = (
				A595A34D1FCD7FCD0017CA52 /* AlertViewable.swift */,
			);
			path = Alert;
			sourceTree = "<group>";
		};
		A595A34E1FCD7FCD0017CA52 /* Ponsomiation */ = {
			isa = PBXGroup;
			children = (
				A595A34F1FCD7FCD0017CA52 /* Ponsomizer.swift */,
			);
			path = Ponsomiation;
			sourceTree = "<group>";
		};
		A595A3501FCD7FCD0017CA52 /* Presentation */ = {
			isa = PBXGroup;
			children = (
				A595A3511FCD7FCD0017CA52 /* Presentable.swift */,
				A595A3521FCD7FCD0017CA52 /* AlertPresentable.swift */,
			);
			path = Presentation;
			sourceTree = "<group>";
		};
		A595A3671FCD7FCD0017CA52 /* Helpers */ = {
			isa = PBXGroup;
			children = (
				A595A3681FCD7FCD0017CA52 /* CollectionViewHelper.swift */,
				A595A3691FCD7FCD0017CA52 /* MapsHelper.swift */,
				A595A36A1FCD7FCD0017CA52 /* TableViewHelper.swift */,
				A595A36B1FCD7FCD0017CA52 /* DynamicHelper.swift */,
				A595A36C1FCD7FCD0017CA52 /* QueryStringParser.swift */,
				A595A36D1FCD7FCD0017CA52 /* RandomNumberHelper.swift */,
				A595A36E1FCD7FCD0017CA52 /* SocialNetworksHelper.swift */,
				A595A36F1FCD7FCD0017CA52 /* TableViewAnimator.swift */,
				A595A3701FCD7FCD0017CA52 /* ShareHelper.swift */,
				A595A3711FCD7FCD0017CA52 /* Utils.swift */,
			);
			path = Helpers;
			sourceTree = "<group>";
		};
		A595A3721FCD7FCD0017CA52 /* Services */ = {
			isa = PBXGroup;
			children = (
				A586EDAB1FD15B6D007749A5 /* ServicesRepository.swift */,
				A586EDC31FD15C05007749A5 /* Text Inputs Service */,
				A595A3731FCD7FCD0017CA52 /* Local Data Storage */,
				A586EDAE1FD15BF1007749A5 /* Networking */,
				A595A3921FCD7FCD0017CA52 /* User Default Service */,
				A595A3751FCD7FCD0017CA52 /* Timer Service */,
				A595A37F1FCD7FCD0017CA52 /* Keychain Service */,
				A586ED9F1FD15992007749A5 /* Validation Service */,
				A595A3811FCD7FCD0017CA52 /* Service Permissions */,
			);
			path = Services;
			sourceTree = "<group>";
		};
		A595A3731FCD7FCD0017CA52 /* Local Data Storage */ = {
			isa = PBXGroup;
			children = (
				A595A3741FCD7FCD0017CA52 /* LocalDataStorage.swift */,
			);
			path = "Local Data Storage";
			sourceTree = "<group>";
		};
		A595A3751FCD7FCD0017CA52 /* Timer Service */ = {
			isa = PBXGroup;
			children = (
				A595A3761FCD7FCD0017CA52 /* TimerService.swift */,
			);
			path = "Timer Service";
			sourceTree = "<group>";
		};
		A595A37F1FCD7FCD0017CA52 /* Keychain Service */ = {
			isa = PBXGroup;
			children = (
				A595A3801FCD7FCD0017CA52 /* KeychainService.swift */,
			);
			path = "Keychain Service";
			sourceTree = "<group>";
		};
		A595A3811FCD7FCD0017CA52 /* Service Permissions */ = {
			isa = PBXGroup;
			children = (
				A595A3881FCD7FCD0017CA52 /* Required */,
				A595A3821FCD7FCD0017CA52 /* Camera Permissions */,
				A582AB8B1FD52C2100ECDE2F /* Photos Permissions */,
				A582AB911FD52C2100ECDE2F /* Contacts Permissions */,
				A582AB8D1FD52C2100ECDE2F /* Microphone Permissions */,
				A582AB8F1FD52C2100ECDE2F /* Bluetooth Permissions */,
				A582AB931FD52C2100ECDE2F /* Location Permissions */,
			);
			path = "Service Permissions";
			sourceTree = "<group>";
		};
		A595A3821FCD7FCD0017CA52 /* Camera Permissions */ = {
			isa = PBXGroup;
			children = (
				A595A3831FCD7FCD0017CA52 /* CameraPermissions.swift */,
			);
			path = "Camera Permissions";
			sourceTree = "<group>";
		};
		A595A3881FCD7FCD0017CA52 /* Required */ = {
			isa = PBXGroup;
			children = (
				A595A38B1FCD7FCD0017CA52 /* ServicePermissions.swift */,
			);
			path = Required;
			sourceTree = "<group>";
		};
		A595A3921FCD7FCD0017CA52 /* User Default Service */ = {
			isa = PBXGroup;
			children = (
				A595A3931FCD7FCD0017CA52 /* UserDefaultsService.swift */,
			);
			path = "User Default Service";
			sourceTree = "<group>";
		};
		A5ABFB5B1F22356400548D89 /* Utils */ = {
			isa = PBXGroup;
			children = (
				A595A2B21FCD7FCD0017CA52 /* Utils */,
			);
			name = Utils;
			path = ../Utils;
			sourceTree = "<group>";
		};
		A5CF9F23207242EB0069FB30 /* Error Parsing Service */ = {
			isa = PBXGroup;
			children = (
				A5CF9F24207242EB0069FB30 /* ErrorParsingService.swift */,
			);
			path = "Error Parsing Service";
			sourceTree = "<group>";
		};
		A5CF9F28207242FE0069FB30 /* Text Inputs */ = {
			isa = PBXGroup;
			children = (
				A5CF9F29207242FE0069FB30 /* PickerTextField.swift */,
				A5CF9F2A207242FE0069FB30 /* ToolbarTextView.swift */,
				A5CF9F2B207242FE0069FB30 /* TextFieldAccessoryView */,
				A5CF9F2D207242FE0069FB30 /* DatePickerField.swift */,
				A5CF9F2E207242FE0069FB30 /* PickerViewField.swift */,
				A5CF9F2F207242FE0069FB30 /* BaseTextField.swift */,
				A5CF9F30207242FE0069FB30 /* ToolbarTextField.swift */,
				A5CF9F31207242FE0069FB30 /* PassTextField.swift */,
				A5CF9F32207242FE0069FB30 /* EmailTextField.swift */,
				A5CF9F33207242FE0069FB30 /* Public Protocols */,
			);
			path = "Text Inputs";
			sourceTree = "<group>";
		};
		A5CF9F2B207242FE0069FB30 /* TextFieldAccessoryView */ = {
			isa = PBXGroup;
			children = (
				A5CF9F2C207242FE0069FB30 /* TextFieldAccessoryView.swift */,
			);
			path = TextFieldAccessoryView;
			sourceTree = "<group>";
		};
		A5CF9F33207242FE0069FB30 /* Public Protocols */ = {
			isa = PBXGroup;
			children = (
				A5CF9F34207242FE0069FB30 /* DateSelectionHandlerSetting.swift */,
				A5CF9F35207242FE0069FB30 /* DoneButtonHandlerSetting.swift */,
				A5CF9F36207242FE0069FB30 /* DoneTitleSetting.swift.swift */,
				A5CF9F37207242FE0069FB30 /* PickerViewFieldReloading.swift */,
			);
			path = "Public Protocols";
			sourceTree = "<group>";
		};
		B53F30DD3679F6C7ECA07164 /* Frameworks */ = {
			isa = PBXGroup;
			children = (
				0158DFDDD7007ABA9DEDD9E8 /* Pods_SwiftUtils.framework */,
			);
			name = Frameworks;
			sourceTree = "<group>";
		};
/* End PBXGroup section */

/* Begin PBXNativeTarget section */
		A570571E1EF117C40092CDAB /* SwiftUtils */ = {
			isa = PBXNativeTarget;
			buildConfigurationList = A57057311EF117C40092CDAB /* Build configuration list for PBXNativeTarget "SwiftUtils" */;
			buildPhases = (
				DBED56923FE696EEF25F6C08 /* [CP] Check Pods Manifest.lock */,
				A570571B1EF117C40092CDAB /* Sources */,
				A570571C1EF117C40092CDAB /* Frameworks */,
				A570571D1EF117C40092CDAB /* Resources */,
				97F72AD777E5A757BD0592B6 /* [CP] Embed Pods Frameworks */,
				AA9CD171E3FFD3258AD7B38E /* [CP] Copy Pods Resources */,
			);
			buildRules = (
			);
			dependencies = (
			);
			name = SwiftUtils;
			productName = SwiftUtils;
			productReference = A570571F1EF117C40092CDAB /* SwiftUtils.app */;
			productType = "com.apple.product-type.application";
		};
/* End PBXNativeTarget section */

/* Begin PBXProject section */
		A57057171EF117C40092CDAB /* Project object */ = {
			isa = PBXProject;
			attributes = {
				LastSwiftUpdateCheck = 0830;
				LastUpgradeCheck = 0910;
				ORGANIZATIONNAME = Sergey;
				TargetAttributes = {
					A570571E1EF117C40092CDAB = {
						CreatedOnToolsVersion = 8.3.3;
						DevelopmentTeam = 29H3T5527V;
						LastSwiftMigration = 0900;
						ProvisioningStyle = Automatic;
					};
				};
			};
			buildConfigurationList = A570571A1EF117C40092CDAB /* Build configuration list for PBXProject "SwiftUtils" */;
			compatibilityVersion = "Xcode 3.2";
			developmentRegion = English;
			hasScannedForEncodings = 0;
			knownRegions = (
				en,
				Base,
			);
			mainGroup = A57057161EF117C40092CDAB;
			productRefGroup = A57057201EF117C40092CDAB /* Products */;
			projectDirPath = "";
			projectRoot = "";
			targets = (
				A570571E1EF117C40092CDAB /* SwiftUtils */,
			);
		};
/* End PBXProject section */

/* Begin PBXResourcesBuildPhase section */
		A570571D1EF117C40092CDAB /* Resources */ = {
			isa = PBXResourcesBuildPhase;
			buildActionMask = 2147483647;
			files = (
				A570572D1EF117C40092CDAB /* LaunchScreen.storyboard in Resources */,
				A595A3991FCD7FCE0017CA52 /* ReadMe.rtf in Resources */,
				A595A3AA1FCD7FCE0017CA52 /* DropdownView.xib in Resources */,
				A595A3D41FCD7FCE0017CA52 /* ReadMe.rtf in Resources */,
				A570572A1EF117C40092CDAB /* Assets.xcassets in Resources */,
				A5241C471FA74A02008463EE /* ScrollingViewController.xib in Resources */,
				A57057281EF117C40092CDAB /* Main.storyboard in Resources */,
				A595A3E41FCD7FCE0017CA52 /* ReadMe.rtf in Resources */,
				A595A3A91FCD7FCE0017CA52 /* DropdownCell.xib in Resources */,
			);
			runOnlyForDeploymentPostprocessing = 0;
		};
/* End PBXResourcesBuildPhase section */

/* Begin PBXShellScriptBuildPhase section */
		97F72AD777E5A757BD0592B6 /* [CP] Embed Pods Frameworks */ = {
			isa = PBXShellScriptBuildPhase;
			buildActionMask = 2147483647;
			files = (
			);
			inputPaths = (
				"${SRCROOT}/Pods/Target Support Files/Pods-SwiftUtils/Pods-SwiftUtils-frameworks.sh",
				"${BUILT_PRODUCTS_DIR}/AERecord/AERecord.framework",
				"${BUILT_PRODUCTS_DIR}/Alamofire/Alamofire.framework",
				"${BUILT_PRODUCTS_DIR}/NVActivityIndicatorView/NVActivityIndicatorView.framework",
				"${BUILT_PRODUCTS_DIR}/SwiftKeychainWrapper/SwiftKeychainWrapper.framework",
				"${BUILT_PRODUCTS_DIR}/SwiftyDrop/SwiftyDrop.framework",
			);
			name = "[CP] Embed Pods Frameworks";
			outputPaths = (
				"${TARGET_BUILD_DIR}/${FRAMEWORKS_FOLDER_PATH}/AERecord.framework",
				"${TARGET_BUILD_DIR}/${FRAMEWORKS_FOLDER_PATH}/Alamofire.framework",
				"${TARGET_BUILD_DIR}/${FRAMEWORKS_FOLDER_PATH}/NVActivityIndicatorView.framework",
				"${TARGET_BUILD_DIR}/${FRAMEWORKS_FOLDER_PATH}/SwiftKeychainWrapper.framework",
				"${TARGET_BUILD_DIR}/${FRAMEWORKS_FOLDER_PATH}/SwiftyDrop.framework",
			);
			runOnlyForDeploymentPostprocessing = 0;
			shellPath = /bin/sh;
			shellScript = "\"${SRCROOT}/Pods/Target Support Files/Pods-SwiftUtils/Pods-SwiftUtils-frameworks.sh\"\n";
			showEnvVarsInLog = 0;
		};
		AA9CD171E3FFD3258AD7B38E /* [CP] Copy Pods Resources */ = {
			isa = PBXShellScriptBuildPhase;
			buildActionMask = 2147483647;
			files = (
			);
			inputPaths = (
				"${SRCROOT}/Pods/Target Support Files/Pods-SwiftUtils/Pods-SwiftUtils-resources.sh",
				"${PODS_ROOT}/GoogleMaps/Maps/Frameworks/GoogleMaps.framework/Resources/GoogleMaps.bundle",
			);
			name = "[CP] Copy Pods Resources";
			outputPaths = (
				"${TARGET_BUILD_DIR}/${UNLOCALIZED_RESOURCES_FOLDER_PATH}",
			);
			runOnlyForDeploymentPostprocessing = 0;
			shellPath = /bin/sh;
			shellScript = "\"${SRCROOT}/Pods/Target Support Files/Pods-SwiftUtils/Pods-SwiftUtils-resources.sh\"\n";
			showEnvVarsInLog = 0;
		};
		DBED56923FE696EEF25F6C08 /* [CP] Check Pods Manifest.lock */ = {
			isa = PBXShellScriptBuildPhase;
			buildActionMask = 2147483647;
			files = (
			);
			inputPaths = (
				"${PODS_PODFILE_DIR_PATH}/Podfile.lock",
				"${PODS_ROOT}/Manifest.lock",
			);
			name = "[CP] Check Pods Manifest.lock";
			outputPaths = (
				"$(DERIVED_FILE_DIR)/Pods-SwiftUtils-checkManifestLockResult.txt",
			);
			runOnlyForDeploymentPostprocessing = 0;
			shellPath = /bin/sh;
			shellScript = "diff \"${PODS_PODFILE_DIR_PATH}/Podfile.lock\" \"${PODS_ROOT}/Manifest.lock\" > /dev/null\nif [ $? != 0 ] ; then\n    # print error to STDERR\n    echo \"error: The sandbox is not in sync with the Podfile.lock. Run 'pod install' or update your CocoaPods installation.\" >&2\n    exit 1\nfi\n# This output is used by Xcode 'outputs' to avoid re-running this script phase.\necho \"SUCCESS\" > \"${SCRIPT_OUTPUT_FILE_0}\"\n";
			showEnvVarsInLog = 0;
		};
/* End PBXShellScriptBuildPhase section */

/* Begin PBXSourcesBuildPhase section */
		A570571B1EF117C40092CDAB /* Sources */ = {
			isa = PBXSourcesBuildPhase;
			buildActionMask = 2147483647;
			files = (
				A5CF9F27207242F40069FB30 /* ValidatorsRepository.swift in Sources */,
				A595A3F01FCD7FCE0017CA52 /* AlertPresentable.swift in Sources */,
				A595A39C1FCD7FCE0017CA52 /* TableViewRowEditing.swift in Sources */,
				A5CF9F44207242FE0069FB30 /* PickerViewFieldReloading.swift in Sources */,
				A586EDC01FD15BF1007749A5 /* RequestExecuting.swift in Sources */,
				A586EDAC1FD15B6D007749A5 /* ServicesRepository.swift in Sources */,
				A595A3C31FCD7FCE0017CA52 /* Decorator.swift in Sources */,
				A586EDBB1FD15BF1007749A5 /* APIRequesting.swift in Sources */,
				A595A4031FCD7FCE0017CA52 /* TableViewAnimator.swift in Sources */,
				A5CF9F43207242FE0069FB30 /* DoneTitleSetting.swift.swift in Sources */,
				A595A3D61FCD7FCE0017CA52 /* DesignableView.swift in Sources */,
				A58F3C74206D561800C263BF /* PickerManagersFactory.swift in Sources */,
				A595A3A31FCD7FCE0017CA52 /* DataSourceSectionRepresentable.swift in Sources */,
				A595A3D81FCD7FCE0017CA52 /* Array+JSON.swift in Sources */,
				A595A40D1FCD7FCE0017CA52 /* CameraPermissions.swift in Sources */,
				A595A3EC1FCD7FCE0017CA52 /* Navigatable.swift in Sources */,
				A595A3E61FCD7FCE0017CA52 /* WindowFactory.swift in Sources */,
				A595A39E1FCD7FCE0017CA52 /* RowMoving.swift in Sources */,
				A595A4061FCD7FCE0017CA52 /* LocalDataStorage.swift in Sources */,
				A5CF9F25207242EB0069FB30 /* ErrorParsingService.swift in Sources */,
				A595A3DF1FCD7FCE0017CA52 /* String+JSON.swift in Sources */,
				A595A4041FCD7FCE0017CA52 /* ShareHelper.swift in Sources */,
				A595A3DB1FCD7FCE0017CA52 /* Image+Resize.swift in Sources */,
				A595A3A11FCD7FCE0017CA52 /* DataSourceRepresentable.swift in Sources */,
				A586EDD01FD15FAB007749A5 /* Validator.swift in Sources */,
				A5CF9F42207242FE0069FB30 /* DoneButtonHandlerSetting.swift in Sources */,
				A58F3C73206D561800C263BF /* AlertActionFactory.swift in Sources */,
				A586EDBD1FD15BF1007749A5 /* APIMultipartRequesting.swift in Sources */,
				A595A3A81FCD7FCE0017CA52 /* DropdownView.swift in Sources */,
				A595A3C01FCD7FCE0017CA52 /* XibLoadableView.swift in Sources */,
				A582AB951FD52C2200ECDE2F /* PhotoLibraryPermissions.swift in Sources */,
				A595A3A51FCD7FCE0017CA52 /* ReusableView.swift in Sources */,
				A586EDCA1FD15C05007749A5 /* TextInputsManager.swift in Sources */,
				A595A4161FCD7FCE0017CA52 /* UserDefaultsService.swift in Sources */,
				A595A3E01FCD7FCE0017CA52 /* AlertController+AlertPresentable.swift in Sources */,
				A595A3FE1FCD7FCE0017CA52 /* TableViewHelper.swift in Sources */,
				A5CF9F3F207242FE0069FB30 /* PassTextField.swift in Sources */,
				A586EDBC1FD15BF1007749A5 /* APIResponsing.swift in Sources */,
				A595A4071FCD7FCE0017CA52 /* TimerService.swift in Sources */,
				A586EDC11FD15BF1007749A5 /* APIClient.swift in Sources */,
				A595A3DA1FCD7FCE0017CA52 /* UINavigationController+Utils.swift in Sources */,
				A586EDCD1FD15C05007749A5 /* KeyboardHiding.swift in Sources */,
				A582AB991FD52C2200ECDE2F /* LocationPermissions.swift in Sources */,
				A595A3E21FCD7FCE0017CA52 /* PopupPresenter.swift in Sources */,
				A582AB981FD52C2200ECDE2F /* ContactsPermissions.swift in Sources */,
				A595A3AB1FCD7FCE0017CA52 /* DropdownDataSourceModel.swift in Sources */,
				A595A3A01FCD7FCE0017CA52 /* ReusableCell.swift in Sources */,
				A595A3EE1FCD7FCE0017CA52 /* Ponsomizer.swift in Sources */,
				A582AB961FD52C2200ECDE2F /* MicrophonePermissions.swift in Sources */,
				A595A4011FCD7FCE0017CA52 /* RandomNumberHelper.swift in Sources */,
				A595A39D1FCD7FCE0017CA52 /* TableViewRowMoving.swift in Sources */,
				A5CF9F38207242FE0069FB30 /* PickerTextField.swift in Sources */,
				A5CF9F3D207242FE0069FB30 /* BaseTextField.swift in Sources */,
				A595A40C1FCD7FCE0017CA52 /* KeychainService.swift in Sources */,
				A595A4121FCD7FCE0017CA52 /* ServicePermissions.swift in Sources */,
				A595A39A1FCD7FCE0017CA52 /* ArrayDataSourceRepresentable.swift in Sources */,
				A595A3C21FCD7FCE0017CA52 /* BottomBorderDecorator.swift in Sources */,
				A58F3C72206D561800C263BF /* ImagePickerFactory.swift in Sources */,
				A586EDBF1FD15BF1007749A5 /* RequestErrorHandling.swift in Sources */,
				A586EDA51FD159BA007749A5 /* EmailValidator.swift in Sources */,
				A595A3D31FCD7FCE0017CA52 /* PickerManager.swift in Sources */,
				A595A3951FCD7FCE0017CA52 /* TableViewArrayDataSource.swift in Sources */,
				A5CF9F3C207242FE0069FB30 /* PickerViewField.swift in Sources */,
				A586EDCE1FD15C05007749A5 /* FirstResponding.swift in Sources */,
				A586EDCB1FD15C05007749A5 /* TextFieldsManagerReloading.swift in Sources */,
				A5241C511FA74A02008463EE /* ScrollingViewController.swift in Sources */,
				A595A3E11FCD7FCE0017CA52 /* UIViewContollrer+Presentable.swift in Sources */,
				A595A39F1FCD7FCE0017CA52 /* ConfigurableCell.swift in Sources */,
				A595A3D71FCD7FCE0017CA52 /* UIView+Load.swift in Sources */,
				A595A39B1FCD7FCE0017CA52 /* CollectionViewRowMoving.swift in Sources */,
				A595A3DD1FCD7FCE0017CA52 /* String+NSRange.swift in Sources */,
				A5CF9F40207242FE0069FB30 /* EmailTextField.swift in Sources */,
				A595A3EB1FCD7FCE0017CA52 /* Windowable.swift in Sources */,
				A595A3A41FCD7FCE0017CA52 /* ConfigurableView.swift in Sources */,
				A57057231EF117C40092CDAB /* AppDelegate.swift in Sources */,
				A586EDBE1FD15BF1007749A5 /* ActivityViewable.swift in Sources */,
				A595A3971FCD7FCE0017CA52 /* SectionFooter.swift in Sources */,
				A582AB971FD52C2200ECDE2F /* BluetoothPermissions.swift in Sources */,
				A5CF9F3A207242FE0069FB30 /* TextFieldAccessoryView.swift in Sources */,
				A595A3EF1FCD7FCE0017CA52 /* Presentable.swift in Sources */,
				A5CF9F39207242FE0069FB30 /* ToolbarTextView.swift in Sources */,
				A595A3A61FCD7FCE0017CA52 /* DropdownPresenter.swift in Sources */,
				A5241C521FA74A02008463EE /* ViewController.swift in Sources */,
				A595A3DC1FCD7FCE0017CA52 /* Dictionary+JSON.swift in Sources */,
				A586EDCC1FD15C05007749A5 /* TextInputsClearing.swift in Sources */,
				A595A3941FCD7FCE0017CA52 /* CollectionViewArrayDataSource.swift in Sources */,
				A5CF9F3E207242FE0069FB30 /* ToolbarTextField.swift in Sources */,
				A595A4051FCD7FCE0017CA52 /* Utils.swift in Sources */,
				A595A4001FCD7FCE0017CA52 /* QueryStringParser.swift in Sources */,
				A595A3981FCD7FCE0017CA52 /* SectionHeader.swift in Sources */,
				A595A3FC1FCD7FCE0017CA52 /* CollectionViewHelper.swift in Sources */,
				A595A3D51FCD7FCE0017CA52 /* ColorExtension.swift in Sources */,
				A595A3DE1FCD7FCE0017CA52 /* String+Localizable.swift in Sources */,
				A586EDA71FD159BA007749A5 /* PasswordValidator.swift in Sources */,
				A595A3C11FCD7FCE0017CA52 /* SideImageDecorator.swift in Sources */,
				A595A3FF1FCD7FCE0017CA52 /* DynamicHelper.swift in Sources */,
				A595A3E31FCD7FCE0017CA52 /* PopupView.swift in Sources */,
				A595A3A21FCD7FCE0017CA52 /* DataSourceModel.swift in Sources */,
				A5CF9F41207242FE0069FB30 /* DateSelectionHandlerSetting.swift in Sources */,
				A595A3A71FCD7FCE0017CA52 /* DropdownCell.swift in Sources */,
				A595A4021FCD7FCE0017CA52 /* SocialNetworksHelper.swift in Sources */,
				A5CF9F3B207242FE0069FB30 /* DatePickerField.swift in Sources */,
				A595A3FD1FCD7FCE0017CA52 /* MapsHelper.swift in Sources */,
				A595A3961FCD7FCE0017CA52 /* SectionModel.swift in Sources */,
				A595A3D91FCD7FCE0017CA52 /* Location+String.swift in Sources */,
				A595A3ED1FCD7FCE0017CA52 /* AlertViewable.swift in Sources */,
			);
			runOnlyForDeploymentPostprocessing = 0;
		};
/* End PBXSourcesBuildPhase section */

/* Begin PBXVariantGroup section */
		A57057261EF117C40092CDAB /* Main.storyboard */ = {
			isa = PBXVariantGroup;
			children = (
				A57057271EF117C40092CDAB /* Base */,
			);
			name = Main.storyboard;
			sourceTree = "<group>";
		};
		A570572B1EF117C40092CDAB /* LaunchScreen.storyboard */ = {
			isa = PBXVariantGroup;
			children = (
				A570572C1EF117C40092CDAB /* Base */,
			);
			name = LaunchScreen.storyboard;
			sourceTree = "<group>";
		};
/* End PBXVariantGroup section */

/* Begin XCBuildConfiguration section */
		A570572F1EF117C40092CDAB /* Debug */ = {
			isa = XCBuildConfiguration;
			buildSettings = {
				ALWAYS_SEARCH_USER_PATHS = NO;
				CLANG_ANALYZER_NONNULL = YES;
				CLANG_ANALYZER_NUMBER_OBJECT_CONVERSION = YES_AGGRESSIVE;
				CLANG_CXX_LANGUAGE_STANDARD = "gnu++0x";
				CLANG_CXX_LIBRARY = "libc++";
				CLANG_ENABLE_MODULES = YES;
				CLANG_ENABLE_OBJC_ARC = YES;
				CLANG_WARN_BLOCK_CAPTURE_AUTORELEASING = YES;
				CLANG_WARN_BOOL_CONVERSION = YES;
				CLANG_WARN_COMMA = YES;
				CLANG_WARN_CONSTANT_CONVERSION = YES;
				CLANG_WARN_DIRECT_OBJC_ISA_USAGE = YES_ERROR;
				CLANG_WARN_DOCUMENTATION_COMMENTS = YES;
				CLANG_WARN_EMPTY_BODY = YES;
				CLANG_WARN_ENUM_CONVERSION = YES;
				CLANG_WARN_INFINITE_RECURSION = YES;
				CLANG_WARN_INT_CONVERSION = YES;
				CLANG_WARN_NON_LITERAL_NULL_CONVERSION = YES;
				CLANG_WARN_OBJC_LITERAL_CONVERSION = YES;
				CLANG_WARN_OBJC_ROOT_CLASS = YES_ERROR;
				CLANG_WARN_RANGE_LOOP_ANALYSIS = YES;
				CLANG_WARN_STRICT_PROTOTYPES = YES;
				CLANG_WARN_SUSPICIOUS_MOVE = YES;
				CLANG_WARN_UNREACHABLE_CODE = YES;
				CLANG_WARN__DUPLICATE_METHOD_MATCH = YES;
				"CODE_SIGN_IDENTITY[sdk=iphoneos*]" = "iPhone Developer";
				COPY_PHASE_STRIP = NO;
				DEBUG_INFORMATION_FORMAT = dwarf;
				ENABLE_STRICT_OBJC_MSGSEND = YES;
				ENABLE_TESTABILITY = YES;
				GCC_C_LANGUAGE_STANDARD = gnu99;
				GCC_DYNAMIC_NO_PIC = NO;
				GCC_NO_COMMON_BLOCKS = YES;
				GCC_OPTIMIZATION_LEVEL = 0;
				GCC_PREPROCESSOR_DEFINITIONS = (
					"DEBUG=1",
					"$(inherited)",
				);
				GCC_WARN_64_TO_32_BIT_CONVERSION = YES;
				GCC_WARN_ABOUT_RETURN_TYPE = YES_ERROR;
				GCC_WARN_UNDECLARED_SELECTOR = YES;
				GCC_WARN_UNINITIALIZED_AUTOS = YES_AGGRESSIVE;
				GCC_WARN_UNUSED_FUNCTION = YES;
				GCC_WARN_UNUSED_VARIABLE = YES;
				IPHONEOS_DEPLOYMENT_TARGET = 10.3;
				MTL_ENABLE_DEBUG_INFO = YES;
				ONLY_ACTIVE_ARCH = YES;
				SDKROOT = iphoneos;
				SWIFT_ACTIVE_COMPILATION_CONDITIONS = DEBUG;
				SWIFT_OPTIMIZATION_LEVEL = "-Onone";
			};
			name = Debug;
		};
		A57057301EF117C40092CDAB /* Release */ = {
			isa = XCBuildConfiguration;
			buildSettings = {
				ALWAYS_SEARCH_USER_PATHS = NO;
				CLANG_ANALYZER_NONNULL = YES;
				CLANG_ANALYZER_NUMBER_OBJECT_CONVERSION = YES_AGGRESSIVE;
				CLANG_CXX_LANGUAGE_STANDARD = "gnu++0x";
				CLANG_CXX_LIBRARY = "libc++";
				CLANG_ENABLE_MODULES = YES;
				CLANG_ENABLE_OBJC_ARC = YES;
				CLANG_WARN_BLOCK_CAPTURE_AUTORELEASING = YES;
				CLANG_WARN_BOOL_CONVERSION = YES;
				CLANG_WARN_COMMA = YES;
				CLANG_WARN_CONSTANT_CONVERSION = YES;
				CLANG_WARN_DIRECT_OBJC_ISA_USAGE = YES_ERROR;
				CLANG_WARN_DOCUMENTATION_COMMENTS = YES;
				CLANG_WARN_EMPTY_BODY = YES;
				CLANG_WARN_ENUM_CONVERSION = YES;
				CLANG_WARN_INFINITE_RECURSION = YES;
				CLANG_WARN_INT_CONVERSION = YES;
				CLANG_WARN_NON_LITERAL_NULL_CONVERSION = YES;
				CLANG_WARN_OBJC_LITERAL_CONVERSION = YES;
				CLANG_WARN_OBJC_ROOT_CLASS = YES_ERROR;
				CLANG_WARN_RANGE_LOOP_ANALYSIS = YES;
				CLANG_WARN_STRICT_PROTOTYPES = YES;
				CLANG_WARN_SUSPICIOUS_MOVE = YES;
				CLANG_WARN_UNREACHABLE_CODE = YES;
				CLANG_WARN__DUPLICATE_METHOD_MATCH = YES;
				"CODE_SIGN_IDENTITY[sdk=iphoneos*]" = "iPhone Developer";
				COPY_PHASE_STRIP = NO;
				DEBUG_INFORMATION_FORMAT = "dwarf-with-dsym";
				ENABLE_NS_ASSERTIONS = NO;
				ENABLE_STRICT_OBJC_MSGSEND = YES;
				GCC_C_LANGUAGE_STANDARD = gnu99;
				GCC_NO_COMMON_BLOCKS = YES;
				GCC_WARN_64_TO_32_BIT_CONVERSION = YES;
				GCC_WARN_ABOUT_RETURN_TYPE = YES_ERROR;
				GCC_WARN_UNDECLARED_SELECTOR = YES;
				GCC_WARN_UNINITIALIZED_AUTOS = YES_AGGRESSIVE;
				GCC_WARN_UNUSED_FUNCTION = YES;
				GCC_WARN_UNUSED_VARIABLE = YES;
				IPHONEOS_DEPLOYMENT_TARGET = 10.3;
				MTL_ENABLE_DEBUG_INFO = NO;
				SDKROOT = iphoneos;
				SWIFT_OPTIMIZATION_LEVEL = "-Owholemodule";
				VALIDATE_PRODUCT = YES;
			};
			name = Release;
		};
		A57057321EF117C40092CDAB /* Debug */ = {
			isa = XCBuildConfiguration;
			baseConfigurationReference = 4F4F5465E59EA9B6DE358D33 /* Pods-SwiftUtils.debug.xcconfig */;
			buildSettings = {
				ASSETCATALOG_COMPILER_APPICON_NAME = AppIcon;
				DEVELOPMENT_TEAM = 29H3T5527V;
				INFOPLIST_FILE = SwiftUtils/Info.plist;
				IPHONEOS_DEPLOYMENT_TARGET = 10.0;
				LD_RUNPATH_SEARCH_PATHS = "$(inherited) @executable_path/Frameworks";
				PRODUCT_BUNDLE_IDENTIFIER = com.grossum.SwiftUtils;
				PRODUCT_NAME = "$(TARGET_NAME)";
				SWIFT_SWIFT3_OBJC_INFERENCE = On;
				SWIFT_VERSION = 4.0;
			};
			name = Debug;
		};
		A57057331EF117C40092CDAB /* Release */ = {
			isa = XCBuildConfiguration;
			baseConfigurationReference = 27608888736C53EFEA326DBA /* Pods-SwiftUtils.release.xcconfig */;
			buildSettings = {
				ASSETCATALOG_COMPILER_APPICON_NAME = AppIcon;
				DEVELOPMENT_TEAM = 29H3T5527V;
				INFOPLIST_FILE = SwiftUtils/Info.plist;
				IPHONEOS_DEPLOYMENT_TARGET = 10.0;
				LD_RUNPATH_SEARCH_PATHS = "$(inherited) @executable_path/Frameworks";
				PRODUCT_BUNDLE_IDENTIFIER = com.grossum.SwiftUtils;
				PRODUCT_NAME = "$(TARGET_NAME)";
				SWIFT_SWIFT3_OBJC_INFERENCE = On;
				SWIFT_VERSION = 4.0;
			};
			name = Release;
		};
/* End XCBuildConfiguration section */

/* Begin XCConfigurationList section */
		A570571A1EF117C40092CDAB /* Build configuration list for PBXProject "SwiftUtils" */ = {
			isa = XCConfigurationList;
			buildConfigurations = (
				A570572F1EF117C40092CDAB /* Debug */,
				A57057301EF117C40092CDAB /* Release */,
			);
			defaultConfigurationIsVisible = 0;
			defaultConfigurationName = Release;
		};
		A57057311EF117C40092CDAB /* Build configuration list for PBXNativeTarget "SwiftUtils" */ = {
			isa = XCConfigurationList;
			buildConfigurations = (
				A57057321EF117C40092CDAB /* Debug */,
				A57057331EF117C40092CDAB /* Release */,
			);
			defaultConfigurationIsVisible = 0;
			defaultConfigurationName = Release;
		};
/* End XCConfigurationList section */
	};
	rootObject = A57057171EF117C40092CDAB /* Project object */;
}
