// !$*UTF8*$!
{
	archiveVersion = 1;
	classes = {
	};
	objectVersion = 46;
	objects = {

/* Begin PBXBuildFile section */
		044F24F01DD4D06400944819 /* AppDelegate+LocationService.swift in Sources */ = {isa = PBXBuildFile; fileRef = 044F24EF1DD4D06400944819 /* AppDelegate+LocationService.swift */; };
		045970A51D64B26100C45A1D /* testJSON.txt in Resources */ = {isa = PBXBuildFile; fileRef = 045970A41D64B26100C45A1D /* testJSON.txt */; };
		048A7F911DC9ED0000DF1E7A /* ExampleViewController.swift in Sources */ = {isa = PBXBuildFile; fileRef = 048A7F901DC9ED0000DF1E7A /* ExampleViewController.swift */; };
		049161F21D3E05A000E01686 /* AppDelegate.swift in Sources */ = {isa = PBXBuildFile; fileRef = 049161EF1D3E05A000E01686 /* AppDelegate.swift */; };
		A553C4821E13A13D005E641A /* ConverterTests.swift in Sources */ = {isa = PBXBuildFile; fileRef = A553C4811E13A13D005E641A /* ConverterTests.swift */; };
		A57C56221D97BFCD00D744FC /* Storyboard.storyboard in Resources */ = {isa = PBXBuildFile; fileRef = A57C56211D97BFCD00D744FC /* Storyboard.storyboard */; };
		A58C09B31D3B65D300D4A3FD /* ValidatorsTests.swift in Sources */ = {isa = PBXBuildFile; fileRef = A58C09B21D3B65D300D4A3FD /* ValidatorsTests.swift */; };
		A5ADBF221D3802D600EB7212 /* Assets.xcassets in Resources */ = {isa = PBXBuildFile; fileRef = A5ADBF211D3802D600EB7212 /* Assets.xcassets */; };
		A5ADBF251D3802D600EB7212 /* LaunchScreen.storyboard in Resources */ = {isa = PBXBuildFile; fileRef = A5ADBF231D3802D600EB7212 /* LaunchScreen.storyboard */; };
		A5D468721E82D543000EC0CE /* AppDelegate+ChangePassword.swift in Sources */ = {isa = PBXBuildFile; fileRef = A5D467F51E82D543000EC0CE /* AppDelegate+ChangePassword.swift */; };
		A5D468731E82D543000EC0CE /* AlertActionBuilder.swift in Sources */ = {isa = PBXBuildFile; fileRef = A5D467F71E82D543000EC0CE /* AlertActionBuilder.swift */; };
		A5D468741E82D543000EC0CE /* AlertBuilder.swift in Sources */ = {isa = PBXBuildFile; fileRef = A5D467F81E82D543000EC0CE /* AlertBuilder.swift */; };
		A5D468751E82D543000EC0CE /* MailBuilder.swift in Sources */ = {isa = PBXBuildFile; fileRef = A5D467F91E82D543000EC0CE /* MailBuilder.swift */; };
		A5D468761E82D543000EC0CE /* WindowBuilder.swift in Sources */ = {isa = PBXBuildFile; fileRef = A5D467FA1E82D543000EC0CE /* WindowBuilder.swift */; };
		A5D468771E82D543000EC0CE /* ArrayDataSource.swift in Sources */ = {isa = PBXBuildFile; fileRef = A5D467FC1E82D543000EC0CE /* ArrayDataSource.swift */; };
		A5D468781E82D543000EC0CE /* CollectionViewArrayDataSource.swift in Sources */ = {isa = PBXBuildFile; fileRef = A5D467FF1E82D543000EC0CE /* CollectionViewArrayDataSource.swift */; };
		A5D468791E82D543000EC0CE /* CollectionViewFRCDataSource.swift in Sources */ = {isa = PBXBuildFile; fileRef = A5D468011E82D543000EC0CE /* CollectionViewFRCDataSource.swift */; };
		A5D4687A1E82D543000EC0CE /* FRCDataSource.swift in Sources */ = {isa = PBXBuildFile; fileRef = A5D468021E82D543000EC0CE /* FRCDataSource.swift */; };
		A5D4687B1E82D543000EC0CE /* AbstractDataSource.swift in Sources */ = {isa = PBXBuildFile; fileRef = A5D468041E82D543000EC0CE /* AbstractDataSource.swift */; };
		A5D4687C1E82D543000EC0CE /* ConfigurableCell.swift in Sources */ = {isa = PBXBuildFile; fileRef = A5D468051E82D543000EC0CE /* ConfigurableCell.swift */; };
		A5D4687D1E82D543000EC0CE /* DataSourceViewModel.swift in Sources */ = {isa = PBXBuildFile; fileRef = A5D468061E82D543000EC0CE /* DataSourceViewModel.swift */; };
		A5D4687E1E82D543000EC0CE /* ReusableCell.swift in Sources */ = {isa = PBXBuildFile; fileRef = A5D468071E82D543000EC0CE /* ReusableCell.swift */; };
		A5D4687F1E82D543000EC0CE /* SectionModel.swift in Sources */ = {isa = PBXBuildFile; fileRef = A5D468081E82D543000EC0CE /* SectionModel.swift */; };
		A5D468801E82D543000EC0CE /* TableViewArrayDataSource.swift in Sources */ = {isa = PBXBuildFile; fileRef = A5D4680B1E82D543000EC0CE /* TableViewArrayDataSource.swift */; };
		A5D468811E82D543000EC0CE /* TableViewFRCDataSource.swift in Sources */ = {isa = PBXBuildFile; fileRef = A5D4680D1E82D543000EC0CE /* TableViewFRCDataSource.swift */; };
		A5D468821E82D543000EC0CE /* ArrayCollectionViewModelProtocol.swift in Sources */ = {isa = PBXBuildFile; fileRef = A5D468101E82D543000EC0CE /* ArrayCollectionViewModelProtocol.swift */; };
		A5D468831E82D543000EC0CE /* ArrayCollectionViewProtocol.swift in Sources */ = {isa = PBXBuildFile; fileRef = A5D468111E82D543000EC0CE /* ArrayCollectionViewProtocol.swift */; };
		A5D468841E82D543000EC0CE /* FRCCollectionViewModelProtocol.swift in Sources */ = {isa = PBXBuildFile; fileRef = A5D468131E82D543000EC0CE /* FRCCollectionViewModelProtocol.swift */; };
		A5D468851E82D543000EC0CE /* FRCCollectionViewProtocol.swift in Sources */ = {isa = PBXBuildFile; fileRef = A5D468141E82D543000EC0CE /* FRCCollectionViewProtocol.swift */; };
		A5D468861E82D543000EC0CE /* ArrayTableViewModelProtocol.swift in Sources */ = {isa = PBXBuildFile; fileRef = A5D468161E82D543000EC0CE /* ArrayTableViewModelProtocol.swift */; };
		A5D468871E82D543000EC0CE /* ArrayTableViewProtocol.swift in Sources */ = {isa = PBXBuildFile; fileRef = A5D468171E82D543000EC0CE /* ArrayTableViewProtocol.swift */; };
		A5D468881E82D543000EC0CE /* FRCTableViewModelProtocol.swift in Sources */ = {isa = PBXBuildFile; fileRef = A5D468191E82D543000EC0CE /* FRCTableViewModelProtocol.swift */; };
		A5D468891E82D543000EC0CE /* FRCTableViewProtocol.swift in Sources */ = {isa = PBXBuildFile; fileRef = A5D4681A1E82D543000EC0CE /* FRCTableViewProtocol.swift */; };
		A5D4688A1E82D543000EC0CE /* AlertAction+Handler.swift in Sources */ = {isa = PBXBuildFile; fileRef = A5D4681C1E82D543000EC0CE /* AlertAction+Handler.swift */; };
		A5D4688B1E82D543000EC0CE /* AlertController+PresentationProtocol.swift in Sources */ = {isa = PBXBuildFile; fileRef = A5D4681D1E82D543000EC0CE /* AlertController+PresentationProtocol.swift */; };
		A5D4688C1E82D543000EC0CE /* ColorExtension.swift in Sources */ = {isa = PBXBuildFile; fileRef = A5D4681E1E82D543000EC0CE /* ColorExtension.swift */; };
		A5D4688D1E82D543000EC0CE /* DesignableViewExtension.swift in Sources */ = {isa = PBXBuildFile; fileRef = A5D4681F1E82D543000EC0CE /* DesignableViewExtension.swift */; };
		A5D4688E1E82D543000EC0CE /* ImagePickerController+Configurator.swift in Sources */ = {isa = PBXBuildFile; fileRef = A5D468201E82D543000EC0CE /* ImagePickerController+Configurator.swift */; };
		A5D4688F1E82D543000EC0CE /* ImagePickerController+PresentationProtocol.swift in Sources */ = {isa = PBXBuildFile; fileRef = A5D468211E82D543000EC0CE /* ImagePickerController+PresentationProtocol.swift */; };
		A5D468901E82D543000EC0CE /* ImageViewExtension.swift in Sources */ = {isa = PBXBuildFile; fileRef = A5D468221E82D543000EC0CE /* ImageViewExtension.swift */; };
		A5D468911E82D543000EC0CE /* MailComposer+PresentableProtocol.swift in Sources */ = {isa = PBXBuildFile; fileRef = A5D468231E82D543000EC0CE /* MailComposer+PresentableProtocol.swift */; };
		A5D468921E82D543000EC0CE /* MFMailComposeViewController+Configurator.swift in Sources */ = {isa = PBXBuildFile; fileRef = A5D468241E82D543000EC0CE /* MFMailComposeViewController+Configurator.swift */; };
		A5D468931E82D543000EC0CE /* TextField+Padding.swift in Sources */ = {isa = PBXBuildFile; fileRef = A5D468251E82D543000EC0CE /* TextField+Padding.swift */; };
		A5D468941E82D543000EC0CE /* UIView+Load.swift in Sources */ = {isa = PBXBuildFile; fileRef = A5D468261E82D543000EC0CE /* UIView+Load.swift */; };
		A5D468951E82D543000EC0CE /* UIViewController+AppDelegate.swift in Sources */ = {isa = PBXBuildFile; fileRef = A5D468271E82D543000EC0CE /* UIViewController+AppDelegate.swift */; };
		A5D468961E82D543000EC0CE /* UIViewController+Storyboard.swift in Sources */ = {isa = PBXBuildFile; fileRef = A5D468281E82D543000EC0CE /* UIViewController+Storyboard.swift */; };
		A5D468971E82D543000EC0CE /* DynamicHelper.swift in Sources */ = {isa = PBXBuildFile; fileRef = A5D4682A1E82D543000EC0CE /* DynamicHelper.swift */; };
		A5D468981E82D543000EC0CE /* MapsHelper.swift in Sources */ = {isa = PBXBuildFile; fileRef = A5D4682B1E82D543000EC0CE /* MapsHelper.swift */; };
		A5D468991E82D543000EC0CE /* QueryStringParser.swift in Sources */ = {isa = PBXBuildFile; fileRef = A5D4682C1E82D543000EC0CE /* QueryStringParser.swift */; };
		A5D4689A1E82D543000EC0CE /* RandomNumberHelper.swift in Sources */ = {isa = PBXBuildFile; fileRef = A5D4682D1E82D543000EC0CE /* RandomNumberHelper.swift */; };
		A5D4689B1E82D543000EC0CE /* ShareHelper.swift in Sources */ = {isa = PBXBuildFile; fileRef = A5D4682E1E82D543000EC0CE /* ShareHelper.swift */; };
		A5D4689C1E82D543000EC0CE /* TextWidtHelper.swift in Sources */ = {isa = PBXBuildFile; fileRef = A5D4682F1E82D543000EC0CE /* TextWidtHelper.swift */; };
		A5D4689D1E82D543000EC0CE /* Utils.swift in Sources */ = {isa = PBXBuildFile; fileRef = A5D468301E82D543000EC0CE /* Utils.swift */; };
		A5D4689E1E82D543000EC0CE /* TextFieldsManager.swift in Sources */ = {isa = PBXBuildFile; fileRef = A5D468331E82D543000EC0CE /* TextFieldsManager.swift */; };
		A5D4689F1E82D543000EC0CE /* APIClient.swift in Sources */ = {isa = PBXBuildFile; fileRef = A5D468361E82D543000EC0CE /* APIClient.swift */; };
		A5D468A01E82D543000EC0CE /* APIRequestProtocol.swift in Sources */ = {isa = PBXBuildFile; fileRef = A5D468381E82D543000EC0CE /* APIRequestProtocol.swift */; };
		A5D468A11E82D543000EC0CE /* ResponseProtocol.swift in Sources */ = {isa = PBXBuildFile; fileRef = A5D468391E82D543000EC0CE /* ResponseProtocol.swift */; };
		A5D468A21E82D543000EC0CE /* RequestErrorHandlerProtocol.swift in Sources */ = {isa = PBXBuildFile; fileRef = A5D4683B1E82D543000EC0CE /* RequestErrorHandlerProtocol.swift */; };
		A5D468A31E82D543000EC0CE /* RequestExecutingProtocol.swift in Sources */ = {isa = PBXBuildFile; fileRef = A5D4683C1E82D543000EC0CE /* RequestExecutingProtocol.swift */; };
		A5D468A41E82D543000EC0CE /* RequestExecutingViewProtocol.swift in Sources */ = {isa = PBXBuildFile; fileRef = A5D4683D1E82D543000EC0CE /* RequestExecutingViewProtocol.swift */; };
		A5D468A51E82D543000EC0CE /* RequestSucceedProtocol.swift in Sources */ = {isa = PBXBuildFile; fileRef = A5D4683E1E82D543000EC0CE /* RequestSucceedProtocol.swift */; };
		A5D468A61E82D543000EC0CE /* MailComposer.swift in Sources */ = {isa = PBXBuildFile; fileRef = A5D468411E82D543000EC0CE /* MailComposer.swift */; };
		A5D468A71E82D543000EC0CE /* AlertPresentation.swift in Sources */ = {isa = PBXBuildFile; fileRef = A5D468431E82D543000EC0CE /* AlertPresentation.swift */; };
		A5D468A81E82D543000EC0CE /* Presentation.swift in Sources */ = {isa = PBXBuildFile; fileRef = A5D468441E82D543000EC0CE /* Presentation.swift */; };
		A5D468A91E82D543000EC0CE /* FCMService.swift in Sources */ = {isa = PBXBuildFile; fileRef = A5D468481E82D543000EC0CE /* FCMService.swift */; };
		A5D468AA1E82D543000EC0CE /* APNSService.swift in Sources */ = {isa = PBXBuildFile; fileRef = A5D4684A1E82D543000EC0CE /* APNSService.swift */; };
		A5D468AB1E82D543000EC0CE /* PushNotificationsService.swift in Sources */ = {isa = PBXBuildFile; fileRef = A5D4684B1E82D543000EC0CE /* PushNotificationsService.swift */; };
		A5D468AC1E82D543000EC0CE /* LocationService.swift in Sources */ = {isa = PBXBuildFile; fileRef = A5D4684D1E82D543000EC0CE /* LocationService.swift */; };
		A5D468AD1E82D543000EC0CE /* BluetoothPermissions.swift in Sources */ = {isa = PBXBuildFile; fileRef = A5D468501E82D543000EC0CE /* BluetoothPermissions.swift */; };
		A5D468AE1E82D543000EC0CE /* CameraPermissions.swift in Sources */ = {isa = PBXBuildFile; fileRef = A5D468521E82D543000EC0CE /* CameraPermissions.swift */; };
		A5D468AF1E82D543000EC0CE /* ContactsPermissions.swift in Sources */ = {isa = PBXBuildFile; fileRef = A5D468541E82D543000EC0CE /* ContactsPermissions.swift */; };
		A5D468B01E82D543000EC0CE /* LocationPermissions.swift in Sources */ = {isa = PBXBuildFile; fileRef = A5D468561E82D543000EC0CE /* LocationPermissions.swift */; };
		A5D468B11E82D543000EC0CE /* MicrophonePermissions.swift in Sources */ = {isa = PBXBuildFile; fileRef = A5D468581E82D543000EC0CE /* MicrophonePermissions.swift */; };
		A5D468B21E82D543000EC0CE /* PhotoLibraryPermissions.swift in Sources */ = {isa = PBXBuildFile; fileRef = A5D4685A1E82D543000EC0CE /* PhotoLibraryPermissions.swift */; };
		A5D468B31E82D543000EC0CE /* PermissionsState.swift in Sources */ = {isa = PBXBuildFile; fileRef = A5D4685C1E82D543000EC0CE /* PermissionsState.swift */; };
		A5D468B41E82D543000EC0CE /* RequestPermissions.swift in Sources */ = {isa = PBXBuildFile; fileRef = A5D4685D1E82D543000EC0CE /* RequestPermissions.swift */; };
		A5D468B51E82D543000EC0CE /* ServicePermissions.swift in Sources */ = {isa = PBXBuildFile; fileRef = A5D4685E1E82D543000EC0CE /* ServicePermissions.swift */; };
		A5D468B61E82D543000EC0CE /* TextFieldAccessoryView.swift in Sources */ = {isa = PBXBuildFile; fileRef = A5D468601E82D543000EC0CE /* TextFieldAccessoryView.swift */; };
		A5D468B71E82D543000EC0CE /* BaseTextField.swift in Sources */ = {isa = PBXBuildFile; fileRef = A5D468621E82D543000EC0CE /* BaseTextField.swift */; };
		A5D468B81E82D543000EC0CE /* EmailTextField.swift in Sources */ = {isa = PBXBuildFile; fileRef = A5D468631E82D543000EC0CE /* EmailTextField.swift */; };
		A5D468B91E82D543000EC0CE /* PassTextField.swift in Sources */ = {isa = PBXBuildFile; fileRef = A5D468641E82D543000EC0CE /* PassTextField.swift */; };
		A5D468BA1E82D543000EC0CE /* ImagePickerViewController.swift in Sources */ = {isa = PBXBuildFile; fileRef = A5D468661E82D543000EC0CE /* ImagePickerViewController.swift */; };
		A5D468BB1E82D543000EC0CE /* ImagePickerViewModel.swift in Sources */ = {isa = PBXBuildFile; fileRef = A5D468681E82D543000EC0CE /* ImagePickerViewModel.swift */; };
		A5D468BC1E82D543000EC0CE /* Converter.swift in Sources */ = {isa = PBXBuildFile; fileRef = A5D4686A1E82D543000EC0CE /* Converter.swift */; };
		A5D468BD1E82D543000EC0CE /* BaseValidator.swift in Sources */ = {isa = PBXBuildFile; fileRef = A5D4686C1E82D543000EC0CE /* BaseValidator.swift */; };
		A5D468BE1E82D543000EC0CE /* EmailValidator.swift in Sources */ = {isa = PBXBuildFile; fileRef = A5D4686D1E82D543000EC0CE /* EmailValidator.swift */; };
		A5D468BF1E82D543000EC0CE /* EqualStringsValidator.swift in Sources */ = {isa = PBXBuildFile; fileRef = A5D4686E1E82D543000EC0CE /* EqualStringsValidator.swift */; };
		A5D468C01E82D543000EC0CE /* PasswordValidator.swift in Sources */ = {isa = PBXBuildFile; fileRef = A5D4686F1E82D543000EC0CE /* PasswordValidator.swift */; };
		A5D468C11E82D543000EC0CE /* ValidationHelper.swift in Sources */ = {isa = PBXBuildFile; fileRef = A5D468711E82D543000EC0CE /* ValidationHelper.swift */; };
/* End PBXBuildFile section */

/* Begin PBXContainerItemProxy section */
		A5ADBF2C1D3802D600EB7212 /* PBXContainerItemProxy */ = {
			isa = PBXContainerItemProxy;
			containerPortal = A5ADBF0F1D3802D500EB7212 /* Project object */;
			proxyType = 1;
			remoteGlobalIDString = A5ADBF161D3802D500EB7212;
			remoteInfo = SKUtilsSwift;
		};
/* End PBXContainerItemProxy section */

/* Begin PBXCopyFilesBuildPhase section */
		0484BCE61D3FABC400885A38 /* Embed Frameworks */ = {
			isa = PBXCopyFilesBuildPhase;
			buildActionMask = 2147483647;
			dstPath = "";
			dstSubfolderSpec = 10;
			files = (
			);
			name = "Embed Frameworks";
			runOnlyForDeploymentPostprocessing = 0;
		};
/* End PBXCopyFilesBuildPhase section */

/* Begin PBXFileReference section */
		044F24EF1DD4D06400944819 /* AppDelegate+LocationService.swift */ = {isa = PBXFileReference; fileEncoding = 4; lastKnownFileType = sourcecode.swift; path = "AppDelegate+LocationService.swift"; sourceTree = "<group>"; };
		045970A41D64B26100C45A1D /* testJSON.txt */ = {isa = PBXFileReference; fileEncoding = 4; lastKnownFileType = text; name = testJSON.txt; path = Resources/testJSON.txt; sourceTree = "<group>"; };
		0484BCEB1D3FCEFB00885A38 /* Spring.framework */ = {isa = PBXFileReference; lastKnownFileType = wrapper.framework; name = Spring.framework; path = "Pods/../build/Debug-iphoneos/Spring/Spring.framework"; sourceTree = "<group>"; };
		048A7F901DC9ED0000DF1E7A /* ExampleViewController.swift */ = {isa = PBXFileReference; fileEncoding = 4; lastKnownFileType = sourcecode.swift; name = ExampleViewController.swift; path = Controllers/ExampleViewController.swift; sourceTree = "<group>"; };
		049161EF1D3E05A000E01686 /* AppDelegate.swift */ = {isa = PBXFileReference; fileEncoding = 4; lastKnownFileType = sourcecode.swift; path = AppDelegate.swift; sourceTree = "<group>"; };
		04EBCC491D5384BC00CDA8F6 /* SWMessages.framework */ = {isa = PBXFileReference; lastKnownFileType = wrapper.framework; name = SWMessages.framework; path = "../../../Library/Developer/Xcode/DerivedData/SKUtilsSwift-csnlhtvwnfjzdbequgsgifrpbkpk/Build/Products/Debug-iphonesimulator/SWMessages/SWMessages.framework"; sourceTree = "<group>"; };
		97DCB33A753439CD14F85792 /* Pods_SKUtilsSwiftTests.framework */ = {isa = PBXFileReference; explicitFileType = wrapper.framework; includeInIndex = 0; path = Pods_SKUtilsSwiftTests.framework; sourceTree = BUILT_PRODUCTS_DIR; };
		A52145271D4FB54300E12CEA /* RxCocoa.framework */ = {isa = PBXFileReference; lastKnownFileType = wrapper.framework; name = RxCocoa.framework; path = "Pods/../build/Debug-iphoneos/RxCocoa/RxCocoa.framework"; sourceTree = "<group>"; };
		A52145281D4FB54300E12CEA /* RxSwift.framework */ = {isa = PBXFileReference; lastKnownFileType = wrapper.framework; name = RxSwift.framework; path = "../../../Library/Developer/Xcode/DerivedData/SKUtilsSwift-bbznyedgooohafafitmfrttvuart/Build/Products/Debug-iphonesimulator/RxSwift/RxSwift.framework"; sourceTree = "<group>"; };
		A5276CB71D4004750059948C /* NVActivityIndicatorView.framework */ = {isa = PBXFileReference; lastKnownFileType = wrapper.framework; name = NVActivityIndicatorView.framework; path = "../../../Library/Developer/Xcode/DerivedData/SKUtilsSwift-bbznyedgooohafafitmfrttvuart/Build/Products/Debug-iphonesimulator/NVActivityIndicatorView/NVActivityIndicatorView.framework"; sourceTree = "<group>"; };
		A553C4811E13A13D005E641A /* ConverterTests.swift */ = {isa = PBXFileReference; fileEncoding = 4; lastKnownFileType = sourcecode.swift; path = ConverterTests.swift; sourceTree = "<group>"; };
		A57C56211D97BFCD00D744FC /* Storyboard.storyboard */ = {isa = PBXFileReference; fileEncoding = 4; lastKnownFileType = file.storyboard; name = Storyboard.storyboard; path = Resources/Storyboard.storyboard; sourceTree = "<group>"; };
		A58C09B21D3B65D300D4A3FD /* ValidatorsTests.swift */ = {isa = PBXFileReference; fileEncoding = 4; lastKnownFileType = sourcecode.swift; path = ValidatorsTests.swift; sourceTree = "<group>"; };
		A5ADBF171D3802D500EB7212 /* SKUtilsSwift.app */ = {isa = PBXFileReference; explicitFileType = wrapper.application; includeInIndex = 0; path = SKUtilsSwift.app; sourceTree = BUILT_PRODUCTS_DIR; };
		A5ADBF211D3802D600EB7212 /* Assets.xcassets */ = {isa = PBXFileReference; lastKnownFileType = folder.assetcatalog; name = Assets.xcassets; path = ../Assets.xcassets; sourceTree = "<group>"; };
		A5ADBF241D3802D600EB7212 /* Base */ = {isa = PBXFileReference; lastKnownFileType = file.storyboard; name = Base; path = Base.lproj/LaunchScreen.storyboard; sourceTree = "<group>"; };
		A5ADBF261D3802D600EB7212 /* Info.plist */ = {isa = PBXFileReference; lastKnownFileType = text.plist.xml; name = Info.plist; path = ../Info.plist; sourceTree = "<group>"; };
		A5ADBF2B1D3802D600EB7212 /* SKUtilsSwiftTests.xctest */ = {isa = PBXFileReference; explicitFileType = wrapper.cfbundle; includeInIndex = 0; path = SKUtilsSwiftTests.xctest; sourceTree = BUILT_PRODUCTS_DIR; };
		A5ADBF311D3802D600EB7212 /* Info.plist */ = {isa = PBXFileReference; lastKnownFileType = text.plist.xml; path = Info.plist; sourceTree = "<group>"; };
		A5D467F51E82D543000EC0CE /* AppDelegate+ChangePassword.swift */ = {isa = PBXFileReference; fileEncoding = 4; lastKnownFileType = sourcecode.swift; path = "AppDelegate+ChangePassword.swift"; sourceTree = "<group>"; };
		A5D467F71E82D543000EC0CE /* AlertActionBuilder.swift */ = {isa = PBXFileReference; fileEncoding = 4; lastKnownFileType = sourcecode.swift; path = AlertActionBuilder.swift; sourceTree = "<group>"; };
		A5D467F81E82D543000EC0CE /* AlertBuilder.swift */ = {isa = PBXFileReference; fileEncoding = 4; lastKnownFileType = sourcecode.swift; path = AlertBuilder.swift; sourceTree = "<group>"; };
		A5D467F91E82D543000EC0CE /* MailBuilder.swift */ = {isa = PBXFileReference; fileEncoding = 4; lastKnownFileType = sourcecode.swift; path = MailBuilder.swift; sourceTree = "<group>"; };
		A5D467FA1E82D543000EC0CE /* WindowBuilder.swift */ = {isa = PBXFileReference; fileEncoding = 4; lastKnownFileType = sourcecode.swift; path = WindowBuilder.swift; sourceTree = "<group>"; };
		A5D467FC1E82D543000EC0CE /* ArrayDataSource.swift */ = {isa = PBXFileReference; fileEncoding = 4; lastKnownFileType = sourcecode.swift; path = ArrayDataSource.swift; sourceTree = "<group>"; };
		A5D467FF1E82D543000EC0CE /* CollectionViewArrayDataSource.swift */ = {isa = PBXFileReference; fileEncoding = 4; lastKnownFileType = sourcecode.swift; path = CollectionViewArrayDataSource.swift; sourceTree = "<group>"; };
		A5D468011E82D543000EC0CE /* CollectionViewFRCDataSource.swift */ = {isa = PBXFileReference; fileEncoding = 4; lastKnownFileType = sourcecode.swift; path = CollectionViewFRCDataSource.swift; sourceTree = "<group>"; };
		A5D468021E82D543000EC0CE /* FRCDataSource.swift */ = {isa = PBXFileReference; fileEncoding = 4; lastKnownFileType = sourcecode.swift; path = FRCDataSource.swift; sourceTree = "<group>"; };
		A5D468041E82D543000EC0CE /* AbstractDataSource.swift */ = {isa = PBXFileReference; fileEncoding = 4; lastKnownFileType = sourcecode.swift; path = AbstractDataSource.swift; sourceTree = "<group>"; };
		A5D468051E82D543000EC0CE /* ConfigurableCell.swift */ = {isa = PBXFileReference; fileEncoding = 4; lastKnownFileType = sourcecode.swift; path = ConfigurableCell.swift; sourceTree = "<group>"; };
		A5D468061E82D543000EC0CE /* DataSourceViewModel.swift */ = {isa = PBXFileReference; fileEncoding = 4; lastKnownFileType = sourcecode.swift; path = DataSourceViewModel.swift; sourceTree = "<group>"; };
		A5D468071E82D543000EC0CE /* ReusableCell.swift */ = {isa = PBXFileReference; fileEncoding = 4; lastKnownFileType = sourcecode.swift; path = ReusableCell.swift; sourceTree = "<group>"; };
		A5D468081E82D543000EC0CE /* SectionModel.swift */ = {isa = PBXFileReference; fileEncoding = 4; lastKnownFileType = sourcecode.swift; path = SectionModel.swift; sourceTree = "<group>"; };
		A5D4680B1E82D543000EC0CE /* TableViewArrayDataSource.swift */ = {isa = PBXFileReference; fileEncoding = 4; lastKnownFileType = sourcecode.swift; path = TableViewArrayDataSource.swift; sourceTree = "<group>"; };
		A5D4680D1E82D543000EC0CE /* TableViewFRCDataSource.swift */ = {isa = PBXFileReference; fileEncoding = 4; lastKnownFileType = sourcecode.swift; path = TableViewFRCDataSource.swift; sourceTree = "<group>"; };
		A5D468101E82D543000EC0CE /* ArrayCollectionViewModelProtocol.swift */ = {isa = PBXFileReference; fileEncoding = 4; lastKnownFileType = sourcecode.swift; path = ArrayCollectionViewModelProtocol.swift; sourceTree = "<group>"; };
		A5D468111E82D543000EC0CE /* ArrayCollectionViewProtocol.swift */ = {isa = PBXFileReference; fileEncoding = 4; lastKnownFileType = sourcecode.swift; path = ArrayCollectionViewProtocol.swift; sourceTree = "<group>"; };
		A5D468131E82D543000EC0CE /* FRCCollectionViewModelProtocol.swift */ = {isa = PBXFileReference; fileEncoding = 4; lastKnownFileType = sourcecode.swift; path = FRCCollectionViewModelProtocol.swift; sourceTree = "<group>"; };
		A5D468141E82D543000EC0CE /* FRCCollectionViewProtocol.swift */ = {isa = PBXFileReference; fileEncoding = 4; lastKnownFileType = sourcecode.swift; path = FRCCollectionViewProtocol.swift; sourceTree = "<group>"; };
		A5D468161E82D543000EC0CE /* ArrayTableViewModelProtocol.swift */ = {isa = PBXFileReference; fileEncoding = 4; lastKnownFileType = sourcecode.swift; path = ArrayTableViewModelProtocol.swift; sourceTree = "<group>"; };
		A5D468171E82D543000EC0CE /* ArrayTableViewProtocol.swift */ = {isa = PBXFileReference; fileEncoding = 4; lastKnownFileType = sourcecode.swift; path = ArrayTableViewProtocol.swift; sourceTree = "<group>"; };
		A5D468191E82D543000EC0CE /* FRCTableViewModelProtocol.swift */ = {isa = PBXFileReference; fileEncoding = 4; lastKnownFileType = sourcecode.swift; path = FRCTableViewModelProtocol.swift; sourceTree = "<group>"; };
		A5D4681A1E82D543000EC0CE /* FRCTableViewProtocol.swift */ = {isa = PBXFileReference; fileEncoding = 4; lastKnownFileType = sourcecode.swift; path = FRCTableViewProtocol.swift; sourceTree = "<group>"; };
		A5D4681C1E82D543000EC0CE /* AlertAction+Handler.swift */ = {isa = PBXFileReference; fileEncoding = 4; lastKnownFileType = sourcecode.swift; path = "AlertAction+Handler.swift"; sourceTree = "<group>"; };
		A5D4681D1E82D543000EC0CE /* AlertController+PresentationProtocol.swift */ = {isa = PBXFileReference; fileEncoding = 4; lastKnownFileType = sourcecode.swift; path = "AlertController+PresentationProtocol.swift"; sourceTree = "<group>"; };
		A5D4681E1E82D543000EC0CE /* ColorExtension.swift */ = {isa = PBXFileReference; fileEncoding = 4; lastKnownFileType = sourcecode.swift; path = ColorExtension.swift; sourceTree = "<group>"; };
		A5D4681F1E82D543000EC0CE /* DesignableViewExtension.swift */ = {isa = PBXFileReference; fileEncoding = 4; lastKnownFileType = sourcecode.swift; path = DesignableViewExtension.swift; sourceTree = "<group>"; };
		A5D468201E82D543000EC0CE /* ImagePickerController+Configurator.swift */ = {isa = PBXFileReference; fileEncoding = 4; lastKnownFileType = sourcecode.swift; path = "ImagePickerController+Configurator.swift"; sourceTree = "<group>"; };
		A5D468211E82D543000EC0CE /* ImagePickerController+PresentationProtocol.swift */ = {isa = PBXFileReference; fileEncoding = 4; lastKnownFileType = sourcecode.swift; path = "ImagePickerController+PresentationProtocol.swift"; sourceTree = "<group>"; };
		A5D468221E82D543000EC0CE /* ImageViewExtension.swift */ = {isa = PBXFileReference; fileEncoding = 4; lastKnownFileType = sourcecode.swift; path = ImageViewExtension.swift; sourceTree = "<group>"; };
		A5D468231E82D543000EC0CE /* MailComposer+PresentableProtocol.swift */ = {isa = PBXFileReference; fileEncoding = 4; lastKnownFileType = sourcecode.swift; path = "MailComposer+PresentableProtocol.swift"; sourceTree = "<group>"; };
		A5D468241E82D543000EC0CE /* MFMailComposeViewController+Configurator.swift */ = {isa = PBXFileReference; fileEncoding = 4; lastKnownFileType = sourcecode.swift; path = "MFMailComposeViewController+Configurator.swift"; sourceTree = "<group>"; };
		A5D468251E82D543000EC0CE /* TextField+Padding.swift */ = {isa = PBXFileReference; fileEncoding = 4; lastKnownFileType = sourcecode.swift; path = "TextField+Padding.swift"; sourceTree = "<group>"; };
		A5D468261E82D543000EC0CE /* UIView+Load.swift */ = {isa = PBXFileReference; fileEncoding = 4; lastKnownFileType = sourcecode.swift; path = "UIView+Load.swift"; sourceTree = "<group>"; };
		A5D468271E82D543000EC0CE /* UIViewController+AppDelegate.swift */ = {isa = PBXFileReference; fileEncoding = 4; lastKnownFileType = sourcecode.swift; path = "UIViewController+AppDelegate.swift"; sourceTree = "<group>"; };
		A5D468281E82D543000EC0CE /* UIViewController+Storyboard.swift */ = {isa = PBXFileReference; fileEncoding = 4; lastKnownFileType = sourcecode.swift; path = "UIViewController+Storyboard.swift"; sourceTree = "<group>"; };
		A5D4682A1E82D543000EC0CE /* DynamicHelper.swift */ = {isa = PBXFileReference; fileEncoding = 4; lastKnownFileType = sourcecode.swift; path = DynamicHelper.swift; sourceTree = "<group>"; };
		A5D4682B1E82D543000EC0CE /* MapsHelper.swift */ = {isa = PBXFileReference; fileEncoding = 4; lastKnownFileType = sourcecode.swift; path = MapsHelper.swift; sourceTree = "<group>"; };
		A5D4682C1E82D543000EC0CE /* QueryStringParser.swift */ = {isa = PBXFileReference; fileEncoding = 4; lastKnownFileType = sourcecode.swift; path = QueryStringParser.swift; sourceTree = "<group>"; };
		A5D4682D1E82D543000EC0CE /* RandomNumberHelper.swift */ = {isa = PBXFileReference; fileEncoding = 4; lastKnownFileType = sourcecode.swift; path = RandomNumberHelper.swift; sourceTree = "<group>"; };
		A5D4682E1E82D543000EC0CE /* ShareHelper.swift */ = {isa = PBXFileReference; fileEncoding = 4; lastKnownFileType = sourcecode.swift; path = ShareHelper.swift; sourceTree = "<group>"; };
		A5D4682F1E82D543000EC0CE /* TextWidtHelper.swift */ = {isa = PBXFileReference; fileEncoding = 4; lastKnownFileType = sourcecode.swift; path = TextWidtHelper.swift; sourceTree = "<group>"; };
		A5D468301E82D543000EC0CE /* Utils.swift */ = {isa = PBXFileReference; fileEncoding = 4; lastKnownFileType = sourcecode.swift; path = Utils.swift; sourceTree = "<group>"; };
		A5D468331E82D543000EC0CE /* TextFieldsManager.swift */ = {isa = PBXFileReference; fileEncoding = 4; lastKnownFileType = sourcecode.swift; path = TextFieldsManager.swift; sourceTree = "<group>"; };
		A5D468361E82D543000EC0CE /* APIClient.swift */ = {isa = PBXFileReference; fileEncoding = 4; lastKnownFileType = sourcecode.swift; path = APIClient.swift; sourceTree = "<group>"; };
		A5D468381E82D543000EC0CE /* APIRequestProtocol.swift */ = {isa = PBXFileReference; fileEncoding = 4; lastKnownFileType = sourcecode.swift; path = APIRequestProtocol.swift; sourceTree = "<group>"; };
		A5D468391E82D543000EC0CE /* ResponseProtocol.swift */ = {isa = PBXFileReference; fileEncoding = 4; lastKnownFileType = sourcecode.swift; path = ResponseProtocol.swift; sourceTree = "<group>"; };
		A5D4683B1E82D543000EC0CE /* RequestErrorHandlerProtocol.swift */ = {isa = PBXFileReference; fileEncoding = 4; lastKnownFileType = sourcecode.swift; path = RequestErrorHandlerProtocol.swift; sourceTree = "<group>"; };
		A5D4683C1E82D543000EC0CE /* RequestExecutingProtocol.swift */ = {isa = PBXFileReference; fileEncoding = 4; lastKnownFileType = sourcecode.swift; path = RequestExecutingProtocol.swift; sourceTree = "<group>"; };
		A5D4683D1E82D543000EC0CE /* RequestExecutingViewProtocol.swift */ = {isa = PBXFileReference; fileEncoding = 4; lastKnownFileType = sourcecode.swift; path = RequestExecutingViewProtocol.swift; sourceTree = "<group>"; };
		A5D4683E1E82D543000EC0CE /* RequestSucceedProtocol.swift */ = {isa = PBXFileReference; fileEncoding = 4; lastKnownFileType = sourcecode.swift; path = RequestSucceedProtocol.swift; sourceTree = "<group>"; };
		A5D468411E82D543000EC0CE /* MailComposer.swift */ = {isa = PBXFileReference; fileEncoding = 4; lastKnownFileType = sourcecode.swift; path = MailComposer.swift; sourceTree = "<group>"; };
		A5D468431E82D543000EC0CE /* AlertPresentation.swift */ = {isa = PBXFileReference; fileEncoding = 4; lastKnownFileType = sourcecode.swift; path = AlertPresentation.swift; sourceTree = "<group>"; };
		A5D468441E82D543000EC0CE /* Presentation.swift */ = {isa = PBXFileReference; fileEncoding = 4; lastKnownFileType = sourcecode.swift; path = Presentation.swift; sourceTree = "<group>"; };
		A5D468481E82D543000EC0CE /* FCMService.swift */ = {isa = PBXFileReference; fileEncoding = 4; lastKnownFileType = sourcecode.swift; path = FCMService.swift; sourceTree = "<group>"; };
		A5D4684A1E82D543000EC0CE /* APNSService.swift */ = {isa = PBXFileReference; fileEncoding = 4; lastKnownFileType = sourcecode.swift; path = APNSService.swift; sourceTree = "<group>"; };
		A5D4684B1E82D543000EC0CE /* PushNotificationsService.swift */ = {isa = PBXFileReference; fileEncoding = 4; lastKnownFileType = sourcecode.swift; path = PushNotificationsService.swift; sourceTree = "<group>"; };
		A5D4684D1E82D543000EC0CE /* LocationService.swift */ = {isa = PBXFileReference; fileEncoding = 4; lastKnownFileType = sourcecode.swift; path = LocationService.swift; sourceTree = "<group>"; };
		A5D468501E82D543000EC0CE /* BluetoothPermissions.swift */ = {isa = PBXFileReference; fileEncoding = 4; lastKnownFileType = sourcecode.swift; path = BluetoothPermissions.swift; sourceTree = "<group>"; };
		A5D468521E82D543000EC0CE /* CameraPermissions.swift */ = {isa = PBXFileReference; fileEncoding = 4; lastKnownFileType = sourcecode.swift; path = CameraPermissions.swift; sourceTree = "<group>"; };
		A5D468541E82D543000EC0CE /* ContactsPermissions.swift */ = {isa = PBXFileReference; fileEncoding = 4; lastKnownFileType = sourcecode.swift; path = ContactsPermissions.swift; sourceTree = "<group>"; };
		A5D468561E82D543000EC0CE /* LocationPermissions.swift */ = {isa = PBXFileReference; fileEncoding = 4; lastKnownFileType = sourcecode.swift; path = LocationPermissions.swift; sourceTree = "<group>"; };
		A5D468581E82D543000EC0CE /* MicrophonePermissions.swift */ = {isa = PBXFileReference; fileEncoding = 4; lastKnownFileType = sourcecode.swift; path = MicrophonePermissions.swift; sourceTree = "<group>"; };
		A5D4685A1E82D543000EC0CE /* PhotoLibraryPermissions.swift */ = {isa = PBXFileReference; fileEncoding = 4; lastKnownFileType = sourcecode.swift; path = PhotoLibraryPermissions.swift; sourceTree = "<group>"; };
		A5D4685C1E82D543000EC0CE /* PermissionsState.swift */ = {isa = PBXFileReference; fileEncoding = 4; lastKnownFileType = sourcecode.swift; path = PermissionsState.swift; sourceTree = "<group>"; };
		A5D4685D1E82D543000EC0CE /* RequestPermissions.swift */ = {isa = PBXFileReference; fileEncoding = 4; lastKnownFileType = sourcecode.swift; path = RequestPermissions.swift; sourceTree = "<group>"; };
		A5D4685E1E82D543000EC0CE /* ServicePermissions.swift */ = {isa = PBXFileReference; fileEncoding = 4; lastKnownFileType = sourcecode.swift; path = ServicePermissions.swift; sourceTree = "<group>"; };
		A5D468601E82D543000EC0CE /* TextFieldAccessoryView.swift */ = {isa = PBXFileReference; fileEncoding = 4; lastKnownFileType = sourcecode.swift; path = TextFieldAccessoryView.swift; sourceTree = "<group>"; };
		A5D468621E82D543000EC0CE /* BaseTextField.swift */ = {isa = PBXFileReference; fileEncoding = 4; lastKnownFileType = sourcecode.swift; path = BaseTextField.swift; sourceTree = "<group>"; };
		A5D468631E82D543000EC0CE /* EmailTextField.swift */ = {isa = PBXFileReference; fileEncoding = 4; lastKnownFileType = sourcecode.swift; path = EmailTextField.swift; sourceTree = "<group>"; };
		A5D468641E82D543000EC0CE /* PassTextField.swift */ = {isa = PBXFileReference; fileEncoding = 4; lastKnownFileType = sourcecode.swift; path = PassTextField.swift; sourceTree = "<group>"; };
		A5D468661E82D543000EC0CE /* ImagePickerViewController.swift */ = {isa = PBXFileReference; fileEncoding = 4; lastKnownFileType = sourcecode.swift; path = ImagePickerViewController.swift; sourceTree = "<group>"; };
		A5D468681E82D543000EC0CE /* ImagePickerViewModel.swift */ = {isa = PBXFileReference; fileEncoding = 4; lastKnownFileType = sourcecode.swift; path = ImagePickerViewModel.swift; sourceTree = "<group>"; };
		A5D4686A1E82D543000EC0CE /* Converter.swift */ = {isa = PBXFileReference; fileEncoding = 4; lastKnownFileType = sourcecode.swift; path = Converter.swift; sourceTree = "<group>"; };
		A5D4686C1E82D543000EC0CE /* BaseValidator.swift */ = {isa = PBXFileReference; fileEncoding = 4; lastKnownFileType = sourcecode.swift; path = BaseValidator.swift; sourceTree = "<group>"; };
		A5D4686D1E82D543000EC0CE /* EmailValidator.swift */ = {isa = PBXFileReference; fileEncoding = 4; lastKnownFileType = sourcecode.swift; path = EmailValidator.swift; sourceTree = "<group>"; };
		A5D4686E1E82D543000EC0CE /* EqualStringsValidator.swift */ = {isa = PBXFileReference; fileEncoding = 4; lastKnownFileType = sourcecode.swift; path = EqualStringsValidator.swift; sourceTree = "<group>"; };
		A5D4686F1E82D543000EC0CE /* PasswordValidator.swift */ = {isa = PBXFileReference; fileEncoding = 4; lastKnownFileType = sourcecode.swift; path = PasswordValidator.swift; sourceTree = "<group>"; };
		A5D468711E82D543000EC0CE /* ValidationHelper.swift */ = {isa = PBXFileReference; fileEncoding = 4; lastKnownFileType = sourcecode.swift; path = ValidationHelper.swift; sourceTree = "<group>"; };
		F44BE5ADA5BB06C5940DCE46 /* Pods_SKUtilsSwift.framework */ = {isa = PBXFileReference; explicitFileType = wrapper.framework; includeInIndex = 0; path = Pods_SKUtilsSwift.framework; sourceTree = BUILT_PRODUCTS_DIR; };
/* End PBXFileReference section */

/* Begin PBXFrameworksBuildPhase section */
		A5ADBF141D3802D500EB7212 /* Frameworks */ = {
			isa = PBXFrameworksBuildPhase;
			buildActionMask = 2147483647;
			files = (
			);
			runOnlyForDeploymentPostprocessing = 0;
		};
		A5ADBF281D3802D600EB7212 /* Frameworks */ = {
			isa = PBXFrameworksBuildPhase;
			buildActionMask = 2147483647;
			files = (
			);
			runOnlyForDeploymentPostprocessing = 0;
		};
/* End PBXFrameworksBuildPhase section */

/* Begin PBXGroup section */
		0459709F1D64B1F100C45A1D /* Resources */ = {
			isa = PBXGroup;
			children = (
				A5ADBF211D3802D600EB7212 /* Assets.xcassets */,
				A5ADBF231D3802D600EB7212 /* LaunchScreen.storyboard */,
				A5ADBF261D3802D600EB7212 /* Info.plist */,
				045970A41D64B26100C45A1D /* testJSON.txt */,
				A57C56211D97BFCD00D744FC /* Storyboard.storyboard */,
			);
			name = Resources;
			sourceTree = "<group>";
		};
		049161EB1D3E05A000E01686 /* Example */ = {
			isa = PBXGroup;
			children = (
				049161EE1D3E05A000E01686 /* Delegate */,
				A550FA2F1DA0105C00451249 /* ViewControllers */,
				0459709F1D64B1F100C45A1D /* Resources */,
			);
			path = Example;
			sourceTree = "<group>";
		};
		049161EE1D3E05A000E01686 /* Delegate */ = {
			isa = PBXGroup;
			children = (
				049161EF1D3E05A000E01686 /* AppDelegate.swift */,
				044F24EF1DD4D06400944819 /* AppDelegate+LocationService.swift */,
			);
			path = Delegate;
			sourceTree = "<group>";
		};
		422DCC9D2AE5B2AADA041281 /* Frameworks */ = {
			isa = PBXGroup;
			children = (
				04EBCC491D5384BC00CDA8F6 /* SWMessages.framework */,
				A52145271D4FB54300E12CEA /* RxCocoa.framework */,
				A52145281D4FB54300E12CEA /* RxSwift.framework */,
				A5276CB71D4004750059948C /* NVActivityIndicatorView.framework */,
				0484BCEB1D3FCEFB00885A38 /* Spring.framework */,
				F44BE5ADA5BB06C5940DCE46 /* Pods_SKUtilsSwift.framework */,
				97DCB33A753439CD14F85792 /* Pods_SKUtilsSwiftTests.framework */,
			);
			name = Frameworks;
			sourceTree = "<group>";
		};
		A550FA2F1DA0105C00451249 /* ViewControllers */ = {
			isa = PBXGroup;
			children = (
				048A7F901DC9ED0000DF1E7A /* ExampleViewController.swift */,
			);
			name = ViewControllers;
			sourceTree = "<group>";
		};
		A5ADBF0E1D3802D500EB7212 = {
			isa = PBXGroup;
			children = (
				A5ADBF191D3802D600EB7212 /* SKUtilsSwift */,
				A5ADBF2E1D3802D600EB7212 /* SKUtilsSwiftTests */,
				A5ADBF181D3802D500EB7212 /* Products */,
				422DCC9D2AE5B2AADA041281 /* Frameworks */,
			);
			sourceTree = "<group>";
		};
		A5ADBF181D3802D500EB7212 /* Products */ = {
			isa = PBXGroup;
			children = (
				A5ADBF171D3802D500EB7212 /* SKUtilsSwift.app */,
				A5ADBF2B1D3802D600EB7212 /* SKUtilsSwiftTests.xctest */,
			);
			name = Products;
			sourceTree = "<group>";
		};
		A5ADBF191D3802D600EB7212 /* SKUtilsSwift */ = {
			isa = PBXGroup;
			children = (
				A5D467F31E82D543000EC0CE /* Utils */,
				049161EB1D3E05A000E01686 /* Example */,
			);
			path = SKUtilsSwift;
			sourceTree = "<group>";
		};
		A5ADBF2E1D3802D600EB7212 /* SKUtilsSwiftTests */ = {
			isa = PBXGroup;
			children = (
				A5ADBF311D3802D600EB7212 /* Info.plist */,
				A58C09B21D3B65D300D4A3FD /* ValidatorsTests.swift */,
				A553C4811E13A13D005E641A /* ConverterTests.swift */,
			);
			path = SKUtilsSwiftTests;
			sourceTree = "<group>";
		};
		A5D467F31E82D543000EC0CE /* Utils */ = {
			isa = PBXGroup;
			children = (
				A5D467F41E82D543000EC0CE /* AppDelegate */,
				A5D467F61E82D543000EC0CE /* Builders */,
				A5D467FB1E82D543000EC0CE /* DataSources */,
				A5D4681B1E82D543000EC0CE /* Extensions */,
				A5D468291E82D543000EC0CE /* Helpers */,
				A5D468311E82D543000EC0CE /* Managers */,
				A5D468341E82D543000EC0CE /* Networking */,
				A5D4683F1E82D543000EC0CE /* Protocols */,
				A5D468451E82D543000EC0CE /* Services */,
				A5D4685F1E82D543000EC0CE /* TextFieldAccessoryView */,
				A5D468611E82D543000EC0CE /* TextFields */,
				A5D468651E82D543000EC0CE /* UIViewController+ImagePicker */,
				A5D468691E82D543000EC0CE /* Utils */,
				A5D4686B1E82D543000EC0CE /* Validators */,
			);
			path = Utils;
			sourceTree = "<group>";
		};
		A5D467F41E82D543000EC0CE /* AppDelegate */ = {
			isa = PBXGroup;
			children = (
				A5D467F51E82D543000EC0CE /* AppDelegate+ChangePassword.swift */,
			);
			path = AppDelegate;
			sourceTree = "<group>";
		};
		A5D467F61E82D543000EC0CE /* Builders */ = {
			isa = PBXGroup;
			children = (
				A5D467F71E82D543000EC0CE /* AlertActionBuilder.swift */,
				A5D467F81E82D543000EC0CE /* AlertBuilder.swift */,
				A5D467F91E82D543000EC0CE /* MailBuilder.swift */,
				A5D467FA1E82D543000EC0CE /* WindowBuilder.swift */,
			);
			path = Builders;
			sourceTree = "<group>";
		};
		A5D467FB1E82D543000EC0CE /* DataSources */ = {
			isa = PBXGroup;
			children = (
				A5D467FC1E82D543000EC0CE /* ArrayDataSource.swift */,
				A5D467FD1E82D543000EC0CE /* CollectionView */,
				A5D468021E82D543000EC0CE /* FRCDataSource.swift */,
				A5D468031E82D543000EC0CE /* Required */,
				A5D468091E82D543000EC0CE /* TableView */,
				A5D4680E1E82D543000EC0CE /* View+DataSource */,
			);
			path = DataSources;
			sourceTree = "<group>";
		};
		A5D467FD1E82D543000EC0CE /* CollectionView */ = {
			isa = PBXGroup;
			children = (
				A5D467FE1E82D543000EC0CE /* Array */,
				A5D468001E82D543000EC0CE /* FRC */,
			);
			path = CollectionView;
			sourceTree = "<group>";
		};
		A5D467FE1E82D543000EC0CE /* Array */ = {
			isa = PBXGroup;
			children = (
				A5D467FF1E82D543000EC0CE /* CollectionViewArrayDataSource.swift */,
			);
			path = Array;
			sourceTree = "<group>";
		};
		A5D468001E82D543000EC0CE /* FRC */ = {
			isa = PBXGroup;
			children = (
				A5D468011E82D543000EC0CE /* CollectionViewFRCDataSource.swift */,
			);
			path = FRC;
			sourceTree = "<group>";
		};
		A5D468031E82D543000EC0CE /* Required */ = {
			isa = PBXGroup;
			children = (
				A5D468041E82D543000EC0CE /* AbstractDataSource.swift */,
				A5D468051E82D543000EC0CE /* ConfigurableCell.swift */,
				A5D468061E82D543000EC0CE /* DataSourceViewModel.swift */,
				A5D468071E82D543000EC0CE /* ReusableCell.swift */,
				A5D468081E82D543000EC0CE /* SectionModel.swift */,
			);
			path = Required;
			sourceTree = "<group>";
		};
		A5D468091E82D543000EC0CE /* TableView */ = {
			isa = PBXGroup;
			children = (
				A5D4680A1E82D543000EC0CE /* Array */,
				A5D4680C1E82D543000EC0CE /* FRC */,
			);
			path = TableView;
			sourceTree = "<group>";
		};
		A5D4680A1E82D543000EC0CE /* Array */ = {
			isa = PBXGroup;
			children = (
				A5D4680B1E82D543000EC0CE /* TableViewArrayDataSource.swift */,
			);
			path = Array;
			sourceTree = "<group>";
		};
		A5D4680C1E82D543000EC0CE /* FRC */ = {
			isa = PBXGroup;
			children = (
				A5D4680D1E82D543000EC0CE /* TableViewFRCDataSource.swift */,
			);
			path = FRC;
			sourceTree = "<group>";
		};
		A5D4680E1E82D543000EC0CE /* View+DataSource */ = {
			isa = PBXGroup;
			children = (
				A5D4680F1E82D543000EC0CE /* CollectionView+Array */,
				A5D468121E82D543000EC0CE /* CollectionView+FRC */,
				A5D468151E82D543000EC0CE /* TableView+Array */,
				A5D468181E82D543000EC0CE /* TableView+FRC */,
			);
			path = "View+DataSource";
			sourceTree = "<group>";
		};
		A5D4680F1E82D543000EC0CE /* CollectionView+Array */ = {
			isa = PBXGroup;
			children = (
				A5D468101E82D543000EC0CE /* ArrayCollectionViewModelProtocol.swift */,
				A5D468111E82D543000EC0CE /* ArrayCollectionViewProtocol.swift */,
			);
			path = "CollectionView+Array";
			sourceTree = "<group>";
		};
		A5D468121E82D543000EC0CE /* CollectionView+FRC */ = {
			isa = PBXGroup;
			children = (
				A5D468131E82D543000EC0CE /* FRCCollectionViewModelProtocol.swift */,
				A5D468141E82D543000EC0CE /* FRCCollectionViewProtocol.swift */,
			);
			path = "CollectionView+FRC";
			sourceTree = "<group>";
		};
		A5D468151E82D543000EC0CE /* TableView+Array */ = {
			isa = PBXGroup;
			children = (
				A5D468161E82D543000EC0CE /* ArrayTableViewModelProtocol.swift */,
				A5D468171E82D543000EC0CE /* ArrayTableViewProtocol.swift */,
			);
			path = "TableView+Array";
			sourceTree = "<group>";
		};
		A5D468181E82D543000EC0CE /* TableView+FRC */ = {
			isa = PBXGroup;
			children = (
				A5D468191E82D543000EC0CE /* FRCTableViewModelProtocol.swift */,
				A5D4681A1E82D543000EC0CE /* FRCTableViewProtocol.swift */,
			);
			path = "TableView+FRC";
			sourceTree = "<group>";
		};
		A5D4681B1E82D543000EC0CE /* Extensions */ = {
			isa = PBXGroup;
			children = (
				A5D4681C1E82D543000EC0CE /* AlertAction+Handler.swift */,
				A5D4681D1E82D543000EC0CE /* AlertController+PresentationProtocol.swift */,
				A5D4681E1E82D543000EC0CE /* ColorExtension.swift */,
				A5D4681F1E82D543000EC0CE /* DesignableViewExtension.swift */,
				A5D468201E82D543000EC0CE /* ImagePickerController+Configurator.swift */,
				A5D468211E82D543000EC0CE /* ImagePickerController+PresentationProtocol.swift */,
				A5D468221E82D543000EC0CE /* ImageViewExtension.swift */,
				A5D468231E82D543000EC0CE /* MailComposer+PresentableProtocol.swift */,
				A5D468241E82D543000EC0CE /* MFMailComposeViewController+Configurator.swift */,
				A5D468251E82D543000EC0CE /* TextField+Padding.swift */,
				A5D468261E82D543000EC0CE /* UIView+Load.swift */,
				A5D468271E82D543000EC0CE /* UIViewController+AppDelegate.swift */,
				A5D468281E82D543000EC0CE /* UIViewController+Storyboard.swift */,
			);
			path = Extensions;
			sourceTree = "<group>";
		};
		A5D468291E82D543000EC0CE /* Helpers */ = {
			isa = PBXGroup;
			children = (
				A5D4682A1E82D543000EC0CE /* DynamicHelper.swift */,
				A5D4682B1E82D543000EC0CE /* MapsHelper.swift */,
				A5D4682C1E82D543000EC0CE /* QueryStringParser.swift */,
				A5D4682D1E82D543000EC0CE /* RandomNumberHelper.swift */,
				A5D4682E1E82D543000EC0CE /* ShareHelper.swift */,
				A5D4682F1E82D543000EC0CE /* TextWidtHelper.swift */,
				A5D468301E82D543000EC0CE /* Utils.swift */,
			);
			path = Helpers;
			sourceTree = "<group>";
		};
		A5D468311E82D543000EC0CE /* Managers */ = {
			isa = PBXGroup;
			children = (
				A5D468321E82D543000EC0CE /* TextFieldsManager */,
			);
			path = Managers;
			sourceTree = "<group>";
		};
		A5D468321E82D543000EC0CE /* TextFieldsManager */ = {
			isa = PBXGroup;
			children = (
				A5D468331E82D543000EC0CE /* TextFieldsManager.swift */,
			);
			path = TextFieldsManager;
			sourceTree = "<group>";
		};
		A5D468341E82D543000EC0CE /* Networking */ = {
			isa = PBXGroup;
			children = (
				A5D468351E82D543000EC0CE /* Api Client */,
				A5D468371E82D543000EC0CE /* Network Protocols */,
				A5D4683A1E82D543000EC0CE /* Request Processing */,
			);
			path = Networking;
			sourceTree = "<group>";
		};
		A5D468351E82D543000EC0CE /* Api Client */ = {
			isa = PBXGroup;
			children = (
				A5D468361E82D543000EC0CE /* APIClient.swift */,
			);
			path = "Api Client";
			sourceTree = "<group>";
		};
		A5D468371E82D543000EC0CE /* Network Protocols */ = {
			isa = PBXGroup;
			children = (
				A5D468381E82D543000EC0CE /* APIRequestProtocol.swift */,
				A5D468391E82D543000EC0CE /* ResponseProtocol.swift */,
			);
			path = "Network Protocols";
			sourceTree = "<group>";
		};
		A5D4683A1E82D543000EC0CE /* Request Processing */ = {
			isa = PBXGroup;
			children = (
				A5D4683B1E82D543000EC0CE /* RequestErrorHandlerProtocol.swift */,
				A5D4683C1E82D543000EC0CE /* RequestExecutingProtocol.swift */,
				A5D4683D1E82D543000EC0CE /* RequestExecutingViewProtocol.swift */,
				A5D4683E1E82D543000EC0CE /* RequestSucceedProtocol.swift */,
			);
			path = "Request Processing";
			sourceTree = "<group>";
		};
		A5D4683F1E82D543000EC0CE /* Protocols */ = {
			isa = PBXGroup;
			children = (
				A5D468401E82D543000EC0CE /* Mail */,
				A5D468421E82D543000EC0CE /* Present */,
			);
			path = Protocols;
			sourceTree = "<group>";
		};
		A5D468401E82D543000EC0CE /* Mail */ = {
			isa = PBXGroup;
			children = (
				A5D468411E82D543000EC0CE /* MailComposer.swift */,
			);
			path = Mail;
			sourceTree = "<group>";
		};
		A5D468421E82D543000EC0CE /* Present */ = {
			isa = PBXGroup;
			children = (
				A5D468431E82D543000EC0CE /* AlertPresentation.swift */,
				A5D468441E82D543000EC0CE /* Presentation.swift */,
			);
			path = Present;
			sourceTree = "<group>";
		};
		A5D468451E82D543000EC0CE /* Services */ = {
			isa = PBXGroup;
			children = (
				A5D468461E82D543000EC0CE /* APNSService */,
				A5D4684C1E82D543000EC0CE /* LocationService */,
				A5D4684E1E82D543000EC0CE /* ServicePermissions */,
			);
			path = Services;
			sourceTree = "<group>";
		};
		A5D468461E82D543000EC0CE /* APNSService */ = {
			isa = PBXGroup;
			children = (
				A5D468471E82D543000EC0CE /* FCM */,
				A5D468491E82D543000EC0CE /* Required */,
			);
			path = APNSService;
			sourceTree = "<group>";
		};
		A5D468471E82D543000EC0CE /* FCM */ = {
			isa = PBXGroup;
			children = (
				A5D468481E82D543000EC0CE /* FCMService.swift */,
			);
			path = FCM;
			sourceTree = "<group>";
		};
		A5D468491E82D543000EC0CE /* Required */ = {
			isa = PBXGroup;
			children = (
				A5D4684A1E82D543000EC0CE /* APNSService.swift */,
				A5D4684B1E82D543000EC0CE /* PushNotificationsService.swift */,
			);
			path = Required;
			sourceTree = "<group>";
		};
		A5D4684C1E82D543000EC0CE /* LocationService */ = {
			isa = PBXGroup;
			children = (
				A5D4684D1E82D543000EC0CE /* LocationService.swift */,
			);
			path = LocationService;
			sourceTree = "<group>";
		};
		A5D4684E1E82D543000EC0CE /* ServicePermissions */ = {
			isa = PBXGroup;
			children = (
				A5D4684F1E82D543000EC0CE /* BluetoothPermissions */,
				A5D468511E82D543000EC0CE /* CameraPermissions */,
				A5D468531E82D543000EC0CE /* ContactsPermissions */,
				A5D468551E82D543000EC0CE /* LocationPermissions */,
				A5D468571E82D543000EC0CE /* MicrophonePermissions */,
				A5D468591E82D543000EC0CE /* PhotosPermissions */,
				A5D4685B1E82D543000EC0CE /* Required */,
			);
			path = ServicePermissions;
			sourceTree = "<group>";
		};
		A5D4684F1E82D543000EC0CE /* BluetoothPermissions */ = {
			isa = PBXGroup;
			children = (
				A5D468501E82D543000EC0CE /* BluetoothPermissions.swift */,
			);
			path = BluetoothPermissions;
			sourceTree = "<group>";
		};
		A5D468511E82D543000EC0CE /* CameraPermissions */ = {
			isa = PBXGroup;
			children = (
				A5D468521E82D543000EC0CE /* CameraPermissions.swift */,
			);
			path = CameraPermissions;
			sourceTree = "<group>";
		};
		A5D468531E82D543000EC0CE /* ContactsPermissions */ = {
			isa = PBXGroup;
			children = (
				A5D468541E82D543000EC0CE /* ContactsPermissions.swift */,
			);
			path = ContactsPermissions;
			sourceTree = "<group>";
		};
		A5D468551E82D543000EC0CE /* LocationPermissions */ = {
			isa = PBXGroup;
			children = (
				A5D468561E82D543000EC0CE /* LocationPermissions.swift */,
			);
			path = LocationPermissions;
			sourceTree = "<group>";
		};
		A5D468571E82D543000EC0CE /* MicrophonePermissions */ = {
			isa = PBXGroup;
			children = (
				A5D468581E82D543000EC0CE /* MicrophonePermissions.swift */,
			);
			path = MicrophonePermissions;
			sourceTree = "<group>";
		};
		A5D468591E82D543000EC0CE /* PhotosPermissions */ = {
			isa = PBXGroup;
			children = (
				A5D4685A1E82D543000EC0CE /* PhotoLibraryPermissions.swift */,
			);
			path = PhotosPermissions;
			sourceTree = "<group>";
		};
		A5D4685B1E82D543000EC0CE /* Required */ = {
			isa = PBXGroup;
			children = (
				A5D4685C1E82D543000EC0CE /* PermissionsState.swift */,
				A5D4685D1E82D543000EC0CE /* RequestPermissions.swift */,
				A5D4685E1E82D543000EC0CE /* ServicePermissions.swift */,
			);
			path = Required;
			sourceTree = "<group>";
		};
		A5D4685F1E82D543000EC0CE /* TextFieldAccessoryView */ = {
			isa = PBXGroup;
			children = (
				A5D468601E82D543000EC0CE /* TextFieldAccessoryView.swift */,
			);
			path = TextFieldAccessoryView;
			sourceTree = "<group>";
		};
		A5D468611E82D543000EC0CE /* TextFields */ = {
			isa = PBXGroup;
			children = (
				A5D468621E82D543000EC0CE /* BaseTextField.swift */,
				A5D468631E82D543000EC0CE /* EmailTextField.swift */,
				A5D468641E82D543000EC0CE /* PassTextField.swift */,
			);
			path = TextFields;
			sourceTree = "<group>";
		};
		A5D468651E82D543000EC0CE /* UIViewController+ImagePicker */ = {
			isa = PBXGroup;
			children = (
				A5D468661E82D543000EC0CE /* ImagePickerViewController.swift */,
				A5D468671E82D543000EC0CE /* View Models */,
			);
			path = "UIViewController+ImagePicker";
			sourceTree = "<group>";
		};
		A5D468671E82D543000EC0CE /* View Models */ = {
			isa = PBXGroup;
			children = (
				A5D468681E82D543000EC0CE /* ImagePickerViewModel.swift */,
			);
			path = "View Models";
			sourceTree = "<group>";
		};
		A5D468691E82D543000EC0CE /* Utils */ = {
			isa = PBXGroup;
			children = (
				A5D4686A1E82D543000EC0CE /* Converter.swift */,
			);
			path = Utils;
			sourceTree = "<group>";
		};
		A5D4686B1E82D543000EC0CE /* Validators */ = {
			isa = PBXGroup;
			children = (
				A5D4686C1E82D543000EC0CE /* BaseValidator.swift */,
				A5D4686D1E82D543000EC0CE /* EmailValidator.swift */,
				A5D4686E1E82D543000EC0CE /* EqualStringsValidator.swift */,
				A5D4686F1E82D543000EC0CE /* PasswordValidator.swift */,
				A5D468701E82D543000EC0CE /* Validator Helper */,
			);
			path = Validators;
			sourceTree = "<group>";
		};
		A5D468701E82D543000EC0CE /* Validator Helper */ = {
			isa = PBXGroup;
			children = (
				A5D468711E82D543000EC0CE /* ValidationHelper.swift */,
			);
			path = "Validator Helper";
			sourceTree = "<group>";
		};
/* End PBXGroup section */

/* Begin PBXNativeTarget section */
		A5ADBF161D3802D500EB7212 /* SKUtilsSwift */ = {
			isa = PBXNativeTarget;
			buildConfigurationList = A5ADBF341D3802D600EB7212 /* Build configuration list for PBXNativeTarget "SKUtilsSwift" */;
			buildPhases = (
				A5ADBF131D3802D500EB7212 /* Sources */,
				A5ADBF141D3802D500EB7212 /* Frameworks */,
				A5ADBF151D3802D500EB7212 /* Resources */,
				0484BCE61D3FABC400885A38 /* Embed Frameworks */,
			);
			buildRules = (
			);
			dependencies = (
			);
			name = SKUtilsSwift;
			productName = SKUtilsSwift;
			productReference = A5ADBF171D3802D500EB7212 /* SKUtilsSwift.app */;
			productType = "com.apple.product-type.application";
		};
		A5ADBF2A1D3802D600EB7212 /* SKUtilsSwiftTests */ = {
			isa = PBXNativeTarget;
			buildConfigurationList = A5ADBF371D3802D600EB7212 /* Build configuration list for PBXNativeTarget "SKUtilsSwiftTests" */;
			buildPhases = (
				A5ADBF271D3802D600EB7212 /* Sources */,
				A5ADBF281D3802D600EB7212 /* Frameworks */,
				A5ADBF291D3802D600EB7212 /* Resources */,
			);
			buildRules = (
			);
			dependencies = (
				A5ADBF2D1D3802D600EB7212 /* PBXTargetDependency */,
			);
			name = SKUtilsSwiftTests;
			productName = SKUtilsSwiftTests;
			productReference = A5ADBF2B1D3802D600EB7212 /* SKUtilsSwiftTests.xctest */;
			productType = "com.apple.product-type.bundle.unit-test";
		};
/* End PBXNativeTarget section */

/* Begin PBXProject section */
		A5ADBF0F1D3802D500EB7212 /* Project object */ = {
			isa = PBXProject;
			attributes = {
				LastSwiftUpdateCheck = 0730;
				LastUpgradeCheck = 0800;
				ORGANIZATIONNAME = "Sergey Kostyan";
				TargetAttributes = {
					A5ADBF161D3802D500EB7212 = {
						CreatedOnToolsVersion = 7.3.1;
						DevelopmentTeam = URM2H9Q872;
						LastSwiftMigration = 0800;
					};
					A5ADBF2A1D3802D600EB7212 = {
						CreatedOnToolsVersion = 7.3.1;
						LastSwiftMigration = 0800;
						TestTargetID = A5ADBF161D3802D500EB7212;
					};
				};
			};
			buildConfigurationList = A5ADBF121D3802D500EB7212 /* Build configuration list for PBXProject "SKUtilsSwift" */;
			compatibilityVersion = "Xcode 3.2";
			developmentRegion = English;
			hasScannedForEncodings = 0;
			knownRegions = (
				en,
				Base,
			);
			mainGroup = A5ADBF0E1D3802D500EB7212;
			productRefGroup = A5ADBF181D3802D500EB7212 /* Products */;
			projectDirPath = "";
			projectRoot = "";
			targets = (
				A5ADBF161D3802D500EB7212 /* SKUtilsSwift */,
				A5ADBF2A1D3802D600EB7212 /* SKUtilsSwiftTests */,
			);
		};
/* End PBXProject section */

/* Begin PBXResourcesBuildPhase section */
		A5ADBF151D3802D500EB7212 /* Resources */ = {
			isa = PBXResourcesBuildPhase;
			buildActionMask = 2147483647;
			files = (
				A5ADBF251D3802D600EB7212 /* LaunchScreen.storyboard in Resources */,
				A57C56221D97BFCD00D744FC /* Storyboard.storyboard in Resources */,
				045970A51D64B26100C45A1D /* testJSON.txt in Resources */,
				A5ADBF221D3802D600EB7212 /* Assets.xcassets in Resources */,
			);
			runOnlyForDeploymentPostprocessing = 0;
		};
		A5ADBF291D3802D600EB7212 /* Resources */ = {
			isa = PBXResourcesBuildPhase;
			buildActionMask = 2147483647;
			files = (
			);
			runOnlyForDeploymentPostprocessing = 0;
		};
/* End PBXResourcesBuildPhase section */

/* Begin PBXSourcesBuildPhase section */
		A5ADBF131D3802D500EB7212 /* Sources */ = {
			isa = PBXSourcesBuildPhase;
			buildActionMask = 2147483647;
			files = (
				A5D468B11E82D543000EC0CE /* MicrophonePermissions.swift in Sources */,
				A5D468871E82D543000EC0CE /* ArrayTableViewProtocol.swift in Sources */,
				A5D4687E1E82D543000EC0CE /* ReusableCell.swift in Sources */,
				A5D468751E82D543000EC0CE /* MailBuilder.swift in Sources */,
				A5D468771E82D543000EC0CE /* ArrayDataSource.swift in Sources */,
				A5D468941E82D543000EC0CE /* UIView+Load.swift in Sources */,
				A5D468A71E82D543000EC0CE /* AlertPresentation.swift in Sources */,
				A5D4687D1E82D543000EC0CE /* DataSourceViewModel.swift in Sources */,
				A5D468741E82D543000EC0CE /* AlertBuilder.swift in Sources */,
				A5D4688E1E82D543000EC0CE /* ImagePickerController+Configurator.swift in Sources */,
				A5D4689F1E82D543000EC0CE /* APIClient.swift in Sources */,
				A5D4687B1E82D543000EC0CE /* AbstractDataSource.swift in Sources */,
				A5D468B71E82D543000EC0CE /* BaseTextField.swift in Sources */,
				A5D4689E1E82D543000EC0CE /* TextFieldsManager.swift in Sources */,
				A5D468821E82D543000EC0CE /* ArrayCollectionViewModelProtocol.swift in Sources */,
				A5D468981E82D543000EC0CE /* MapsHelper.swift in Sources */,
				A5D468851E82D543000EC0CE /* FRCCollectionViewProtocol.swift in Sources */,
				A5D4689C1E82D543000EC0CE /* TextWidtHelper.swift in Sources */,
				A5D468921E82D543000EC0CE /* MFMailComposeViewController+Configurator.swift in Sources */,
				A5D468971E82D543000EC0CE /* DynamicHelper.swift in Sources */,
				A5D4688C1E82D543000EC0CE /* ColorExtension.swift in Sources */,
				A5D468731E82D543000EC0CE /* AlertActionBuilder.swift in Sources */,
				A5D4687A1E82D543000EC0CE /* FRCDataSource.swift in Sources */,
				A5D4689A1E82D543000EC0CE /* RandomNumberHelper.swift in Sources */,
				A5D468B81E82D543000EC0CE /* EmailTextField.swift in Sources */,
				A5D468B61E82D543000EC0CE /* TextFieldAccessoryView.swift in Sources */,
				A5D468BA1E82D543000EC0CE /* ImagePickerViewController.swift in Sources */,
				A5D468A21E82D543000EC0CE /* RequestErrorHandlerProtocol.swift in Sources */,
				A5D468BC1E82D543000EC0CE /* Converter.swift in Sources */,
				A5D468AE1E82D543000EC0CE /* CameraPermissions.swift in Sources */,
				A5D468A11E82D543000EC0CE /* ResponseProtocol.swift in Sources */,
				A5D468B51E82D543000EC0CE /* ServicePermissions.swift in Sources */,
				A5D4688B1E82D543000EC0CE /* AlertController+PresentationProtocol.swift in Sources */,
				A5D4688A1E82D543000EC0CE /* AlertAction+Handler.swift in Sources */,
				A5D468B01E82D543000EC0CE /* LocationPermissions.swift in Sources */,
				A5D468991E82D543000EC0CE /* QueryStringParser.swift in Sources */,
				A5D4688F1E82D543000EC0CE /* ImagePickerController+PresentationProtocol.swift in Sources */,
				A5D468C01E82D543000EC0CE /* PasswordValidator.swift in Sources */,
				A5D468AF1E82D543000EC0CE /* ContactsPermissions.swift in Sources */,
				A5D468891E82D543000EC0CE /* FRCTableViewProtocol.swift in Sources */,
				A5D468A91E82D543000EC0CE /* FCMService.swift in Sources */,
				A5D468AD1E82D543000EC0CE /* BluetoothPermissions.swift in Sources */,
				A5D468B21E82D543000EC0CE /* PhotoLibraryPermissions.swift in Sources */,
				A5D468B41E82D543000EC0CE /* RequestPermissions.swift in Sources */,
				A5D468AC1E82D543000EC0CE /* LocationService.swift in Sources */,
				A5D468A01E82D543000EC0CE /* APIRequestProtocol.swift in Sources */,
				A5D468911E82D543000EC0CE /* MailComposer+PresentableProtocol.swift in Sources */,
				A5D468791E82D543000EC0CE /* CollectionViewFRCDataSource.swift in Sources */,
				A5D468861E82D543000EC0CE /* ArrayTableViewModelProtocol.swift in Sources */,
				A5D468A81E82D543000EC0CE /* Presentation.swift in Sources */,
				A5D468931E82D543000EC0CE /* TextField+Padding.swift in Sources */,
				A5D468A51E82D543000EC0CE /* RequestSucceedProtocol.swift in Sources */,
				A5D468961E82D543000EC0CE /* UIViewController+Storyboard.swift in Sources */,
				044F24F01DD4D06400944819 /* AppDelegate+LocationService.swift in Sources */,
				A5D468801E82D543000EC0CE /* TableViewArrayDataSource.swift in Sources */,
				048A7F911DC9ED0000DF1E7A /* ExampleViewController.swift in Sources */,
				A5D468A41E82D543000EC0CE /* RequestExecutingViewProtocol.swift in Sources */,
				A5D468761E82D543000EC0CE /* WindowBuilder.swift in Sources */,
				A5D468A61E82D543000EC0CE /* MailComposer.swift in Sources */,
				A5D468BD1E82D543000EC0CE /* BaseValidator.swift in Sources */,
				A5D468B91E82D543000EC0CE /* PassTextField.swift in Sources */,
				A5D4687C1E82D543000EC0CE /* ConfigurableCell.swift in Sources */,
				A5D4688D1E82D543000EC0CE /* DesignableViewExtension.swift in Sources */,
				A5D468781E82D543000EC0CE /* CollectionViewArrayDataSource.swift in Sources */,
				A5D468BF1E82D543000EC0CE /* EqualStringsValidator.swift in Sources */,
				A5D468A31E82D543000EC0CE /* RequestExecutingProtocol.swift in Sources */,
				A5D468C11E82D543000EC0CE /* ValidationHelper.swift in Sources */,
				A5D468881E82D543000EC0CE /* FRCTableViewModelProtocol.swift in Sources */,
				A5D468B31E82D543000EC0CE /* PermissionsState.swift in Sources */,
				A5D468841E82D543000EC0CE /* FRCCollectionViewModelProtocol.swift in Sources */,
				A5D468951E82D543000EC0CE /* UIViewController+AppDelegate.swift in Sources */,
				A5D468AA1E82D543000EC0CE /* APNSService.swift in Sources */,
				A5D468811E82D543000EC0CE /* TableViewFRCDataSource.swift in Sources */,
				A5D468831E82D543000EC0CE /* ArrayCollectionViewProtocol.swift in Sources */,
				A5D468AB1E82D543000EC0CE /* PushNotificationsService.swift in Sources */,
				A5D468BB1E82D543000EC0CE /* ImagePickerViewModel.swift in Sources */,
				A5D468901E82D543000EC0CE /* ImageViewExtension.swift in Sources */,
				A5D4689D1E82D543000EC0CE /* Utils.swift in Sources */,
				A5D468721E82D543000EC0CE /* AppDelegate+ChangePassword.swift in Sources */,
				A5D4687F1E82D543000EC0CE /* SectionModel.swift in Sources */,
				A5D468BE1E82D543000EC0CE /* EmailValidator.swift in Sources */,
				A5D4689B1E82D543000EC0CE /* ShareHelper.swift in Sources */,
				049161F21D3E05A000E01686 /* AppDelegate.swift in Sources */,
			);
			runOnlyForDeploymentPostprocessing = 0;
		};
		A5ADBF271D3802D600EB7212 /* Sources */ = {
			isa = PBXSourcesBuildPhase;
			buildActionMask = 2147483647;
			files = (
				A553C4821E13A13D005E641A /* ConverterTests.swift in Sources */,
				A58C09B31D3B65D300D4A3FD /* ValidatorsTests.swift in Sources */,
			);
			runOnlyForDeploymentPostprocessing = 0;
		};
/* End PBXSourcesBuildPhase section */

/* Begin PBXTargetDependency section */
		A5ADBF2D1D3802D600EB7212 /* PBXTargetDependency */ = {
			isa = PBXTargetDependency;
			target = A5ADBF161D3802D500EB7212 /* SKUtilsSwift */;
			targetProxy = A5ADBF2C1D3802D600EB7212 /* PBXContainerItemProxy */;
		};
/* End PBXTargetDependency section */

/* Begin PBXVariantGroup section */
		A5ADBF231D3802D600EB7212 /* LaunchScreen.storyboard */ = {
			isa = PBXVariantGroup;
			children = (
				A5ADBF241D3802D600EB7212 /* Base */,
			);
			name = LaunchScreen.storyboard;
			path = ..;
			sourceTree = "<group>";
		};
/* End PBXVariantGroup section */

/* Begin XCBuildConfiguration section */
		A5ADBF321D3802D600EB7212 /* Debug */ = {
			isa = XCBuildConfiguration;
			buildSettings = {
				ALWAYS_SEARCH_USER_PATHS = NO;
				CLANG_ANALYZER_NONNULL = YES;
				CLANG_CXX_LANGUAGE_STANDARD = "gnu++0x";
				CLANG_CXX_LIBRARY = "libc++";
				CLANG_ENABLE_MODULES = YES;
				CLANG_ENABLE_OBJC_ARC = YES;
				CLANG_WARN_BOOL_CONVERSION = YES;
				CLANG_WARN_CONSTANT_CONVERSION = YES;
				CLANG_WARN_DIRECT_OBJC_ISA_USAGE = YES_ERROR;
				CLANG_WARN_EMPTY_BODY = YES;
				CLANG_WARN_ENUM_CONVERSION = YES;
				CLANG_WARN_INFINITE_RECURSION = YES;
				CLANG_WARN_INT_CONVERSION = YES;
				CLANG_WARN_OBJC_ROOT_CLASS = YES_ERROR;
				CLANG_WARN_SUSPICIOUS_MOVE = YES;
				CLANG_WARN_UNREACHABLE_CODE = YES;
				CLANG_WARN__DUPLICATE_METHOD_MATCH = YES;
				"CODE_SIGN_IDENTITY[sdk=iphoneos*]" = "iPhone Developer";
				COPY_PHASE_STRIP = NO;
				DEBUG_INFORMATION_FORMAT = dwarf;
				ENABLE_STRICT_OBJC_MSGSEND = YES;
				ENABLE_TESTABILITY = YES;
				GCC_C_LANGUAGE_STANDARD = gnu99;
				GCC_DYNAMIC_NO_PIC = NO;
				GCC_NO_COMMON_BLOCKS = YES;
				GCC_OPTIMIZATION_LEVEL = 0;
				GCC_PREPROCESSOR_DEFINITIONS = (
					"DEBUG=1",
					"$(inherited)",
				);
				GCC_WARN_64_TO_32_BIT_CONVERSION = YES;
				GCC_WARN_ABOUT_RETURN_TYPE = YES_ERROR;
				GCC_WARN_UNDECLARED_SELECTOR = YES;
				GCC_WARN_UNINITIALIZED_AUTOS = YES_AGGRESSIVE;
				GCC_WARN_UNUSED_FUNCTION = YES;
				GCC_WARN_UNUSED_VARIABLE = YES;
				IPHONEOS_DEPLOYMENT_TARGET = 9.3;
				MTL_ENABLE_DEBUG_INFO = YES;
				ONLY_ACTIVE_ARCH = YES;
				SDKROOT = iphoneos;
				SWIFT_OPTIMIZATION_LEVEL = "-Onone";
				TARGETED_DEVICE_FAMILY = "1,2";
			};
			name = Debug;
		};
		A5ADBF331D3802D600EB7212 /* Release */ = {
			isa = XCBuildConfiguration;
			buildSettings = {
				ALWAYS_SEARCH_USER_PATHS = NO;
				CLANG_ANALYZER_NONNULL = YES;
				CLANG_CXX_LANGUAGE_STANDARD = "gnu++0x";
				CLANG_CXX_LIBRARY = "libc++";
				CLANG_ENABLE_MODULES = YES;
				CLANG_ENABLE_OBJC_ARC = YES;
				CLANG_WARN_BOOL_CONVERSION = YES;
				CLANG_WARN_CONSTANT_CONVERSION = YES;
				CLANG_WARN_DIRECT_OBJC_ISA_USAGE = YES_ERROR;
				CLANG_WARN_EMPTY_BODY = YES;
				CLANG_WARN_ENUM_CONVERSION = YES;
				CLANG_WARN_INFINITE_RECURSION = YES;
				CLANG_WARN_INT_CONVERSION = YES;
				CLANG_WARN_OBJC_ROOT_CLASS = YES_ERROR;
				CLANG_WARN_SUSPICIOUS_MOVE = YES;
				CLANG_WARN_UNREACHABLE_CODE = YES;
				CLANG_WARN__DUPLICATE_METHOD_MATCH = YES;
				"CODE_SIGN_IDENTITY[sdk=iphoneos*]" = "iPhone Developer";
				COPY_PHASE_STRIP = NO;
				DEBUG_INFORMATION_FORMAT = "dwarf-with-dsym";
				ENABLE_NS_ASSERTIONS = NO;
				ENABLE_STRICT_OBJC_MSGSEND = YES;
				GCC_C_LANGUAGE_STANDARD = gnu99;
				GCC_NO_COMMON_BLOCKS = YES;
				GCC_WARN_64_TO_32_BIT_CONVERSION = YES;
				GCC_WARN_ABOUT_RETURN_TYPE = YES_ERROR;
				GCC_WARN_UNDECLARED_SELECTOR = YES;
				GCC_WARN_UNINITIALIZED_AUTOS = YES_AGGRESSIVE;
				GCC_WARN_UNUSED_FUNCTION = YES;
				GCC_WARN_UNUSED_VARIABLE = YES;
				IPHONEOS_DEPLOYMENT_TARGET = 9.3;
				MTL_ENABLE_DEBUG_INFO = NO;
				SDKROOT = iphoneos;
				SWIFT_OPTIMIZATION_LEVEL = "-Owholemodule";
				TARGETED_DEVICE_FAMILY = "1,2";
				VALIDATE_PRODUCT = YES;
			};
			name = Release;
		};
		A5ADBF351D3802D600EB7212 /* Debug */ = {
			isa = XCBuildConfiguration;
			buildSettings = {
				ALWAYS_EMBED_SWIFT_STANDARD_LIBRARIES = YES;
				ASSETCATALOG_COMPILER_APPICON_NAME = AppIcon;
				CLANG_ENABLE_MODULES = YES;
				DEVELOPMENT_TEAM = URM2H9Q872;
				FRAMEWORK_SEARCH_PATHS = (
					"$(inherited)",
					"$(PROJECT_DIR)/build/Debug-iphoneos/Spring",
					"$(PROJECT_DIR)/build/Debug-iphoneos/RxCocoa",
				);
				INFOPLIST_FILE = SKUtilsSwift/Info.plist;
				IPHONEOS_DEPLOYMENT_TARGET = 8.0;
				LD_RUNPATH_SEARCH_PATHS = "$(inherited) @executable_path/Frameworks";
				ONLY_ACTIVE_ARCH = YES;
				PRODUCT_BUNDLE_IDENTIFIER = com.biudee.app;
				PRODUCT_NAME = "$(TARGET_NAME)";
				SWIFT_OBJC_BRIDGING_HEADER = "";
				SWIFT_OPTIMIZATION_LEVEL = "-Onone";
				SWIFT_VERSION = 3.0;
				TARGETED_DEVICE_FAMILY = "1,2";
			};
			name = Debug;
		};
		A5ADBF361D3802D600EB7212 /* Release */ = {
			isa = XCBuildConfiguration;
			buildSettings = {
				ALWAYS_EMBED_SWIFT_STANDARD_LIBRARIES = YES;
				ASSETCATALOG_COMPILER_APPICON_NAME = AppIcon;
				CLANG_ENABLE_MODULES = YES;
				DEVELOPMENT_TEAM = URM2H9Q872;
				FRAMEWORK_SEARCH_PATHS = (
					"$(inherited)",
					"$(PROJECT_DIR)/build/Debug-iphoneos/Spring",
					"$(PROJECT_DIR)/build/Debug-iphoneos/RxCocoa",
				);
				INFOPLIST_FILE = SKUtilsSwift/Info.plist;
				IPHONEOS_DEPLOYMENT_TARGET = 8.0;
				LD_RUNPATH_SEARCH_PATHS = "$(inherited) @executable_path/Frameworks";
				ONLY_ACTIVE_ARCH = YES;
				PRODUCT_BUNDLE_IDENTIFIER = com.biudee.app;
				PRODUCT_NAME = "$(TARGET_NAME)";
				SWIFT_OBJC_BRIDGING_HEADER = "";
				SWIFT_VERSION = 3.0;
				TARGETED_DEVICE_FAMILY = "1,2";
			};
			name = Release;
		};
		A5ADBF381D3802D600EB7212 /* Debug */ = {
			isa = XCBuildConfiguration;
			buildSettings = {
				ALWAYS_EMBED_SWIFT_STANDARD_LIBRARIES = YES;
				BUNDLE_LOADER = "$(TEST_HOST)";
				INFOPLIST_FILE = SKUtilsSwiftTests/Info.plist;
				LD_RUNPATH_SEARCH_PATHS = "$(inherited) @executable_path/Frameworks @loader_path/Frameworks";
				ONLY_ACTIVE_ARCH = YES;
				PRODUCT_BUNDLE_IDENTIFIER = com.sk.SKUtilsSwiftTests;
				PRODUCT_NAME = "$(TARGET_NAME)";
				SWIFT_VERSION = 3.0;
				TEST_HOST = "$(BUILT_PRODUCTS_DIR)/SKUtilsSwift.app/SKUtilsSwift";
			};
			name = Debug;
		};
		A5ADBF391D3802D600EB7212 /* Release */ = {
			isa = XCBuildConfiguration;
			buildSettings = {
				ALWAYS_EMBED_SWIFT_STANDARD_LIBRARIES = YES;
				BUNDLE_LOADER = "$(TEST_HOST)";
				INFOPLIST_FILE = SKUtilsSwiftTests/Info.plist;
				LD_RUNPATH_SEARCH_PATHS = "$(inherited) @executable_path/Frameworks @loader_path/Frameworks";
				ONLY_ACTIVE_ARCH = YES;
				PRODUCT_BUNDLE_IDENTIFIER = com.sk.SKUtilsSwiftTests;
				PRODUCT_NAME = "$(TARGET_NAME)";
				SWIFT_VERSION = 3.0;
				TEST_HOST = "$(BUILT_PRODUCTS_DIR)/SKUtilsSwift.app/SKUtilsSwift";
			};
			name = Release;
		};
/* End XCBuildConfiguration section */

/* Begin XCConfigurationList section */
		A5ADBF121D3802D500EB7212 /* Build configuration list for PBXProject "SKUtilsSwift" */ = {
			isa = XCConfigurationList;
			buildConfigurations = (
				A5ADBF321D3802D600EB7212 /* Debug */,
				A5ADBF331D3802D600EB7212 /* Release */,
			);
			defaultConfigurationIsVisible = 0;
			defaultConfigurationName = Release;
		};
		A5ADBF341D3802D600EB7212 /* Build configuration list for PBXNativeTarget "SKUtilsSwift" */ = {
			isa = XCConfigurationList;
			buildConfigurations = (
				A5ADBF351D3802D600EB7212 /* Debug */,
				A5ADBF361D3802D600EB7212 /* Release */,
			);
			defaultConfigurationIsVisible = 0;
			defaultConfigurationName = Release;
		};
		A5ADBF371D3802D600EB7212 /* Build configuration list for PBXNativeTarget "SKUtilsSwiftTests" */ = {
			isa = XCConfigurationList;
			buildConfigurations = (
				A5ADBF381D3802D600EB7212 /* Debug */,
				A5ADBF391D3802D600EB7212 /* Release */,
			);
			defaultConfigurationIsVisible = 0;
			defaultConfigurationName = Release;
		};
/* End XCConfigurationList section */
	};
	rootObject = A5ADBF0F1D3802D500EB7212 /* Project object */;
}
